
Microsoft Visual Studio Solution File, Format Version 12.00
# Visual Studio Version 17
VisualStudioVersion = 17.2.32630.192
MinimumVisualStudioVersion = 10.0.40219.1
Project("{FAE04EC0-301F-11D3-BF4B-00C04F79EFBC}") = "malone.Core.Sample.AdoNet.SqlServer.Middle", "malone.Core.Sample.AdoNet.SqlServer.Middle\malone.Core.Sample.AdoNet.SqlServer.Middle.csproj", "{51926813-C4A1-4616-BDAB-0E1B3FF018E4}"
EndProject
Project("{FAE04EC0-301F-11D3-BF4B-00C04F79EFBC}") = "malone.Core.Sample.AdoNet.SqlServer.Api", "malone.Core.Sample.AdoNet.SqlServer.Api\malone.Core.Sample.AdoNet.SqlServer.Api.csproj", "{7EEB234A-C50A-4767-9C5E-6DA2000B10E4}"
EndProject
Project("{FAE04EC0-301F-11D3-BF4B-00C04F79EFBC}") = "malone.Core.Sample.AdoNet.SqlServer.DI", "malone.Core.Sample.AdoNet.SqlServer.DI\malone.Core.Sample.AdoNet.SqlServer.DI.csproj", "{6AC05323-CB9D-4BAE-AC4D-E2224925609E}"
EndProject
Project("{FAE04EC0-301F-11D3-BF4B-00C04F79EFBC}") = "malone.Core.Sample.AdoNet.SqlServer.mvc", "malone.Core.Sample.AdoNet.SqlServer.mvc\malone.Core.Sample.AdoNet.SqlServer.mvc.csproj", "{91EFB417-5EB6-40BC-BA98-E024E6D7CAF2}"
EndProject
Global
	GlobalSection(SolutionConfigurationPlatforms) = preSolution
		Debug|Any CPU = Debug|Any CPU
		Debug|x64 = Debug|x64
		Debug|x86 = Debug|x86
		DebugNuget|Any CPU = DebugNuget|Any CPU
		DebugNuget|x64 = DebugNuget|x64
		DebugNuget|x86 = DebugNuget|x86
		Release|Any CPU = Release|Any CPU
		Release|x64 = Release|x64
		Release|x86 = Release|x86
	EndGlobalSection
	GlobalSection(ProjectConfigurationPlatforms) = postSolution
		{51926813-C4A1-4616-BDAB-0E1B3FF018E4}.Debug|Any CPU.ActiveCfg = Debug|Any CPU
		{51926813-C4A1-4616-BDAB-0E1B3FF018E4}.Debug|Any CPU.Build.0 = Debug|Any CPU
		{51926813-C4A1-4616-BDAB-0E1B3FF018E4}.Debug|x64.ActiveCfg = Debug|x64
		{51926813-C4A1-4616-BDAB-0E1B3FF018E4}.Debug|x64.Build.0 = Debug|x64
		{51926813-C4A1-4616-BDAB-0E1B3FF018E4}.Debug|x86.ActiveCfg = Debug|x86
		{51926813-C4A1-4616-BDAB-0E1B3FF018E4}.Debug|x86.Build.0 = Debug|x86
		{51926813-C4A1-4616-BDAB-0E1B3FF018E4}.DebugNuget|Any CPU.ActiveCfg = DebugNuget|Any CPU
		{51926813-C4A1-4616-BDAB-0E1B3FF018E4}.DebugNuget|Any CPU.Build.0 = DebugNuget|Any CPU
		{51926813-C4A1-4616-BDAB-0E1B3FF018E4}.DebugNuget|x64.ActiveCfg = DebugNuget|x64
		{51926813-C4A1-4616-BDAB-0E1B3FF018E4}.DebugNuget|x64.Build.0 = DebugNuget|x64
		{51926813-C4A1-4616-BDAB-0E1B3FF018E4}.DebugNuget|x86.ActiveCfg = DebugNuget|x86
		{51926813-C4A1-4616-BDAB-0E1B3FF018E4}.DebugNuget|x86.Build.0 = DebugNuget|x86
		{51926813-C4A1-4616-BDAB-0E1B3FF018E4}.Release|Any CPU.ActiveCfg = Release|Any CPU
		{51926813-C4A1-4616-BDAB-0E1B3FF018E4}.Release|Any CPU.Build.0 = Release|Any CPU
		{51926813-C4A1-4616-BDAB-0E1B3FF018E4}.Release|x64.ActiveCfg = Release|x64
		{51926813-C4A1-4616-BDAB-0E1B3FF018E4}.Release|x64.Build.0 = Release|x64
		{51926813-C4A1-4616-BDAB-0E1B3FF018E4}.Release|x86.ActiveCfg = Release|x86
		{51926813-C4A1-4616-BDAB-0E1B3FF018E4}.Release|x86.Build.0 = Release|x86
		{7EEB234A-C50A-4767-9C5E-6DA2000B10E4}.Debug|Any CPU.ActiveCfg = Debug|Any CPU
		{7EEB234A-C50A-4767-9C5E-6DA2000B10E4}.Debug|Any CPU.Build.0 = Debug|Any CPU
		{7EEB234A-C50A-4767-9C5E-6DA2000B10E4}.Debug|x64.ActiveCfg = Debug|Any CPU
		{7EEB234A-C50A-4767-9C5E-6DA2000B10E4}.Debug|x64.Build.0 = Debug|Any CPU
		{7EEB234A-C50A-4767-9C5E-6DA2000B10E4}.Debug|x86.ActiveCfg = Debug|Any CPU
		{7EEB234A-C50A-4767-9C5E-6DA2000B10E4}.Debug|x86.Build.0 = Debug|Any CPU
		{7EEB234A-C50A-4767-9C5E-6DA2000B10E4}.DebugNuget|Any CPU.ActiveCfg = DebugNuget|Any CPU
		{7EEB234A-C50A-4767-9C5E-6DA2000B10E4}.DebugNuget|Any CPU.Build.0 = DebugNuget|Any CPU
		{7EEB234A-C50A-4767-9C5E-6DA2000B10E4}.DebugNuget|x64.ActiveCfg = DebugNuget|Any CPU
		{7EEB234A-C50A-4767-9C5E-6DA2000B10E4}.DebugNuget|x64.Build.0 = DebugNuget|Any CPU
		{7EEB234A-C50A-4767-9C5E-6DA2000B10E4}.DebugNuget|x86.ActiveCfg = DebugNuget|Any CPU
		{7EEB234A-C50A-4767-9C5E-6DA2000B10E4}.DebugNuget|x86.Build.0 = DebugNuget|Any CPU
		{7EEB234A-C50A-4767-9C5E-6DA2000B10E4}.Release|Any CPU.ActiveCfg = Release|Any CPU
		{7EEB234A-C50A-4767-9C5E-6DA2000B10E4}.Release|Any CPU.Build.0 = Release|Any CPU
		{7EEB234A-C50A-4767-9C5E-6DA2000B10E4}.Release|x64.ActiveCfg = Release|Any CPU
		{7EEB234A-C50A-4767-9C5E-6DA2000B10E4}.Release|x64.Build.0 = Release|Any CPU
		{7EEB234A-C50A-4767-9C5E-6DA2000B10E4}.Release|x86.ActiveCfg = Release|Any CPU
		{7EEB234A-C50A-4767-9C5E-6DA2000B10E4}.Release|x86.Build.0 = Release|Any CPU
		{6AC05323-CB9D-4BAE-AC4D-E2224925609E}.Debug|Any CPU.ActiveCfg = Debug|Any CPU
		{6AC05323-CB9D-4BAE-AC4D-E2224925609E}.Debug|Any CPU.Build.0 = Debug|Any CPU
		{6AC05323-CB9D-4BAE-AC4D-E2224925609E}.Debug|x64.ActiveCfg = Debug|x64
		{6AC05323-CB9D-4BAE-AC4D-E2224925609E}.Debug|x64.Build.0 = Debug|x64
		{6AC05323-CB9D-4BAE-AC4D-E2224925609E}.Debug|x86.ActiveCfg = Debug|x86
		{6AC05323-CB9D-4BAE-AC4D-E2224925609E}.Debug|x86.Build.0 = Debug|x86
		{6AC05323-CB9D-4BAE-AC4D-E2224925609E}.DebugNuget|Any CPU.ActiveCfg = Debug|Any CPU
		{6AC05323-CB9D-4BAE-AC4D-E2224925609E}.DebugNuget|Any CPU.Build.0 = Debug|Any CPU
		{6AC05323-CB9D-4BAE-AC4D-E2224925609E}.DebugNuget|x64.ActiveCfg = Debug|x64
		{6AC05323-CB9D-4BAE-AC4D-E2224925609E}.DebugNuget|x64.Build.0 = Debug|x64
		{6AC05323-CB9D-4BAE-AC4D-E2224925609E}.DebugNuget|x86.ActiveCfg = Debug|x86
		{6AC05323-CB9D-4BAE-AC4D-E2224925609E}.DebugNuget|x86.Build.0 = Debug|x86
		{6AC05323-CB9D-4BAE-AC4D-E2224925609E}.Release|Any CPU.ActiveCfg = Release|Any CPU
		{6AC05323-CB9D-4BAE-AC4D-E2224925609E}.Release|Any CPU.Build.0 = Release|Any CPU
		{6AC05323-CB9D-4BAE-AC4D-E2224925609E}.Release|x64.ActiveCfg = Release|x64
		{6AC05323-CB9D-4BAE-AC4D-E2224925609E}.Release|x64.Build.0 = Release|x64
		{6AC05323-CB9D-4BAE-AC4D-E2224925609E}.Release|x86.ActiveCfg = Release|x86
		{6AC05323-CB9D-4BAE-AC4D-E2224925609E}.Release|x86.Build.0 = Release|x86
		{91EFB417-5EB6-40BC-BA98-E024E6D7CAF2}.Debug|Any CPU.ActiveCfg = Debug|Any CPU
		{91EFB417-5EB6-40BC-BA98-E024E6D7CAF2}.Debug|Any CPU.Build.0 = Debug|Any CPU
		{91EFB417-5EB6-40BC-BA98-E024E6D7CAF2}.Debug|x64.ActiveCfg = Debug|Any CPU
		{91EFB417-5EB6-40BC-BA98-E024E6D7CAF2}.Debug|x64.Build.0 = Debug|Any CPU
		{91EFB417-5EB6-40BC-BA98-E024E6D7CAF2}.Debug|x86.ActiveCfg = Debug|Any CPU
		{91EFB417-5EB6-40BC-BA98-E024E6D7CAF2}.Debug|x86.Build.0 = Debug|Any CPU
		{91EFB417-5EB6-40BC-BA98-E024E6D7CAF2}.DebugNuget|Any CPU.ActiveCfg = DebugNuget|Any CPU
		{91EFB417-5EB6-40BC-BA98-E024E6D7CAF2}.DebugNuget|Any CPU.Build.0 = DebugNuget|Any CPU
		{91EFB417-5EB6-40BC-BA98-E024E6D7CAF2}.DebugNuget|x64.ActiveCfg = DebugNuget|Any CPU
		{91EFB417-5EB6-40BC-BA98-E024E6D7CAF2}.DebugNuget|x64.Build.0 = DebugNuget|Any CPU
		{91EFB417-5EB6-40BC-BA98-E024E6D7CAF2}.DebugNuget|x86.ActiveCfg = DebugNuget|Any CPU
		{91EFB417-5EB6-40BC-BA98-E024E6D7CAF2}.DebugNuget|x86.Build.0 = DebugNuget|Any CPU
		{91EFB417-5EB6-40BC-BA98-E024E6D7CAF2}.Release|Any CPU.ActiveCfg = Release|Any CPU
		{91EFB417-5EB6-40BC-BA98-E024E6D7CAF2}.Release|Any CPU.Build.0 = Release|Any CPU
		{91EFB417-5EB6-40BC-BA98-E024E6D7CAF2}.Release|x64.ActiveCfg = Release|Any CPU
		{91EFB417-5EB6-40BC-BA98-E024E6D7CAF2}.Release|x64.Build.0 = Release|Any CPU
		{91EFB417-5EB6-40BC-BA98-E024E6D7CAF2}.Release|x86.ActiveCfg = Release|Any CPU
		{91EFB417-5EB6-40BC-BA98-E024E6D7CAF2}.Release|x86.Build.0 = Release|Any CPU
	EndGlobalSection
	GlobalSection(SolutionProperties) = preSolution
		HideSolutionNode = FALSE
	EndGlobalSection
	GlobalSection(ExtensibilityGlobals) = postSolution
		SolutionGuid = {9C0903FC-738E-4D73-AA15-F0F1C6699408}
	EndGlobalSection
EndGlobal
