
Microsoft Visual Studio Solution File, Format Version 12.00
# Visual Studio Version 16
VisualStudioVersion = 16.0.29806.167
MinimumVisualStudioVersion = 10.0.40219.1
Project("{FAE04EC0-301F-11D3-BF4B-00C04F79EFBC}") = "malone.Core", "src\malone.Core\malone.Core.csproj", "{B59A92F9-ABDC-4200-A80D-58A5AB936591}"
EndProject
Project("{FAE04EC0-301F-11D3-BF4B-00C04F79EFBC}") = "malone.Core.Identity", "src\malone.Core.Identity\malone.Core.Identity.csproj", "{0992B1B6-BE12-4B9F-9B15-4D1B03ECD306}"
EndProject
Project("{2150E333-8FDC-42A3-9474-1A3956D46DE8}") = "Identity", "Identity", "{1D50ED78-FBF6-490B-95ED-3A9CA0858936}"
EndProject
Project("{FAE04EC0-301F-11D3-BF4B-00C04F79EFBC}") = "malone.Core.EF", "src\malone.Core.EF\malone.Core.EF.csproj", "{B3A99961-88EB-4256-984A-01C346541183}"
EndProject
Project("{FAE04EC0-301F-11D3-BF4B-00C04F79EFBC}") = "malone.Core.AdoNet", "src\malone.Core.AdoNet\malone.Core.AdoNet.csproj", "{492F80C1-E1F2-4CC9-8DBE-83BA63E7DE4C}"
EndProject
Project("{2150E333-8FDC-42A3-9474-1A3956D46DE8}") = "Diagramas", "Diagramas", "{A915024C-5FFD-4F1D-9322-A5A4382EBD04}"
EndProject
Project("{2150E333-8FDC-42A3-9474-1A3956D46DE8}") = "01.Core", "01.Core", "{E026EE7B-0B86-4A1C-95DE-779A9484AAA7}"
EndProject
Project("{2150E333-8FDC-42A3-9474-1A3956D46DE8}") = "02.Implementations", "02.Implementations", "{2ECAD1EB-5B0E-4A87-ACAB-197AFBDA5BCD}"
EndProject
Project("{2150E333-8FDC-42A3-9474-1A3956D46DE8}") = "03.Extensions", "03.Extensions", "{411D9516-6ACC-4FFB-9CFE-0B6E71333622}"
EndProject
Project("{FAE04EC0-301F-11D3-BF4B-00C04F79EFBC}") = "malone.Core.Identity.EntityFramework", "src\malone.Core.Identity.EntityFramework\malone.Core.Identity.EntityFramework.csproj", "{ECA07D24-2FD5-42E8-A5F7-3FDF54B10DD4}"
EndProject
Project("{FAE04EC0-301F-11D3-BF4B-00C04F79EFBC}") = "malone.Core.Patterns", "src\malone.Core.Patterns\malone.Core.Patterns.csproj", "{041AF239-40F7-4D36-8CAA-1B5DE002FE4C}"
EndProject
Project("{2150E333-8FDC-42A3-9474-1A3956D46DE8}") = "Solution Items", "Solution Items", "{2AFC5CCC-A9FC-4232-9A11-B58385408C56}"
	ProjectSection(SolutionItems) = preProject
		.gitignore = .gitignore
		Pendientes.txt = Pendientes.txt
		README.md = README.md
	EndProjectSection
EndProject
Project("{FAE04EC0-301F-11D3-BF4B-00C04F79EFBC}") = "malone.Core.WebApi", "src\malone.Core.WebApi\malone.Core.WebApi.csproj", "{C0B7AE10-F8E3-4177-B937-F1787A7F0DF3}"
EndProject
Project("{2150E333-8FDC-42A3-9474-1A3956D46DE8}") = "04.Samples", "04.Samples", "{288AC550-E05B-4E18-9530-958B7A093A82}"
EndProject
Project("{2150E333-8FDC-42A3-9474-1A3956D46DE8}") = "Logging", "Logging", "{C355A114-A9F4-4199-8CDC-A861EB854716}"
EndProject
Project("{2150E333-8FDC-42A3-9474-1A3956D46DE8}") = "DependencyInjection", "DependencyInjection", "{6A039A49-2397-4286-9B1F-5180D1A4186F}"
EndProject
Project("{2150E333-8FDC-42A3-9474-1A3956D46DE8}") = "DataAccess", "DataAccess", "{33C28B64-5655-49C5-AFFF-FDE9A5811B77}"
EndProject
Project("{2150E333-8FDC-42A3-9474-1A3956D46DE8}") = "AdoNet", "AdoNet", "{1D657725-7191-4A7C-9BE5-146C6E41F94E}"
EndProject
Project("{2150E333-8FDC-42A3-9474-1A3956D46DE8}") = "EF", "EF", "{3DC72155-2BDC-4218-8DED-C656DEC2AF12}"
EndProject
Project("{2150E333-8FDC-42A3-9474-1A3956D46DE8}") = "Unity", "Unity", "{896B208E-55DA-405D-8942-DFF34CF16285}"
EndProject
Project("{2150E333-8FDC-42A3-9474-1A3956D46DE8}") = "Modules", "Modules", "{D81DD1AD-4E36-4E7B-953D-94644BAE5CBB}"
EndProject
Project("{2150E333-8FDC-42A3-9474-1A3956D46DE8}") = "Extensions", "Extensions", "{0336D720-4588-4657-B4C0-5FC05A57DE39}"
EndProject
Project("{2150E333-8FDC-42A3-9474-1A3956D46DE8}") = "Implementations", "Implementations", "{3A9CCCF2-35AD-48E8-BF59-9124FC32C16C}"
EndProject
Project("{2150E333-8FDC-42A3-9474-1A3956D46DE8}") = "Log4Net", "Log4Net", "{BB895E55-A80A-4588-B9B8-E112A4EC9B55}"
EndProject
Project("{FAE04EC0-301F-11D3-BF4B-00C04F79EFBC}") = "malone.Core.AdoNet.Oracle", "src\malone.Core.AdoNet.Oracle\malone.Core.AdoNet.Oracle.csproj", "{DA87FBBB-48F4-46D4-90EF-AF4230A97088}"
EndProject
Project("{FAE04EC0-301F-11D3-BF4B-00C04F79EFBC}") = "malone.Core.AdoNet.SqlServer", "src\malone.Core.AdoNet.SqlServer\malone.Core.AdoNet.SqlServer.csproj", "{54DCB4EF-1475-4C12-AA6C-ACB61519B4A9}"
EndProject
Project("{FAE04EC0-301F-11D3-BF4B-00C04F79EFBC}") = "malone.Core.Unity.IdentityEntityFrameworkInitializer", "src\malone.Core.Unity.IdentityEntityFrameworkInitializer\malone.Core.Unity.IdentityEntityFrameworkInitializer.csproj", "{AEF2E9DC-848A-42C9-9EB9-9A6F4CA1EB7D}"
EndProject
Project("{FAE04EC0-301F-11D3-BF4B-00C04F79EFBC}") = "malone.Core.Unity.Log4NetInitializer", "src\malone.Core.Unity.Log4NetInitializer\malone.Core.Unity.Log4NetInitializer.csproj", "{E3F7C799-234E-471C-A12B-B9BE04DA1B40}"
EndProject
Project("{FAE04EC0-301F-11D3-BF4B-00C04F79EFBC}") = "malone.Core.Unity.ModulesInitializers", "src\malone.Core.Unity.ModulesInitializers\malone.Core.Unity.ModulesInitializers.csproj", "{87C16AD7-E22F-4118-BD34-A34041076975}"
EndProject
Project("{FAE04EC0-301F-11D3-BF4B-00C04F79EFBC}") = "malone.Core.Log4Net", "src\malone.Core.Log4Net\malone.Core.Log4Net.csproj", "{6BB1415B-EB7A-47DC-A764-0E1853EBB30C}"
EndProject
Project("{FAE04EC0-301F-11D3-BF4B-00C04F79EFBC}") = "malone.Core.Unity.WebApi", "src\malone.Core.Unity.WebApi\malone.Core.Unity.WebApi.csproj", "{DD776491-CE90-473C-B361-51E0F476DCA7}"
EndProject
Project("{FAE04EC0-301F-11D3-BF4B-00C04F79EFBC}") = "malone.Core.Unity", "src\malone.Core.Unity\malone.Core.Unity.csproj", "{E76A146E-3EF3-427F-B496-054CF5946CE0}"
EndProject
Project("{2150E333-8FDC-42A3-9474-1A3956D46DE8}") = "SqlServer", "SqlServer", "{1DDF892E-6842-489B-85BD-838B08A73E2A}"
EndProject
Project("{2150E333-8FDC-42A3-9474-1A3956D46DE8}") = "EntityFramework", "EntityFramework", "{266D615F-DC24-4744-B26F-B3BB5EFDEE45}"
EndProject
Project("{FAE04EC0-301F-11D3-BF4B-00C04F79EFBC}") = "malone.Core.AdoNet.Firebird", "src\malone.Core.AdoNet.Firebird\malone.Core.AdoNet.Firebird.csproj", "{E6DCA648-55B4-4411-BC4D-52D5F69D0612}"
EndProject
Project("{2150E333-8FDC-42A3-9474-1A3956D46DE8}") = "AdoNet", "AdoNet", "{0E09AA10-A937-4D57-BD80-6689E2B3E06E}"
EndProject
Project("{2150E333-8FDC-42A3-9474-1A3956D46DE8}") = "SqlServer", "SqlServer", "{89BA4C93-ABF4-44CA-9CD1-6D8F47BB7780}"
EndProject
Project("{FAE04EC0-301F-11D3-BF4B-00C04F79EFBC}") = "malone.Core.Sample.EF.SqlServer.Middle", "samples\malone.Core.Sample.EF.SqlServer.Middle\malone.Core.Sample.EF.SqlServer.Middle.csproj", "{13E35096-AC30-4D5E-8834-8B8D0CD53774}"
EndProject
Project("{FAE04EC0-301F-11D3-BF4B-00C04F79EFBC}") = "malone.Core.Sample.EF.SqlServer.mvc", "samples\malone.Core.Sample.EF.SqlServer.mvc\malone.Core.Sample.EF.SqlServer.mvc.csproj", "{805080BC-7E25-4095-ADEF-968BB850752D}"
EndProject
Project("{FAE04EC0-301F-11D3-BF4B-00C04F79EFBC}") = "malone.Core.Sample.EF.SqlServer.Api", "samples\malone.Core.Sample.EF.SqlServer.Api\malone.Core.Sample.EF.SqlServer.Api.csproj", "{D5DF6461-F8FB-4B8B-96D5-2B8F968D20D5}"
EndProject
Project("{FAE04EC0-301F-11D3-BF4B-00C04F79EFBC}") = "malone.Core.Sample.AdoNet.SqlServer.Api", "samples\malone.Core.Sample.AdoNet.SqlServer.Api\malone.Core.Sample.AdoNet.SqlServer.Api.csproj", "{7EEB234A-C50A-4767-9C5E-6DA2000B10E4}"
EndProject
Project("{FAE04EC0-301F-11D3-BF4B-00C04F79EFBC}") = "malone.Core.Sample.AdoNet.SqlServer.Middle", "samples\malone.Core.Sample.AdoNet.SqlServer.Middle\malone.Core.Sample.AdoNet.SqlServer.Middle.csproj", "{51926813-C4A1-4616-BDAB-0E1B3FF018E4}"
EndProject
Project("{FAE04EC0-301F-11D3-BF4B-00C04F79EFBC}") = "malone.Core.Sample.AdoNet.SqlServer.mvc", "samples\malone.Core.Sample.AdoNet.SqlServer.mvc\malone.Core.Sample.AdoNet.SqlServer.mvc.csproj", "{91EFB417-5EB6-40BC-BA98-E024E6D7CAF2}"
EndProject
Project("{2150E333-8FDC-42A3-9474-1A3956D46DE8}") = "Pipelines", "Pipelines", "{CEE45D39-E455-4E6A-A836-CF9E4DAB8289}"
	ProjectSection(SolutionItems) = preProject
		azure-pipelines.yml = azure-pipelines.yml
		.github\workflows\development.yml = .github\workflows\development.yml
		.github\workflows\master.yml = .github\workflows\master.yml
		.github\workflows\release.yml = .github\workflows\release.yml
	EndProjectSection
EndProject
Project("{2150E333-8FDC-42A3-9474-1A3956D46DE8}") = "Firebird", "Firebird", "{8FF223FC-8307-4A7F-86EA-938EB843D52A}"
EndProject
Project("{FAE04EC0-301F-11D3-BF4B-00C04F79EFBC}") = "malone.Core.Sample.AdoNet.Firebird.Api", "samples\malone.Core.Sample.AdoNet.Firebird.Api\malone.Core.Sample.AdoNet.Firebird.Api.csproj", "{13101BDF-877D-41E4-8F9E-0E886B5AEBE3}"
EndProject
Project("{FAE04EC0-301F-11D3-BF4B-00C04F79EFBC}") = "malone.Core.Sample.AdoNet.Firebird.Middle", "samples\malone.Core.Sample.AdoNet.Firebird.Middle\malone.Core.Sample.AdoNet.Firebird.Middle.csproj", "{5B3D84C2-D970-41BA-8F01-8DC931EBAA8F}"
EndProject
Project("{FAE04EC0-301F-11D3-BF4B-00C04F79EFBC}") = "malone.Core.Sample.AdoNet.Firebird.mvc", "samples\malone.Core.Sample.AdoNet.Firebird.mvc\malone.Core.Sample.AdoNet.Firebird.mvc.csproj", "{125BCBC1-B901-4B94-9C3C-57443726C503}"
EndProject
Project("{2150E333-8FDC-42A3-9474-1A3956D46DE8}") = "Firebird", "Firebird", "{AC011305-A057-46F9-A463-491B9EED7ACD}"
EndProject
Project("{FAE04EC0-301F-11D3-BF4B-00C04F79EFBC}") = "malone.Core.Sample.EF.Firebird.Api", "samples\malone.Core.Sample.EF.Firebird.Api\malone.Core.Sample.EF.Firebird.Api.csproj", "{2938002C-55E1-427A-8E34-AB4ABCAD40A2}"
EndProject
Project("{FAE04EC0-301F-11D3-BF4B-00C04F79EFBC}") = "malone.Core.Sample.EF.Firebird.Middle", "samples\malone.Core.Sample.EF.Firebird.Middle\malone.Core.Sample.EF.Firebird.Middle.csproj", "{D7377349-B8EC-4752-B5EC-96830D11D942}"
EndProject
Project("{FAE04EC0-301F-11D3-BF4B-00C04F79EFBC}") = "malone.Core.Sample.EF.Firebird.mvc", "samples\malone.Core.Sample.EF.Firebird.mvc\malone.Core.Sample.EF.Firebird.mvc.csproj", "{FEC8F234-9A42-4258-9F18-DE1C8A75EA47}"
EndProject
Project("{FAE04EC0-301F-11D3-BF4B-00C04F79EFBC}") = "malone.Core.Identity.AdoNet.SqlServer", "src\malone.Core.Identity.AdoNet.SqlServer\malone.Core.Identity.AdoNet.SqlServer.csproj", "{765B4548-F6B9-41C9-A640-A12B3F91185B}"
EndProject
Project("{FAE04EC0-301F-11D3-BF4B-00C04F79EFBC}") = "malone.Core.Unity.IdentityAdoNetSqlServerInitializer", "src\malone.Core.Unity.IdentityAdoNetSqlServerInitializer\malone.Core.Unity.IdentityAdoNetSqlServerInitializer.csproj", "{1C1A8C42-F043-4D14-B522-E501580D3364}"
EndProject
Global
	GlobalSection(SolutionConfigurationPlatforms) = preSolution
		Debug|Any CPU = Debug|Any CPU
		Debug|x64 = Debug|x64
		Debug|x86 = Debug|x86
		Release|Any CPU = Release|Any CPU
		Release|x64 = Release|x64
		Release|x86 = Release|x86
	EndGlobalSection
	GlobalSection(ProjectConfigurationPlatforms) = postSolution
		{B59A92F9-ABDC-4200-A80D-58A5AB936591}.Debug|Any CPU.ActiveCfg = Debug|Any CPU
		{B59A92F9-ABDC-4200-A80D-58A5AB936591}.Debug|Any CPU.Build.0 = Debug|Any CPU
		{B59A92F9-ABDC-4200-A80D-58A5AB936591}.Debug|x64.ActiveCfg = Debug|x64
		{B59A92F9-ABDC-4200-A80D-58A5AB936591}.Debug|x64.Build.0 = Debug|x64
		{B59A92F9-ABDC-4200-A80D-58A5AB936591}.Debug|x86.ActiveCfg = Debug|x86
		{B59A92F9-ABDC-4200-A80D-58A5AB936591}.Debug|x86.Build.0 = Debug|x86
		{B59A92F9-ABDC-4200-A80D-58A5AB936591}.Release|Any CPU.ActiveCfg = Release|Any CPU
		{B59A92F9-ABDC-4200-A80D-58A5AB936591}.Release|Any CPU.Build.0 = Release|Any CPU
		{B59A92F9-ABDC-4200-A80D-58A5AB936591}.Release|x64.ActiveCfg = Release|x64
		{B59A92F9-ABDC-4200-A80D-58A5AB936591}.Release|x64.Build.0 = Release|x64
		{B59A92F9-ABDC-4200-A80D-58A5AB936591}.Release|x86.ActiveCfg = Release|x86
		{B59A92F9-ABDC-4200-A80D-58A5AB936591}.Release|x86.Build.0 = Release|x86
		{0992B1B6-BE12-4B9F-9B15-4D1B03ECD306}.Debug|Any CPU.ActiveCfg = Debug|Any CPU
		{0992B1B6-BE12-4B9F-9B15-4D1B03ECD306}.Debug|Any CPU.Build.0 = Debug|Any CPU
		{0992B1B6-BE12-4B9F-9B15-4D1B03ECD306}.Debug|x64.ActiveCfg = Debug|Any CPU
		{0992B1B6-BE12-4B9F-9B15-4D1B03ECD306}.Debug|x64.Build.0 = Debug|Any CPU
		{0992B1B6-BE12-4B9F-9B15-4D1B03ECD306}.Debug|x86.ActiveCfg = Debug|Any CPU
		{0992B1B6-BE12-4B9F-9B15-4D1B03ECD306}.Debug|x86.Build.0 = Debug|Any CPU
		{0992B1B6-BE12-4B9F-9B15-4D1B03ECD306}.Release|Any CPU.ActiveCfg = Release|Any CPU
		{0992B1B6-BE12-4B9F-9B15-4D1B03ECD306}.Release|Any CPU.Build.0 = Release|Any CPU
		{0992B1B6-BE12-4B9F-9B15-4D1B03ECD306}.Release|x64.ActiveCfg = Release|Any CPU
		{0992B1B6-BE12-4B9F-9B15-4D1B03ECD306}.Release|x64.Build.0 = Release|Any CPU
		{0992B1B6-BE12-4B9F-9B15-4D1B03ECD306}.Release|x86.ActiveCfg = Release|Any CPU
		{0992B1B6-BE12-4B9F-9B15-4D1B03ECD306}.Release|x86.Build.0 = Release|Any CPU
		{B3A99961-88EB-4256-984A-01C346541183}.Debug|Any CPU.ActiveCfg = Debug|Any CPU
		{B3A99961-88EB-4256-984A-01C346541183}.Debug|Any CPU.Build.0 = Debug|Any CPU
		{B3A99961-88EB-4256-984A-01C346541183}.Debug|x64.ActiveCfg = Debug|Any CPU
		{B3A99961-88EB-4256-984A-01C346541183}.Debug|x64.Build.0 = Debug|Any CPU
		{B3A99961-88EB-4256-984A-01C346541183}.Debug|x86.ActiveCfg = Debug|Any CPU
		{B3A99961-88EB-4256-984A-01C346541183}.Debug|x86.Build.0 = Debug|Any CPU
		{B3A99961-88EB-4256-984A-01C346541183}.Release|Any CPU.ActiveCfg = Release|Any CPU
		{B3A99961-88EB-4256-984A-01C346541183}.Release|Any CPU.Build.0 = Release|Any CPU
		{B3A99961-88EB-4256-984A-01C346541183}.Release|x64.ActiveCfg = Release|Any CPU
		{B3A99961-88EB-4256-984A-01C346541183}.Release|x64.Build.0 = Release|Any CPU
		{B3A99961-88EB-4256-984A-01C346541183}.Release|x86.ActiveCfg = Release|Any CPU
		{B3A99961-88EB-4256-984A-01C346541183}.Release|x86.Build.0 = Release|Any CPU
		{492F80C1-E1F2-4CC9-8DBE-83BA63E7DE4C}.Debug|Any CPU.ActiveCfg = Debug|Any CPU
		{492F80C1-E1F2-4CC9-8DBE-83BA63E7DE4C}.Debug|Any CPU.Build.0 = Debug|Any CPU
		{492F80C1-E1F2-4CC9-8DBE-83BA63E7DE4C}.Debug|x64.ActiveCfg = Debug|Any CPU
		{492F80C1-E1F2-4CC9-8DBE-83BA63E7DE4C}.Debug|x64.Build.0 = Debug|Any CPU
		{492F80C1-E1F2-4CC9-8DBE-83BA63E7DE4C}.Debug|x86.ActiveCfg = Debug|Any CPU
		{492F80C1-E1F2-4CC9-8DBE-83BA63E7DE4C}.Debug|x86.Build.0 = Debug|Any CPU
		{492F80C1-E1F2-4CC9-8DBE-83BA63E7DE4C}.Release|Any CPU.ActiveCfg = Release|Any CPU
		{492F80C1-E1F2-4CC9-8DBE-83BA63E7DE4C}.Release|Any CPU.Build.0 = Release|Any CPU
		{492F80C1-E1F2-4CC9-8DBE-83BA63E7DE4C}.Release|x64.ActiveCfg = Release|Any CPU
		{492F80C1-E1F2-4CC9-8DBE-83BA63E7DE4C}.Release|x64.Build.0 = Release|Any CPU
		{492F80C1-E1F2-4CC9-8DBE-83BA63E7DE4C}.Release|x86.ActiveCfg = Release|Any CPU
		{492F80C1-E1F2-4CC9-8DBE-83BA63E7DE4C}.Release|x86.Build.0 = Release|Any CPU
		{ECA07D24-2FD5-42E8-A5F7-3FDF54B10DD4}.Debug|Any CPU.ActiveCfg = Debug|Any CPU
		{ECA07D24-2FD5-42E8-A5F7-3FDF54B10DD4}.Debug|Any CPU.Build.0 = Debug|Any CPU
		{ECA07D24-2FD5-42E8-A5F7-3FDF54B10DD4}.Debug|x64.ActiveCfg = Debug|Any CPU
		{ECA07D24-2FD5-42E8-A5F7-3FDF54B10DD4}.Debug|x64.Build.0 = Debug|Any CPU
		{ECA07D24-2FD5-42E8-A5F7-3FDF54B10DD4}.Debug|x86.ActiveCfg = Debug|Any CPU
		{ECA07D24-2FD5-42E8-A5F7-3FDF54B10DD4}.Debug|x86.Build.0 = Debug|Any CPU
		{ECA07D24-2FD5-42E8-A5F7-3FDF54B10DD4}.Release|Any CPU.ActiveCfg = Release|Any CPU
		{ECA07D24-2FD5-42E8-A5F7-3FDF54B10DD4}.Release|Any CPU.Build.0 = Release|Any CPU
		{ECA07D24-2FD5-42E8-A5F7-3FDF54B10DD4}.Release|x64.ActiveCfg = Release|Any CPU
		{ECA07D24-2FD5-42E8-A5F7-3FDF54B10DD4}.Release|x64.Build.0 = Release|Any CPU
		{ECA07D24-2FD5-42E8-A5F7-3FDF54B10DD4}.Release|x86.ActiveCfg = Release|Any CPU
		{ECA07D24-2FD5-42E8-A5F7-3FDF54B10DD4}.Release|x86.Build.0 = Release|Any CPU
		{041AF239-40F7-4D36-8CAA-1B5DE002FE4C}.Debug|Any CPU.ActiveCfg = Debug|Any CPU
		{041AF239-40F7-4D36-8CAA-1B5DE002FE4C}.Debug|Any CPU.Build.0 = Debug|Any CPU
		{041AF239-40F7-4D36-8CAA-1B5DE002FE4C}.Debug|x64.ActiveCfg = Debug|Any CPU
		{041AF239-40F7-4D36-8CAA-1B5DE002FE4C}.Debug|x64.Build.0 = Debug|Any CPU
		{041AF239-40F7-4D36-8CAA-1B5DE002FE4C}.Debug|x86.ActiveCfg = Debug|Any CPU
		{041AF239-40F7-4D36-8CAA-1B5DE002FE4C}.Debug|x86.Build.0 = Debug|Any CPU
		{041AF239-40F7-4D36-8CAA-1B5DE002FE4C}.Release|Any CPU.ActiveCfg = Release|Any CPU
		{041AF239-40F7-4D36-8CAA-1B5DE002FE4C}.Release|Any CPU.Build.0 = Release|Any CPU
		{041AF239-40F7-4D36-8CAA-1B5DE002FE4C}.Release|x64.ActiveCfg = Release|Any CPU
		{041AF239-40F7-4D36-8CAA-1B5DE002FE4C}.Release|x64.Build.0 = Release|Any CPU
		{041AF239-40F7-4D36-8CAA-1B5DE002FE4C}.Release|x86.ActiveCfg = Release|Any CPU
		{041AF239-40F7-4D36-8CAA-1B5DE002FE4C}.Release|x86.Build.0 = Release|Any CPU
		{C0B7AE10-F8E3-4177-B937-F1787A7F0DF3}.Debug|Any CPU.ActiveCfg = Debug|Any CPU
		{C0B7AE10-F8E3-4177-B937-F1787A7F0DF3}.Debug|Any CPU.Build.0 = Debug|Any CPU
		{C0B7AE10-F8E3-4177-B937-F1787A7F0DF3}.Debug|x64.ActiveCfg = Debug|Any CPU
		{C0B7AE10-F8E3-4177-B937-F1787A7F0DF3}.Debug|x64.Build.0 = Debug|Any CPU
		{C0B7AE10-F8E3-4177-B937-F1787A7F0DF3}.Debug|x86.ActiveCfg = Debug|Any CPU
		{C0B7AE10-F8E3-4177-B937-F1787A7F0DF3}.Debug|x86.Build.0 = Debug|Any CPU
		{C0B7AE10-F8E3-4177-B937-F1787A7F0DF3}.Release|Any CPU.ActiveCfg = Release|Any CPU
		{C0B7AE10-F8E3-4177-B937-F1787A7F0DF3}.Release|Any CPU.Build.0 = Release|Any CPU
		{C0B7AE10-F8E3-4177-B937-F1787A7F0DF3}.Release|x64.ActiveCfg = Release|Any CPU
		{C0B7AE10-F8E3-4177-B937-F1787A7F0DF3}.Release|x64.Build.0 = Release|Any CPU
		{C0B7AE10-F8E3-4177-B937-F1787A7F0DF3}.Release|x86.ActiveCfg = Release|Any CPU
		{C0B7AE10-F8E3-4177-B937-F1787A7F0DF3}.Release|x86.Build.0 = Release|Any CPU
		{DA87FBBB-48F4-46D4-90EF-AF4230A97088}.Debug|Any CPU.ActiveCfg = Debug|Any CPU
		{DA87FBBB-48F4-46D4-90EF-AF4230A97088}.Debug|Any CPU.Build.0 = Debug|Any CPU
		{DA87FBBB-48F4-46D4-90EF-AF4230A97088}.Debug|x64.ActiveCfg = Debug|Any CPU
		{DA87FBBB-48F4-46D4-90EF-AF4230A97088}.Debug|x64.Build.0 = Debug|Any CPU
		{DA87FBBB-48F4-46D4-90EF-AF4230A97088}.Debug|x86.ActiveCfg = Debug|Any CPU
		{DA87FBBB-48F4-46D4-90EF-AF4230A97088}.Debug|x86.Build.0 = Debug|Any CPU
		{DA87FBBB-48F4-46D4-90EF-AF4230A97088}.Release|Any CPU.ActiveCfg = Release|Any CPU
		{DA87FBBB-48F4-46D4-90EF-AF4230A97088}.Release|Any CPU.Build.0 = Release|Any CPU
		{DA87FBBB-48F4-46D4-90EF-AF4230A97088}.Release|x64.ActiveCfg = Release|Any CPU
		{DA87FBBB-48F4-46D4-90EF-AF4230A97088}.Release|x64.Build.0 = Release|Any CPU
		{DA87FBBB-48F4-46D4-90EF-AF4230A97088}.Release|x86.ActiveCfg = Release|Any CPU
		{DA87FBBB-48F4-46D4-90EF-AF4230A97088}.Release|x86.Build.0 = Release|Any CPU
		{54DCB4EF-1475-4C12-AA6C-ACB61519B4A9}.Debug|Any CPU.ActiveCfg = Debug|Any CPU
		{54DCB4EF-1475-4C12-AA6C-ACB61519B4A9}.Debug|Any CPU.Build.0 = Debug|Any CPU
		{54DCB4EF-1475-4C12-AA6C-ACB61519B4A9}.Debug|x64.ActiveCfg = Debug|Any CPU
		{54DCB4EF-1475-4C12-AA6C-ACB61519B4A9}.Debug|x64.Build.0 = Debug|Any CPU
		{54DCB4EF-1475-4C12-AA6C-ACB61519B4A9}.Debug|x86.ActiveCfg = Debug|Any CPU
		{54DCB4EF-1475-4C12-AA6C-ACB61519B4A9}.Debug|x86.Build.0 = Debug|Any CPU
		{54DCB4EF-1475-4C12-AA6C-ACB61519B4A9}.Release|Any CPU.ActiveCfg = Release|Any CPU
		{54DCB4EF-1475-4C12-AA6C-ACB61519B4A9}.Release|Any CPU.Build.0 = Release|Any CPU
		{54DCB4EF-1475-4C12-AA6C-ACB61519B4A9}.Release|x64.ActiveCfg = Release|Any CPU
		{54DCB4EF-1475-4C12-AA6C-ACB61519B4A9}.Release|x64.Build.0 = Release|Any CPU
		{54DCB4EF-1475-4C12-AA6C-ACB61519B4A9}.Release|x86.ActiveCfg = Release|Any CPU
		{54DCB4EF-1475-4C12-AA6C-ACB61519B4A9}.Release|x86.Build.0 = Release|Any CPU
		{AEF2E9DC-848A-42C9-9EB9-9A6F4CA1EB7D}.Debug|Any CPU.ActiveCfg = Debug|Any CPU
		{AEF2E9DC-848A-42C9-9EB9-9A6F4CA1EB7D}.Debug|Any CPU.Build.0 = Debug|Any CPU
		{AEF2E9DC-848A-42C9-9EB9-9A6F4CA1EB7D}.Debug|x64.ActiveCfg = Debug|Any CPU
		{AEF2E9DC-848A-42C9-9EB9-9A6F4CA1EB7D}.Debug|x64.Build.0 = Debug|Any CPU
		{AEF2E9DC-848A-42C9-9EB9-9A6F4CA1EB7D}.Debug|x86.ActiveCfg = Debug|Any CPU
		{AEF2E9DC-848A-42C9-9EB9-9A6F4CA1EB7D}.Debug|x86.Build.0 = Debug|Any CPU
		{AEF2E9DC-848A-42C9-9EB9-9A6F4CA1EB7D}.Release|Any CPU.ActiveCfg = Release|Any CPU
		{AEF2E9DC-848A-42C9-9EB9-9A6F4CA1EB7D}.Release|Any CPU.Build.0 = Release|Any CPU
		{AEF2E9DC-848A-42C9-9EB9-9A6F4CA1EB7D}.Release|x64.ActiveCfg = Release|Any CPU
		{AEF2E9DC-848A-42C9-9EB9-9A6F4CA1EB7D}.Release|x64.Build.0 = Release|Any CPU
		{AEF2E9DC-848A-42C9-9EB9-9A6F4CA1EB7D}.Release|x86.ActiveCfg = Release|Any CPU
		{AEF2E9DC-848A-42C9-9EB9-9A6F4CA1EB7D}.Release|x86.Build.0 = Release|Any CPU
		{E3F7C799-234E-471C-A12B-B9BE04DA1B40}.Debug|Any CPU.ActiveCfg = Debug|Any CPU
		{E3F7C799-234E-471C-A12B-B9BE04DA1B40}.Debug|Any CPU.Build.0 = Debug|Any CPU
		{E3F7C799-234E-471C-A12B-B9BE04DA1B40}.Debug|x64.ActiveCfg = Debug|Any CPU
		{E3F7C799-234E-471C-A12B-B9BE04DA1B40}.Debug|x64.Build.0 = Debug|Any CPU
		{E3F7C799-234E-471C-A12B-B9BE04DA1B40}.Debug|x86.ActiveCfg = Debug|Any CPU
		{E3F7C799-234E-471C-A12B-B9BE04DA1B40}.Debug|x86.Build.0 = Debug|Any CPU
		{E3F7C799-234E-471C-A12B-B9BE04DA1B40}.Release|Any CPU.ActiveCfg = Release|Any CPU
		{E3F7C799-234E-471C-A12B-B9BE04DA1B40}.Release|Any CPU.Build.0 = Release|Any CPU
		{E3F7C799-234E-471C-A12B-B9BE04DA1B40}.Release|x64.ActiveCfg = Release|Any CPU
		{E3F7C799-234E-471C-A12B-B9BE04DA1B40}.Release|x64.Build.0 = Release|Any CPU
		{E3F7C799-234E-471C-A12B-B9BE04DA1B40}.Release|x86.ActiveCfg = Release|Any CPU
		{E3F7C799-234E-471C-A12B-B9BE04DA1B40}.Release|x86.Build.0 = Release|Any CPU
		{87C16AD7-E22F-4118-BD34-A34041076975}.Debug|Any CPU.ActiveCfg = Debug|Any CPU
		{87C16AD7-E22F-4118-BD34-A34041076975}.Debug|Any CPU.Build.0 = Debug|Any CPU
		{87C16AD7-E22F-4118-BD34-A34041076975}.Debug|x64.ActiveCfg = Debug|Any CPU
		{87C16AD7-E22F-4118-BD34-A34041076975}.Debug|x64.Build.0 = Debug|Any CPU
		{87C16AD7-E22F-4118-BD34-A34041076975}.Debug|x86.ActiveCfg = Debug|Any CPU
		{87C16AD7-E22F-4118-BD34-A34041076975}.Debug|x86.Build.0 = Debug|Any CPU
		{87C16AD7-E22F-4118-BD34-A34041076975}.Release|Any CPU.ActiveCfg = Release|Any CPU
		{87C16AD7-E22F-4118-BD34-A34041076975}.Release|Any CPU.Build.0 = Release|Any CPU
		{87C16AD7-E22F-4118-BD34-A34041076975}.Release|x64.ActiveCfg = Release|Any CPU
		{87C16AD7-E22F-4118-BD34-A34041076975}.Release|x64.Build.0 = Release|Any CPU
		{87C16AD7-E22F-4118-BD34-A34041076975}.Release|x86.ActiveCfg = Release|Any CPU
		{87C16AD7-E22F-4118-BD34-A34041076975}.Release|x86.Build.0 = Release|Any CPU
		{6BB1415B-EB7A-47DC-A764-0E1853EBB30C}.Debug|Any CPU.ActiveCfg = Debug|Any CPU
		{6BB1415B-EB7A-47DC-A764-0E1853EBB30C}.Debug|Any CPU.Build.0 = Debug|Any CPU
		{6BB1415B-EB7A-47DC-A764-0E1853EBB30C}.Debug|x64.ActiveCfg = Debug|Any CPU
		{6BB1415B-EB7A-47DC-A764-0E1853EBB30C}.Debug|x64.Build.0 = Debug|Any CPU
		{6BB1415B-EB7A-47DC-A764-0E1853EBB30C}.Debug|x86.ActiveCfg = Debug|Any CPU
		{6BB1415B-EB7A-47DC-A764-0E1853EBB30C}.Debug|x86.Build.0 = Debug|Any CPU
		{6BB1415B-EB7A-47DC-A764-0E1853EBB30C}.Release|Any CPU.ActiveCfg = Release|Any CPU
		{6BB1415B-EB7A-47DC-A764-0E1853EBB30C}.Release|Any CPU.Build.0 = Release|Any CPU
		{6BB1415B-EB7A-47DC-A764-0E1853EBB30C}.Release|x64.ActiveCfg = Release|Any CPU
		{6BB1415B-EB7A-47DC-A764-0E1853EBB30C}.Release|x64.Build.0 = Release|Any CPU
		{6BB1415B-EB7A-47DC-A764-0E1853EBB30C}.Release|x86.ActiveCfg = Release|Any CPU
		{6BB1415B-EB7A-47DC-A764-0E1853EBB30C}.Release|x86.Build.0 = Release|Any CPU
		{DD776491-CE90-473C-B361-51E0F476DCA7}.Debug|Any CPU.ActiveCfg = Debug|Any CPU
		{DD776491-CE90-473C-B361-51E0F476DCA7}.Debug|Any CPU.Build.0 = Debug|Any CPU
		{DD776491-CE90-473C-B361-51E0F476DCA7}.Debug|x64.ActiveCfg = Debug|Any CPU
		{DD776491-CE90-473C-B361-51E0F476DCA7}.Debug|x64.Build.0 = Debug|Any CPU
		{DD776491-CE90-473C-B361-51E0F476DCA7}.Debug|x86.ActiveCfg = Debug|Any CPU
		{DD776491-CE90-473C-B361-51E0F476DCA7}.Debug|x86.Build.0 = Debug|Any CPU
		{DD776491-CE90-473C-B361-51E0F476DCA7}.Release|Any CPU.ActiveCfg = Release|Any CPU
		{DD776491-CE90-473C-B361-51E0F476DCA7}.Release|Any CPU.Build.0 = Release|Any CPU
		{DD776491-CE90-473C-B361-51E0F476DCA7}.Release|x64.ActiveCfg = Release|Any CPU
		{DD776491-CE90-473C-B361-51E0F476DCA7}.Release|x64.Build.0 = Release|Any CPU
		{DD776491-CE90-473C-B361-51E0F476DCA7}.Release|x86.ActiveCfg = Release|Any CPU
		{DD776491-CE90-473C-B361-51E0F476DCA7}.Release|x86.Build.0 = Release|Any CPU
		{E76A146E-3EF3-427F-B496-054CF5946CE0}.Debug|Any CPU.ActiveCfg = Debug|Any CPU
		{E76A146E-3EF3-427F-B496-054CF5946CE0}.Debug|Any CPU.Build.0 = Debug|Any CPU
		{E76A146E-3EF3-427F-B496-054CF5946CE0}.Debug|x64.ActiveCfg = Debug|Any CPU
		{E76A146E-3EF3-427F-B496-054CF5946CE0}.Debug|x64.Build.0 = Debug|Any CPU
		{E76A146E-3EF3-427F-B496-054CF5946CE0}.Debug|x86.ActiveCfg = Debug|Any CPU
		{E76A146E-3EF3-427F-B496-054CF5946CE0}.Debug|x86.Build.0 = Debug|Any CPU
		{E76A146E-3EF3-427F-B496-054CF5946CE0}.Release|Any CPU.ActiveCfg = Release|Any CPU
		{E76A146E-3EF3-427F-B496-054CF5946CE0}.Release|Any CPU.Build.0 = Release|Any CPU
		{E76A146E-3EF3-427F-B496-054CF5946CE0}.Release|x64.ActiveCfg = Release|Any CPU
		{E76A146E-3EF3-427F-B496-054CF5946CE0}.Release|x64.Build.0 = Release|Any CPU
		{E76A146E-3EF3-427F-B496-054CF5946CE0}.Release|x86.ActiveCfg = Release|Any CPU
		{E76A146E-3EF3-427F-B496-054CF5946CE0}.Release|x86.Build.0 = Release|Any CPU
		{E6DCA648-55B4-4411-BC4D-52D5F69D0612}.Debug|Any CPU.ActiveCfg = Debug|Any CPU
		{E6DCA648-55B4-4411-BC4D-52D5F69D0612}.Debug|Any CPU.Build.0 = Debug|Any CPU
		{E6DCA648-55B4-4411-BC4D-52D5F69D0612}.Debug|x64.ActiveCfg = Debug|Any CPU
		{E6DCA648-55B4-4411-BC4D-52D5F69D0612}.Debug|x64.Build.0 = Debug|Any CPU
		{E6DCA648-55B4-4411-BC4D-52D5F69D0612}.Debug|x86.ActiveCfg = Debug|Any CPU
		{E6DCA648-55B4-4411-BC4D-52D5F69D0612}.Debug|x86.Build.0 = Debug|Any CPU
		{E6DCA648-55B4-4411-BC4D-52D5F69D0612}.Release|Any CPU.ActiveCfg = Release|Any CPU
		{E6DCA648-55B4-4411-BC4D-52D5F69D0612}.Release|Any CPU.Build.0 = Release|Any CPU
		{E6DCA648-55B4-4411-BC4D-52D5F69D0612}.Release|x64.ActiveCfg = Release|Any CPU
		{E6DCA648-55B4-4411-BC4D-52D5F69D0612}.Release|x64.Build.0 = Release|Any CPU
		{E6DCA648-55B4-4411-BC4D-52D5F69D0612}.Release|x86.ActiveCfg = Release|Any CPU
		{E6DCA648-55B4-4411-BC4D-52D5F69D0612}.Release|x86.Build.0 = Release|Any CPU
		{13E35096-AC30-4D5E-8834-8B8D0CD53774}.Debug|Any CPU.ActiveCfg = Debug|Any CPU
		{13E35096-AC30-4D5E-8834-8B8D0CD53774}.Debug|Any CPU.Build.0 = Debug|Any CPU
		{13E35096-AC30-4D5E-8834-8B8D0CD53774}.Debug|x64.ActiveCfg = Debug|x64
		{13E35096-AC30-4D5E-8834-8B8D0CD53774}.Debug|x64.Build.0 = Debug|x64
		{13E35096-AC30-4D5E-8834-8B8D0CD53774}.Debug|x86.ActiveCfg = Debug|x86
		{13E35096-AC30-4D5E-8834-8B8D0CD53774}.Debug|x86.Build.0 = Debug|x86
		{13E35096-AC30-4D5E-8834-8B8D0CD53774}.Release|Any CPU.ActiveCfg = Release|Any CPU
		{13E35096-AC30-4D5E-8834-8B8D0CD53774}.Release|Any CPU.Build.0 = Release|Any CPU
		{13E35096-AC30-4D5E-8834-8B8D0CD53774}.Release|x64.ActiveCfg = Release|x64
		{13E35096-AC30-4D5E-8834-8B8D0CD53774}.Release|x64.Build.0 = Release|x64
		{13E35096-AC30-4D5E-8834-8B8D0CD53774}.Release|x86.ActiveCfg = Release|x86
		{13E35096-AC30-4D5E-8834-8B8D0CD53774}.Release|x86.Build.0 = Release|x86
		{805080BC-7E25-4095-ADEF-968BB850752D}.Debug|Any CPU.ActiveCfg = Debug|Any CPU
		{805080BC-7E25-4095-ADEF-968BB850752D}.Debug|Any CPU.Build.0 = Debug|Any CPU
		{805080BC-7E25-4095-ADEF-968BB850752D}.Debug|x64.ActiveCfg = Debug|Any CPU
		{805080BC-7E25-4095-ADEF-968BB850752D}.Debug|x64.Build.0 = Debug|Any CPU
		{805080BC-7E25-4095-ADEF-968BB850752D}.Debug|x86.ActiveCfg = Debug|Any CPU
		{805080BC-7E25-4095-ADEF-968BB850752D}.Debug|x86.Build.0 = Debug|Any CPU
		{805080BC-7E25-4095-ADEF-968BB850752D}.Release|Any CPU.ActiveCfg = Release|Any CPU
		{805080BC-7E25-4095-ADEF-968BB850752D}.Release|Any CPU.Build.0 = Release|Any CPU
		{805080BC-7E25-4095-ADEF-968BB850752D}.Release|x64.ActiveCfg = Release|Any CPU
		{805080BC-7E25-4095-ADEF-968BB850752D}.Release|x64.Build.0 = Release|Any CPU
		{805080BC-7E25-4095-ADEF-968BB850752D}.Release|x86.ActiveCfg = Release|Any CPU
		{805080BC-7E25-4095-ADEF-968BB850752D}.Release|x86.Build.0 = Release|Any CPU
		{D5DF6461-F8FB-4B8B-96D5-2B8F968D20D5}.Debug|Any CPU.ActiveCfg = Debug|Any CPU
		{D5DF6461-F8FB-4B8B-96D5-2B8F968D20D5}.Debug|Any CPU.Build.0 = Debug|Any CPU
		{D5DF6461-F8FB-4B8B-96D5-2B8F968D20D5}.Debug|x64.ActiveCfg = Debug|Any CPU
		{D5DF6461-F8FB-4B8B-96D5-2B8F968D20D5}.Debug|x64.Build.0 = Debug|Any CPU
		{D5DF6461-F8FB-4B8B-96D5-2B8F968D20D5}.Debug|x86.ActiveCfg = Debug|Any CPU
		{D5DF6461-F8FB-4B8B-96D5-2B8F968D20D5}.Debug|x86.Build.0 = Debug|Any CPU
		{D5DF6461-F8FB-4B8B-96D5-2B8F968D20D5}.Release|Any CPU.ActiveCfg = Release|Any CPU
		{D5DF6461-F8FB-4B8B-96D5-2B8F968D20D5}.Release|Any CPU.Build.0 = Release|Any CPU
		{D5DF6461-F8FB-4B8B-96D5-2B8F968D20D5}.Release|x64.ActiveCfg = Release|Any CPU
		{D5DF6461-F8FB-4B8B-96D5-2B8F968D20D5}.Release|x64.Build.0 = Release|Any CPU
		{D5DF6461-F8FB-4B8B-96D5-2B8F968D20D5}.Release|x86.ActiveCfg = Release|Any CPU
		{D5DF6461-F8FB-4B8B-96D5-2B8F968D20D5}.Release|x86.Build.0 = Release|Any CPU
		{7EEB234A-C50A-4767-9C5E-6DA2000B10E4}.Debug|Any CPU.ActiveCfg = Debug|Any CPU
		{7EEB234A-C50A-4767-9C5E-6DA2000B10E4}.Debug|Any CPU.Build.0 = Debug|Any CPU
		{7EEB234A-C50A-4767-9C5E-6DA2000B10E4}.Debug|x64.ActiveCfg = Debug|Any CPU
		{7EEB234A-C50A-4767-9C5E-6DA2000B10E4}.Debug|x64.Build.0 = Debug|Any CPU
		{7EEB234A-C50A-4767-9C5E-6DA2000B10E4}.Debug|x86.ActiveCfg = Debug|Any CPU
		{7EEB234A-C50A-4767-9C5E-6DA2000B10E4}.Debug|x86.Build.0 = Debug|Any CPU
		{7EEB234A-C50A-4767-9C5E-6DA2000B10E4}.Release|Any CPU.ActiveCfg = Release|Any CPU
		{7EEB234A-C50A-4767-9C5E-6DA2000B10E4}.Release|Any CPU.Build.0 = Release|Any CPU
		{7EEB234A-C50A-4767-9C5E-6DA2000B10E4}.Release|x64.ActiveCfg = Release|Any CPU
		{7EEB234A-C50A-4767-9C5E-6DA2000B10E4}.Release|x64.Build.0 = Release|Any CPU
		{7EEB234A-C50A-4767-9C5E-6DA2000B10E4}.Release|x86.ActiveCfg = Release|Any CPU
		{7EEB234A-C50A-4767-9C5E-6DA2000B10E4}.Release|x86.Build.0 = Release|Any CPU
		{51926813-C4A1-4616-BDAB-0E1B3FF018E4}.Debug|Any CPU.ActiveCfg = Debug|Any CPU
		{51926813-C4A1-4616-BDAB-0E1B3FF018E4}.Debug|Any CPU.Build.0 = Debug|Any CPU
		{51926813-C4A1-4616-BDAB-0E1B3FF018E4}.Debug|x64.ActiveCfg = Debug|x64
		{51926813-C4A1-4616-BDAB-0E1B3FF018E4}.Debug|x64.Build.0 = Debug|x64
		{51926813-C4A1-4616-BDAB-0E1B3FF018E4}.Debug|x86.ActiveCfg = Debug|x86
		{51926813-C4A1-4616-BDAB-0E1B3FF018E4}.Debug|x86.Build.0 = Debug|x86
		{51926813-C4A1-4616-BDAB-0E1B3FF018E4}.Release|Any CPU.ActiveCfg = Release|Any CPU
		{51926813-C4A1-4616-BDAB-0E1B3FF018E4}.Release|Any CPU.Build.0 = Release|Any CPU
		{51926813-C4A1-4616-BDAB-0E1B3FF018E4}.Release|x64.ActiveCfg = Release|x64
		{51926813-C4A1-4616-BDAB-0E1B3FF018E4}.Release|x64.Build.0 = Release|x64
		{51926813-C4A1-4616-BDAB-0E1B3FF018E4}.Release|x86.ActiveCfg = Release|x86
		{51926813-C4A1-4616-BDAB-0E1B3FF018E4}.Release|x86.Build.0 = Release|x86
		{91EFB417-5EB6-40BC-BA98-E024E6D7CAF2}.Debug|Any CPU.ActiveCfg = Debug|Any CPU
		{91EFB417-5EB6-40BC-BA98-E024E6D7CAF2}.Debug|Any CPU.Build.0 = Debug|Any CPU
		{91EFB417-5EB6-40BC-BA98-E024E6D7CAF2}.Debug|x64.ActiveCfg = Debug|Any CPU
		{91EFB417-5EB6-40BC-BA98-E024E6D7CAF2}.Debug|x64.Build.0 = Debug|Any CPU
		{91EFB417-5EB6-40BC-BA98-E024E6D7CAF2}.Debug|x86.ActiveCfg = Debug|Any CPU
		{91EFB417-5EB6-40BC-BA98-E024E6D7CAF2}.Debug|x86.Build.0 = Debug|Any CPU
		{91EFB417-5EB6-40BC-BA98-E024E6D7CAF2}.Release|Any CPU.ActiveCfg = Release|Any CPU
		{91EFB417-5EB6-40BC-BA98-E024E6D7CAF2}.Release|Any CPU.Build.0 = Release|Any CPU
		{91EFB417-5EB6-40BC-BA98-E024E6D7CAF2}.Release|x64.ActiveCfg = Release|Any CPU
		{91EFB417-5EB6-40BC-BA98-E024E6D7CAF2}.Release|x64.Build.0 = Release|Any CPU
		{91EFB417-5EB6-40BC-BA98-E024E6D7CAF2}.Release|x86.ActiveCfg = Release|Any CPU
		{91EFB417-5EB6-40BC-BA98-E024E6D7CAF2}.Release|x86.Build.0 = Release|Any CPU
		{13101BDF-877D-41E4-8F9E-0E886B5AEBE3}.Debug|Any CPU.ActiveCfg = Debug|Any CPU
		{13101BDF-877D-41E4-8F9E-0E886B5AEBE3}.Debug|Any CPU.Build.0 = Debug|Any CPU
		{13101BDF-877D-41E4-8F9E-0E886B5AEBE3}.Debug|x64.ActiveCfg = Debug|Any CPU
		{13101BDF-877D-41E4-8F9E-0E886B5AEBE3}.Debug|x64.Build.0 = Debug|Any CPU
		{13101BDF-877D-41E4-8F9E-0E886B5AEBE3}.Debug|x86.ActiveCfg = Debug|Any CPU
		{13101BDF-877D-41E4-8F9E-0E886B5AEBE3}.Debug|x86.Build.0 = Debug|Any CPU
		{13101BDF-877D-41E4-8F9E-0E886B5AEBE3}.Release|Any CPU.ActiveCfg = Release|Any CPU
		{13101BDF-877D-41E4-8F9E-0E886B5AEBE3}.Release|Any CPU.Build.0 = Release|Any CPU
		{13101BDF-877D-41E4-8F9E-0E886B5AEBE3}.Release|x64.ActiveCfg = Release|Any CPU
		{13101BDF-877D-41E4-8F9E-0E886B5AEBE3}.Release|x64.Build.0 = Release|Any CPU
		{13101BDF-877D-41E4-8F9E-0E886B5AEBE3}.Release|x86.ActiveCfg = Release|Any CPU
		{13101BDF-877D-41E4-8F9E-0E886B5AEBE3}.Release|x86.Build.0 = Release|Any CPU
		{5B3D84C2-D970-41BA-8F01-8DC931EBAA8F}.Debug|Any CPU.ActiveCfg = Debug|Any CPU
		{5B3D84C2-D970-41BA-8F01-8DC931EBAA8F}.Debug|Any CPU.Build.0 = Debug|Any CPU
		{5B3D84C2-D970-41BA-8F01-8DC931EBAA8F}.Debug|x64.ActiveCfg = Debug|x64
		{5B3D84C2-D970-41BA-8F01-8DC931EBAA8F}.Debug|x64.Build.0 = Debug|x64
		{5B3D84C2-D970-41BA-8F01-8DC931EBAA8F}.Debug|x86.ActiveCfg = Debug|x86
		{5B3D84C2-D970-41BA-8F01-8DC931EBAA8F}.Debug|x86.Build.0 = Debug|x86
		{5B3D84C2-D970-41BA-8F01-8DC931EBAA8F}.Release|Any CPU.ActiveCfg = Release|Any CPU
		{5B3D84C2-D970-41BA-8F01-8DC931EBAA8F}.Release|Any CPU.Build.0 = Release|Any CPU
		{5B3D84C2-D970-41BA-8F01-8DC931EBAA8F}.Release|x64.ActiveCfg = Release|x64
		{5B3D84C2-D970-41BA-8F01-8DC931EBAA8F}.Release|x64.Build.0 = Release|x64
		{5B3D84C2-D970-41BA-8F01-8DC931EBAA8F}.Release|x86.ActiveCfg = Release|x86
		{5B3D84C2-D970-41BA-8F01-8DC931EBAA8F}.Release|x86.Build.0 = Release|x86
		{125BCBC1-B901-4B94-9C3C-57443726C503}.Debug|Any CPU.ActiveCfg = Debug|Any CPU
		{125BCBC1-B901-4B94-9C3C-57443726C503}.Debug|Any CPU.Build.0 = Debug|Any CPU
		{125BCBC1-B901-4B94-9C3C-57443726C503}.Debug|x64.ActiveCfg = Debug|Any CPU
		{125BCBC1-B901-4B94-9C3C-57443726C503}.Debug|x64.Build.0 = Debug|Any CPU
		{125BCBC1-B901-4B94-9C3C-57443726C503}.Debug|x86.ActiveCfg = Debug|Any CPU
		{125BCBC1-B901-4B94-9C3C-57443726C503}.Debug|x86.Build.0 = Debug|Any CPU
		{125BCBC1-B901-4B94-9C3C-57443726C503}.Release|Any CPU.ActiveCfg = Release|Any CPU
		{125BCBC1-B901-4B94-9C3C-57443726C503}.Release|Any CPU.Build.0 = Release|Any CPU
		{125BCBC1-B901-4B94-9C3C-57443726C503}.Release|x64.ActiveCfg = Release|Any CPU
		{125BCBC1-B901-4B94-9C3C-57443726C503}.Release|x64.Build.0 = Release|Any CPU
		{125BCBC1-B901-4B94-9C3C-57443726C503}.Release|x86.ActiveCfg = Release|Any CPU
		{125BCBC1-B901-4B94-9C3C-57443726C503}.Release|x86.Build.0 = Release|Any CPU
		{2938002C-55E1-427A-8E34-AB4ABCAD40A2}.Debug|Any CPU.ActiveCfg = Debug|Any CPU
		{2938002C-55E1-427A-8E34-AB4ABCAD40A2}.Debug|Any CPU.Build.0 = Debug|Any CPU
		{2938002C-55E1-427A-8E34-AB4ABCAD40A2}.Debug|x64.ActiveCfg = Debug|Any CPU
		{2938002C-55E1-427A-8E34-AB4ABCAD40A2}.Debug|x64.Build.0 = Debug|Any CPU
		{2938002C-55E1-427A-8E34-AB4ABCAD40A2}.Debug|x86.ActiveCfg = Debug|Any CPU
		{2938002C-55E1-427A-8E34-AB4ABCAD40A2}.Debug|x86.Build.0 = Debug|Any CPU
		{2938002C-55E1-427A-8E34-AB4ABCAD40A2}.Release|Any CPU.ActiveCfg = Release|Any CPU
		{2938002C-55E1-427A-8E34-AB4ABCAD40A2}.Release|Any CPU.Build.0 = Release|Any CPU
		{2938002C-55E1-427A-8E34-AB4ABCAD40A2}.Release|x64.ActiveCfg = Release|Any CPU
		{2938002C-55E1-427A-8E34-AB4ABCAD40A2}.Release|x64.Build.0 = Release|Any CPU
		{2938002C-55E1-427A-8E34-AB4ABCAD40A2}.Release|x86.ActiveCfg = Release|Any CPU
		{2938002C-55E1-427A-8E34-AB4ABCAD40A2}.Release|x86.Build.0 = Release|Any CPU
		{D7377349-B8EC-4752-B5EC-96830D11D942}.Debug|Any CPU.ActiveCfg = Debug|Any CPU
		{D7377349-B8EC-4752-B5EC-96830D11D942}.Debug|Any CPU.Build.0 = Debug|Any CPU
		{D7377349-B8EC-4752-B5EC-96830D11D942}.Debug|x64.ActiveCfg = Debug|x64
		{D7377349-B8EC-4752-B5EC-96830D11D942}.Debug|x64.Build.0 = Debug|x64
		{D7377349-B8EC-4752-B5EC-96830D11D942}.Debug|x86.ActiveCfg = Debug|x86
		{D7377349-B8EC-4752-B5EC-96830D11D942}.Debug|x86.Build.0 = Debug|x86
		{D7377349-B8EC-4752-B5EC-96830D11D942}.Release|Any CPU.ActiveCfg = Release|Any CPU
		{D7377349-B8EC-4752-B5EC-96830D11D942}.Release|Any CPU.Build.0 = Release|Any CPU
		{D7377349-B8EC-4752-B5EC-96830D11D942}.Release|x64.ActiveCfg = Release|x64
		{D7377349-B8EC-4752-B5EC-96830D11D942}.Release|x64.Build.0 = Release|x64
		{D7377349-B8EC-4752-B5EC-96830D11D942}.Release|x86.ActiveCfg = Release|x86
		{D7377349-B8EC-4752-B5EC-96830D11D942}.Release|x86.Build.0 = Release|x86
		{FEC8F234-9A42-4258-9F18-DE1C8A75EA47}.Debug|Any CPU.ActiveCfg = Debug|Any CPU
		{FEC8F234-9A42-4258-9F18-DE1C8A75EA47}.Debug|Any CPU.Build.0 = Debug|Any CPU
		{FEC8F234-9A42-4258-9F18-DE1C8A75EA47}.Debug|x64.ActiveCfg = Debug|Any CPU
		{FEC8F234-9A42-4258-9F18-DE1C8A75EA47}.Debug|x64.Build.0 = Debug|Any CPU
		{FEC8F234-9A42-4258-9F18-DE1C8A75EA47}.Debug|x86.ActiveCfg = Debug|Any CPU
		{FEC8F234-9A42-4258-9F18-DE1C8A75EA47}.Debug|x86.Build.0 = Debug|Any CPU
		{FEC8F234-9A42-4258-9F18-DE1C8A75EA47}.Release|Any CPU.ActiveCfg = Release|Any CPU
		{FEC8F234-9A42-4258-9F18-DE1C8A75EA47}.Release|Any CPU.Build.0 = Release|Any CPU
		{FEC8F234-9A42-4258-9F18-DE1C8A75EA47}.Release|x64.ActiveCfg = Release|Any CPU
		{FEC8F234-9A42-4258-9F18-DE1C8A75EA47}.Release|x64.Build.0 = Release|Any CPU
		{FEC8F234-9A42-4258-9F18-DE1C8A75EA47}.Release|x86.ActiveCfg = Release|Any CPU
		{FEC8F234-9A42-4258-9F18-DE1C8A75EA47}.Release|x86.Build.0 = Release|Any CPU
		{765B4548-F6B9-41C9-A640-A12B3F91185B}.Debug|Any CPU.ActiveCfg = Debug|Any CPU
		{765B4548-F6B9-41C9-A640-A12B3F91185B}.Debug|Any CPU.Build.0 = Debug|Any CPU
		{765B4548-F6B9-41C9-A640-A12B3F91185B}.Debug|x64.ActiveCfg = Debug|Any CPU
		{765B4548-F6B9-41C9-A640-A12B3F91185B}.Debug|x64.Build.0 = Debug|Any CPU
		{765B4548-F6B9-41C9-A640-A12B3F91185B}.Debug|x86.ActiveCfg = Debug|Any CPU
		{765B4548-F6B9-41C9-A640-A12B3F91185B}.Debug|x86.Build.0 = Debug|Any CPU
		{765B4548-F6B9-41C9-A640-A12B3F91185B}.Release|Any CPU.ActiveCfg = Release|Any CPU
		{765B4548-F6B9-41C9-A640-A12B3F91185B}.Release|Any CPU.Build.0 = Release|Any CPU
		{765B4548-F6B9-41C9-A640-A12B3F91185B}.Release|x64.ActiveCfg = Release|Any CPU
		{765B4548-F6B9-41C9-A640-A12B3F91185B}.Release|x64.Build.0 = Release|Any CPU
		{765B4548-F6B9-41C9-A640-A12B3F91185B}.Release|x86.ActiveCfg = Release|Any CPU
		{765B4548-F6B9-41C9-A640-A12B3F91185B}.Release|x86.Build.0 = Release|Any CPU
		{1C1A8C42-F043-4D14-B522-E501580D3364}.Debug|Any CPU.ActiveCfg = Debug|Any CPU
		{1C1A8C42-F043-4D14-B522-E501580D3364}.Debug|Any CPU.Build.0 = Debug|Any CPU
		{1C1A8C42-F043-4D14-B522-E501580D3364}.Debug|x64.ActiveCfg = Debug|Any CPU
		{1C1A8C42-F043-4D14-B522-E501580D3364}.Debug|x64.Build.0 = Debug|Any CPU
		{1C1A8C42-F043-4D14-B522-E501580D3364}.Debug|x86.ActiveCfg = Debug|Any CPU
		{1C1A8C42-F043-4D14-B522-E501580D3364}.Debug|x86.Build.0 = Debug|Any CPU
		{1C1A8C42-F043-4D14-B522-E501580D3364}.Release|Any CPU.ActiveCfg = Release|Any CPU
		{1C1A8C42-F043-4D14-B522-E501580D3364}.Release|Any CPU.Build.0 = Release|Any CPU
		{1C1A8C42-F043-4D14-B522-E501580D3364}.Release|x64.ActiveCfg = Release|Any CPU
		{1C1A8C42-F043-4D14-B522-E501580D3364}.Release|x64.Build.0 = Release|Any CPU
		{1C1A8C42-F043-4D14-B522-E501580D3364}.Release|x86.ActiveCfg = Release|Any CPU
		{1C1A8C42-F043-4D14-B522-E501580D3364}.Release|x86.Build.0 = Release|Any CPU
	EndGlobalSection
	GlobalSection(SolutionProperties) = preSolution
		HideSolutionNode = FALSE
	EndGlobalSection
	GlobalSection(NestedProjects) = preSolution
		{B59A92F9-ABDC-4200-A80D-58A5AB936591} = {E026EE7B-0B86-4A1C-95DE-779A9484AAA7}
		{0992B1B6-BE12-4B9F-9B15-4D1B03ECD306} = {1D50ED78-FBF6-490B-95ED-3A9CA0858936}
		{1D50ED78-FBF6-490B-95ED-3A9CA0858936} = {411D9516-6ACC-4FFB-9CFE-0B6E71333622}
		{B3A99961-88EB-4256-984A-01C346541183} = {E026EE7B-0B86-4A1C-95DE-779A9484AAA7}
		{492F80C1-E1F2-4CC9-8DBE-83BA63E7DE4C} = {E026EE7B-0B86-4A1C-95DE-779A9484AAA7}
		{A915024C-5FFD-4F1D-9322-A5A4382EBD04} = {2AFC5CCC-A9FC-4232-9A11-B58385408C56}
		{ECA07D24-2FD5-42E8-A5F7-3FDF54B10DD4} = {1D50ED78-FBF6-490B-95ED-3A9CA0858936}
		{041AF239-40F7-4D36-8CAA-1B5DE002FE4C} = {E026EE7B-0B86-4A1C-95DE-779A9484AAA7}
		{C0B7AE10-F8E3-4177-B937-F1787A7F0DF3} = {E026EE7B-0B86-4A1C-95DE-779A9484AAA7}
		{C355A114-A9F4-4199-8CDC-A861EB854716} = {2ECAD1EB-5B0E-4A87-ACAB-197AFBDA5BCD}
		{6A039A49-2397-4286-9B1F-5180D1A4186F} = {2ECAD1EB-5B0E-4A87-ACAB-197AFBDA5BCD}
		{33C28B64-5655-49C5-AFFF-FDE9A5811B77} = {2ECAD1EB-5B0E-4A87-ACAB-197AFBDA5BCD}
		{1D657725-7191-4A7C-9BE5-146C6E41F94E} = {33C28B64-5655-49C5-AFFF-FDE9A5811B77}
		{3DC72155-2BDC-4218-8DED-C656DEC2AF12} = {33C28B64-5655-49C5-AFFF-FDE9A5811B77}
		{896B208E-55DA-405D-8942-DFF34CF16285} = {6A039A49-2397-4286-9B1F-5180D1A4186F}
		{D81DD1AD-4E36-4E7B-953D-94644BAE5CBB} = {896B208E-55DA-405D-8942-DFF34CF16285}
		{0336D720-4588-4657-B4C0-5FC05A57DE39} = {D81DD1AD-4E36-4E7B-953D-94644BAE5CBB}
		{3A9CCCF2-35AD-48E8-BF59-9124FC32C16C} = {D81DD1AD-4E36-4E7B-953D-94644BAE5CBB}
		{BB895E55-A80A-4588-B9B8-E112A4EC9B55} = {C355A114-A9F4-4199-8CDC-A861EB854716}
		{DA87FBBB-48F4-46D4-90EF-AF4230A97088} = {1D657725-7191-4A7C-9BE5-146C6E41F94E}
		{54DCB4EF-1475-4C12-AA6C-ACB61519B4A9} = {1D657725-7191-4A7C-9BE5-146C6E41F94E}
		{AEF2E9DC-848A-42C9-9EB9-9A6F4CA1EB7D} = {0336D720-4588-4657-B4C0-5FC05A57DE39}
		{E3F7C799-234E-471C-A12B-B9BE04DA1B40} = {3A9CCCF2-35AD-48E8-BF59-9124FC32C16C}
		{87C16AD7-E22F-4118-BD34-A34041076975} = {D81DD1AD-4E36-4E7B-953D-94644BAE5CBB}
		{6BB1415B-EB7A-47DC-A764-0E1853EBB30C} = {BB895E55-A80A-4588-B9B8-E112A4EC9B55}
		{DD776491-CE90-473C-B361-51E0F476DCA7} = {896B208E-55DA-405D-8942-DFF34CF16285}
		{E76A146E-3EF3-427F-B496-054CF5946CE0} = {896B208E-55DA-405D-8942-DFF34CF16285}
		{1DDF892E-6842-489B-85BD-838B08A73E2A} = {266D615F-DC24-4744-B26F-B3BB5EFDEE45}
		{266D615F-DC24-4744-B26F-B3BB5EFDEE45} = {288AC550-E05B-4E18-9530-958B7A093A82}
		{E6DCA648-55B4-4411-BC4D-52D5F69D0612} = {1D657725-7191-4A7C-9BE5-146C6E41F94E}
		{0E09AA10-A937-4D57-BD80-6689E2B3E06E} = {288AC550-E05B-4E18-9530-958B7A093A82}
		{89BA4C93-ABF4-44CA-9CD1-6D8F47BB7780} = {0E09AA10-A937-4D57-BD80-6689E2B3E06E}
		{13E35096-AC30-4D5E-8834-8B8D0CD53774} = {1DDF892E-6842-489B-85BD-838B08A73E2A}
		{805080BC-7E25-4095-ADEF-968BB850752D} = {1DDF892E-6842-489B-85BD-838B08A73E2A}
		{D5DF6461-F8FB-4B8B-96D5-2B8F968D20D5} = {1DDF892E-6842-489B-85BD-838B08A73E2A}
		{7EEB234A-C50A-4767-9C5E-6DA2000B10E4} = {89BA4C93-ABF4-44CA-9CD1-6D8F47BB7780}
		{51926813-C4A1-4616-BDAB-0E1B3FF018E4} = {89BA4C93-ABF4-44CA-9CD1-6D8F47BB7780}
		{91EFB417-5EB6-40BC-BA98-E024E6D7CAF2} = {89BA4C93-ABF4-44CA-9CD1-6D8F47BB7780}
		{CEE45D39-E455-4E6A-A836-CF9E4DAB8289} = {2AFC5CCC-A9FC-4232-9A11-B58385408C56}
		{8FF223FC-8307-4A7F-86EA-938EB843D52A} = {0E09AA10-A937-4D57-BD80-6689E2B3E06E}
		{13101BDF-877D-41E4-8F9E-0E886B5AEBE3} = {8FF223FC-8307-4A7F-86EA-938EB843D52A}
		{5B3D84C2-D970-41BA-8F01-8DC931EBAA8F} = {8FF223FC-8307-4A7F-86EA-938EB843D52A}
		{125BCBC1-B901-4B94-9C3C-57443726C503} = {8FF223FC-8307-4A7F-86EA-938EB843D52A}
		{AC011305-A057-46F9-A463-491B9EED7ACD} = {266D615F-DC24-4744-B26F-B3BB5EFDEE45}
		{2938002C-55E1-427A-8E34-AB4ABCAD40A2} = {AC011305-A057-46F9-A463-491B9EED7ACD}
		{D7377349-B8EC-4752-B5EC-96830D11D942} = {AC011305-A057-46F9-A463-491B9EED7ACD}
		{FEC8F234-9A42-4258-9F18-DE1C8A75EA47} = {AC011305-A057-46F9-A463-491B9EED7ACD}
		{765B4548-F6B9-41C9-A640-A12B3F91185B} = {1D50ED78-FBF6-490B-95ED-3A9CA0858936}
		{1C1A8C42-F043-4D14-B522-E501580D3364} = {0336D720-4588-4657-B4C0-5FC05A57DE39}
	EndGlobalSection
	GlobalSection(ExtensibilityGlobals) = postSolution
		SolutionGuid = {BF840011-B60A-44FF-9D38-4CB15C4C9C8A}
		EnterpriseLibraryConfigurationToolBinariesPathV6 = packages\EnterpriseLibrary.Common.6.0.1304.0\lib\NET45;packages\EnterpriseLibrary.Data.6.0.1304.0\lib\NET45
	EndGlobalSection
EndGlobal
