
Microsoft Visual Studio Solution File, Format Version 12.00
# Visual Studio Version 16
VisualStudioVersion = 16.0.29806.167
MinimumVisualStudioVersion = 10.0.40219.1
Project("{FAE04EC0-301F-11D3-BF4B-00C04F79EFBC}") = "malone.Core", "malone.Core\malone.Core.csproj", "{B59A92F9-ABDC-4200-A80D-58A5AB936591}"
EndProject
Project("{2150E333-8FDC-42A3-9474-1A3956D46DE8}") = "00.Sample", "00.Sample", "{6A0344E2-DE8A-4D62-AF69-D90E18891476}"
EndProject
Project("{FAE04EC0-301F-11D3-BF4B-00C04F79EFBC}") = "malone.Core.Sample.Middle", "malone.Core.Sample.Middle\malone.Core.Sample.Middle.csproj", "{13E35096-AC30-4D5E-8834-8B8D0CD53774}"
EndProject
Project("{FAE04EC0-301F-11D3-BF4B-00C04F79EFBC}") = "malone.Core.Sample.DI", "malone.Core.Sample.DI\malone.Core.Sample.DI.csproj", "{4BABEC4C-780B-4393-AF09-656EBEA4A62E}"
EndProject
Project("{FAE04EC0-301F-11D3-BF4B-00C04F79EFBC}") = "malone.Core.Identity", "malone.Core.Identity\malone.Core.Identity.csproj", "{0992B1B6-BE12-4B9F-9B15-4D1B03ECD306}"
EndProject
Project("{FAE04EC0-301F-11D3-BF4B-00C04F79EFBC}") = "malone.Core.DAL.AdoNet.Oracle", "malone.Core.DAL.Oracle\malone.Core.DAL.AdoNet.Oracle.csproj", "{CAA30529-18D1-4B3E-BB31-26346F6B7E6C}"
EndProject
Project("{2150E333-8FDC-42A3-9474-1A3956D46DE8}") = "DAL", "DAL", "{CC3622BA-6F50-4F82-ADCF-31143468A9CA}"
EndProject
Project("{2150E333-8FDC-42A3-9474-1A3956D46DE8}") = "Identity", "Identity", "{1D50ED78-FBF6-490B-95ED-3A9CA0858936}"
EndProject
Project("{2150E333-8FDC-42A3-9474-1A3956D46DE8}") = "CL", "CL", "{4FCA633F-6624-41F7-9152-962E6E45B7BF}"
EndProject
Project("{FAE04EC0-301F-11D3-BF4B-00C04F79EFBC}") = "malone.Core.CL.Logging.Log4Net", "malone.Core.CL.Logging.Log4Net\malone.Core.CL.Logging.Log4Net.csproj", "{6DFC2083-92EF-4D48-AC33-77542EEC33F8}"
EndProject
Project("{FAE04EC0-301F-11D3-BF4B-00C04F79EFBC}") = "malone.Core.DAL.AdoNet.SqlServer", "malone.Core.DAL.SqlServer\malone.Core.DAL.AdoNet.SqlServer.csproj", "{09FC23A5-72A7-4624-AB38-0C755C915DAC}"
EndProject
Project("{2150E333-8FDC-42A3-9474-1A3956D46DE8}") = "AdoNet", "AdoNet", "{C36AE08A-5202-43C9-8D1B-95ABF1FCD145}"
EndProject
Project("{2150E333-8FDC-42A3-9474-1A3956D46DE8}") = "EF", "EF", "{879503B6-F95F-472A-BA33-FBC8D5B49431}"
EndProject
Project("{FAE04EC0-301F-11D3-BF4B-00C04F79EFBC}") = "malone.Core.DAL.EF", "malone.Core.DAL.EF\malone.Core.DAL.EF.csproj", "{BC436BFA-F343-43E9-A742-141B1598DF2E}"
EndProject
Project("{FAE04EC0-301F-11D3-BF4B-00C04F79EFBC}") = "malone.Core.EF", "malone.Core.EF\malone.Core.EF.csproj", "{B3A99961-88EB-4256-984A-01C346541183}"
EndProject
Project("{FAE04EC0-301F-11D3-BF4B-00C04F79EFBC}") = "malone.Core.AdoNet", "malone.Core.AdoNet\malone.Core.AdoNet.csproj", "{492F80C1-E1F2-4CC9-8DBE-83BA63E7DE4C}"
EndProject
Project("{2150E333-8FDC-42A3-9474-1A3956D46DE8}") = "00.Diagramas", "00.Diagramas", "{A915024C-5FFD-4F1D-9322-A5A4382EBD04}"
EndProject
Project("{2150E333-8FDC-42A3-9474-1A3956D46DE8}") = "01.Core", "01.Core", "{E026EE7B-0B86-4A1C-95DE-779A9484AAA7}"
EndProject
Project("{2150E333-8FDC-42A3-9474-1A3956D46DE8}") = "02.Implementations", "02.Implementations", "{2ECAD1EB-5B0E-4A87-ACAB-197AFBDA5BCD}"
EndProject
Project("{2150E333-8FDC-42A3-9474-1A3956D46DE8}") = "03.Extensions", "03.Extensions", "{411D9516-6ACC-4FFB-9CFE-0B6E71333622}"
EndProject
Project("{FAE04EC0-301F-11D3-BF4B-00C04F79EFBC}") = "malone.Core.Sample.UI.AdoNetSqlServer", "malone.Core.Sample.UI.AdoNetSqlServer\malone.Core.Sample.UI.AdoNetSqlServer.csproj", "{F23681A1-121E-4FAC-A788-1561BF27FC27}"
EndProject
Project("{FAE04EC0-301F-11D3-BF4B-00C04F79EFBC}") = "malone.Core.Sample.UI.AdoNetMySql", "malone.Core.Sample.UI.AdoNetMySql\malone.Core.Sample.UI.AdoNetMySql.csproj", "{D44488D2-C76B-46BD-BEBF-D9219BDBC4DB}"
EndProject
Project("{FAE04EC0-301F-11D3-BF4B-00C04F79EFBC}") = "malone.Core.Sample.UI.AdoNetOracle", "malone.Core.Sample.UI.AdoNetOracle\malone.Core.Sample.UI.AdoNetOracle.csproj", "{9C35557E-699F-4577-901F-62BD80BCBFDD}"
EndProject
Project("{FAE04EC0-301F-11D3-BF4B-00C04F79EFBC}") = "malone.Core.Sample.UI.AdoNetSQLite", "malone.Core.Sample.UI.AdoNetSQLite\malone.Core.Sample.UI.AdoNetSQLite.csproj", "{B1A436D5-0C3F-441E-904C-D338F571CF9A}"
EndProject
Project("{FAE04EC0-301F-11D3-BF4B-00C04F79EFBC}") = "malone.Core.Sample.UI.EFMySql", "malone.Core.Sample.UI.EFMySql\malone.Core.Sample.UI.EFMySql.csproj", "{94C25A42-C274-47C6-B546-24E014857941}"
EndProject
Project("{FAE04EC0-301F-11D3-BF4B-00C04F79EFBC}") = "malone.Core.Sample.UI.EFOracle", "malone.Core.Sample.UI.EFOracle\malone.Core.Sample.UI.EFOracle.csproj", "{44883558-4FE6-467F-98FE-390FE411C65F}"
EndProject
Project("{FAE04EC0-301F-11D3-BF4B-00C04F79EFBC}") = "malone.Core.Sample.UI.EFSQLite", "malone.Core.Sample.UI.EFSQLite\malone.Core.Sample.UI.EFSQLite.csproj", "{CB47237B-034E-422F-91F8-74CC8A8C2B0E}"
EndProject
Project("{FAE04EC0-301F-11D3-BF4B-00C04F79EFBC}") = "malone.Core.Sample.UI.EFSqlServer", "malone.Core.Sample.UI.EFSqlServer\malone.Core.Sample.UI.EFSqlServer.csproj", "{76DD59C6-80F0-4DCB-B417-9A04A5B916C6}"
EndProject
Project("{FAE04EC0-301F-11D3-BF4B-00C04F79EFBC}") = "malone.Core.Sample.UI.AdoNetMondoDB", "malone.Core.Sample.UI.AdoNetMongoDB\malone.Core.Sample.UI.AdoNetMondoDB.csproj", "{BEDE2A91-3702-465D-B960-E6D9495E0368}"
EndProject
Project("{FAE04EC0-301F-11D3-BF4B-00C04F79EFBC}") = "malone.Core.Sample.UI.EFMongoDB", "malone.Core.Sample.UI.EFMongoDB\malone.Core.Sample.UI.EFMongoDB.csproj", "{865312CD-7C5F-46CB-B0D1-7952F8E51842}"
EndProject
Project("{2150E333-8FDC-42A3-9474-1A3956D46DE8}") = "AdoNet", "AdoNet", "{7283A148-D740-4A3C-AF8B-26CEBA7E29E0}"
EndProject
Project("{2150E333-8FDC-42A3-9474-1A3956D46DE8}") = "EF", "EF", "{D1A1EB11-AB31-4B23-87B5-8EDE371ED022}"
EndProject
Project("{FAE04EC0-301F-11D3-BF4B-00C04F79EFBC}") = "malone.Core.Identity.EntityFramework", "malone.Core.Identity.EntityFramework\malone.Core.Identity.EntityFramework.csproj", "{ECA07D24-2FD5-42E8-A5F7-3FDF54B10DD4}"
EndProject
Project("{2150E333-8FDC-42A3-9474-1A3956D46DE8}") = "MongoDB", "MongoDB", "{2FD74C7B-EE26-4DCA-BCC1-E412C5BE54CA}"
EndProject
Project("{2150E333-8FDC-42A3-9474-1A3956D46DE8}") = "MySql", "MySql", "{C2783806-B8AF-42CA-B37B-15AB81994ACD}"
EndProject
Project("{2150E333-8FDC-42A3-9474-1A3956D46DE8}") = "Oracle", "Oracle", "{3FA42EC1-F778-49AD-BC5A-5FDBA529A993}"
EndProject
Project("{2150E333-8FDC-42A3-9474-1A3956D46DE8}") = "SQLite", "SQLite", "{29164466-40DB-4426-83DE-0E7B4BB2BF22}"
EndProject
Project("{2150E333-8FDC-42A3-9474-1A3956D46DE8}") = "SqlServer", "SqlServer", "{1A72B825-D936-4DF8-A825-26769E91FD3D}"
EndProject
Project("{2150E333-8FDC-42A3-9474-1A3956D46DE8}") = "MongoDB", "MongoDB", "{51FD8F87-FCDB-4BBD-A73C-9BB5287E2662}"
EndProject
Project("{2150E333-8FDC-42A3-9474-1A3956D46DE8}") = "MySql", "MySql", "{C86328E6-BD34-4804-895E-155A331493BA}"
EndProject
Project("{2150E333-8FDC-42A3-9474-1A3956D46DE8}") = "Oracle", "Oracle", "{3D4DB9AE-8F30-487A-B88F-3E0CCE4F9001}"
EndProject
Project("{2150E333-8FDC-42A3-9474-1A3956D46DE8}") = "SQLite", "SQLite", "{8FF02095-FB24-4325-93AF-BBCE02BCD4FF}"
EndProject
Project("{2150E333-8FDC-42A3-9474-1A3956D46DE8}") = "SqlServer", "SqlServer", "{A61ECDCF-5B50-40E3-91F3-23223C534FF5}"
EndProject
Global
	GlobalSection(SolutionConfigurationPlatforms) = preSolution
		Debug|Any CPU = Debug|Any CPU
		Debug|x64 = Debug|x64
		Debug|x86 = Debug|x86
		Release|Any CPU = Release|Any CPU
		Release|x64 = Release|x64
		Release|x86 = Release|x86
	EndGlobalSection
	GlobalSection(ProjectConfigurationPlatforms) = postSolution
		{B59A92F9-ABDC-4200-A80D-58A5AB936591}.Debug|Any CPU.ActiveCfg = Debug|Any CPU
		{B59A92F9-ABDC-4200-A80D-58A5AB936591}.Debug|Any CPU.Build.0 = Debug|Any CPU
		{B59A92F9-ABDC-4200-A80D-58A5AB936591}.Debug|x64.ActiveCfg = Debug|x64
		{B59A92F9-ABDC-4200-A80D-58A5AB936591}.Debug|x64.Build.0 = Debug|x64
		{B59A92F9-ABDC-4200-A80D-58A5AB936591}.Debug|x86.ActiveCfg = Debug|x86
		{B59A92F9-ABDC-4200-A80D-58A5AB936591}.Debug|x86.Build.0 = Debug|x86
		{B59A92F9-ABDC-4200-A80D-58A5AB936591}.Release|Any CPU.ActiveCfg = Release|Any CPU
		{B59A92F9-ABDC-4200-A80D-58A5AB936591}.Release|Any CPU.Build.0 = Release|Any CPU
		{B59A92F9-ABDC-4200-A80D-58A5AB936591}.Release|x64.ActiveCfg = Release|x64
		{B59A92F9-ABDC-4200-A80D-58A5AB936591}.Release|x64.Build.0 = Release|x64
		{B59A92F9-ABDC-4200-A80D-58A5AB936591}.Release|x86.ActiveCfg = Release|x86
		{B59A92F9-ABDC-4200-A80D-58A5AB936591}.Release|x86.Build.0 = Release|x86
		{13E35096-AC30-4D5E-8834-8B8D0CD53774}.Debug|Any CPU.ActiveCfg = Debug|Any CPU
		{13E35096-AC30-4D5E-8834-8B8D0CD53774}.Debug|Any CPU.Build.0 = Debug|Any CPU
		{13E35096-AC30-4D5E-8834-8B8D0CD53774}.Debug|x64.ActiveCfg = Debug|x64
		{13E35096-AC30-4D5E-8834-8B8D0CD53774}.Debug|x64.Build.0 = Debug|x64
		{13E35096-AC30-4D5E-8834-8B8D0CD53774}.Debug|x86.ActiveCfg = Debug|x86
		{13E35096-AC30-4D5E-8834-8B8D0CD53774}.Debug|x86.Build.0 = Debug|x86
		{13E35096-AC30-4D5E-8834-8B8D0CD53774}.Release|Any CPU.ActiveCfg = Release|Any CPU
		{13E35096-AC30-4D5E-8834-8B8D0CD53774}.Release|Any CPU.Build.0 = Release|Any CPU
		{13E35096-AC30-4D5E-8834-8B8D0CD53774}.Release|x64.ActiveCfg = Release|x64
		{13E35096-AC30-4D5E-8834-8B8D0CD53774}.Release|x64.Build.0 = Release|x64
		{13E35096-AC30-4D5E-8834-8B8D0CD53774}.Release|x86.ActiveCfg = Release|x86
		{13E35096-AC30-4D5E-8834-8B8D0CD53774}.Release|x86.Build.0 = Release|x86
		{4BABEC4C-780B-4393-AF09-656EBEA4A62E}.Debug|Any CPU.ActiveCfg = Debug|Any CPU
		{4BABEC4C-780B-4393-AF09-656EBEA4A62E}.Debug|Any CPU.Build.0 = Debug|Any CPU
		{4BABEC4C-780B-4393-AF09-656EBEA4A62E}.Debug|x64.ActiveCfg = Debug|x64
		{4BABEC4C-780B-4393-AF09-656EBEA4A62E}.Debug|x64.Build.0 = Debug|x64
		{4BABEC4C-780B-4393-AF09-656EBEA4A62E}.Debug|x86.ActiveCfg = Debug|x86
		{4BABEC4C-780B-4393-AF09-656EBEA4A62E}.Debug|x86.Build.0 = Debug|x86
		{4BABEC4C-780B-4393-AF09-656EBEA4A62E}.Release|Any CPU.ActiveCfg = Release|Any CPU
		{4BABEC4C-780B-4393-AF09-656EBEA4A62E}.Release|Any CPU.Build.0 = Release|Any CPU
		{4BABEC4C-780B-4393-AF09-656EBEA4A62E}.Release|x64.ActiveCfg = Release|x64
		{4BABEC4C-780B-4393-AF09-656EBEA4A62E}.Release|x64.Build.0 = Release|x64
		{4BABEC4C-780B-4393-AF09-656EBEA4A62E}.Release|x86.ActiveCfg = Release|x86
		{4BABEC4C-780B-4393-AF09-656EBEA4A62E}.Release|x86.Build.0 = Release|x86
		{0992B1B6-BE12-4B9F-9B15-4D1B03ECD306}.Debug|Any CPU.ActiveCfg = Debug|Any CPU
		{0992B1B6-BE12-4B9F-9B15-4D1B03ECD306}.Debug|Any CPU.Build.0 = Debug|Any CPU
		{0992B1B6-BE12-4B9F-9B15-4D1B03ECD306}.Debug|x64.ActiveCfg = Debug|Any CPU
		{0992B1B6-BE12-4B9F-9B15-4D1B03ECD306}.Debug|x64.Build.0 = Debug|Any CPU
		{0992B1B6-BE12-4B9F-9B15-4D1B03ECD306}.Debug|x86.ActiveCfg = Debug|Any CPU
		{0992B1B6-BE12-4B9F-9B15-4D1B03ECD306}.Debug|x86.Build.0 = Debug|Any CPU
		{0992B1B6-BE12-4B9F-9B15-4D1B03ECD306}.Release|Any CPU.ActiveCfg = Release|Any CPU
		{0992B1B6-BE12-4B9F-9B15-4D1B03ECD306}.Release|Any CPU.Build.0 = Release|Any CPU
		{0992B1B6-BE12-4B9F-9B15-4D1B03ECD306}.Release|x64.ActiveCfg = Release|Any CPU
		{0992B1B6-BE12-4B9F-9B15-4D1B03ECD306}.Release|x64.Build.0 = Release|Any CPU
		{0992B1B6-BE12-4B9F-9B15-4D1B03ECD306}.Release|x86.ActiveCfg = Release|Any CPU
		{0992B1B6-BE12-4B9F-9B15-4D1B03ECD306}.Release|x86.Build.0 = Release|Any CPU
		{CAA30529-18D1-4B3E-BB31-26346F6B7E6C}.Debug|Any CPU.ActiveCfg = Debug|Any CPU
		{CAA30529-18D1-4B3E-BB31-26346F6B7E6C}.Debug|Any CPU.Build.0 = Debug|Any CPU
		{CAA30529-18D1-4B3E-BB31-26346F6B7E6C}.Debug|x64.ActiveCfg = Debug|Any CPU
		{CAA30529-18D1-4B3E-BB31-26346F6B7E6C}.Debug|x64.Build.0 = Debug|Any CPU
		{CAA30529-18D1-4B3E-BB31-26346F6B7E6C}.Debug|x86.ActiveCfg = Debug|Any CPU
		{CAA30529-18D1-4B3E-BB31-26346F6B7E6C}.Debug|x86.Build.0 = Debug|Any CPU
		{CAA30529-18D1-4B3E-BB31-26346F6B7E6C}.Release|Any CPU.ActiveCfg = Release|Any CPU
		{CAA30529-18D1-4B3E-BB31-26346F6B7E6C}.Release|Any CPU.Build.0 = Release|Any CPU
		{CAA30529-18D1-4B3E-BB31-26346F6B7E6C}.Release|x64.ActiveCfg = Release|Any CPU
		{CAA30529-18D1-4B3E-BB31-26346F6B7E6C}.Release|x64.Build.0 = Release|Any CPU
		{CAA30529-18D1-4B3E-BB31-26346F6B7E6C}.Release|x86.ActiveCfg = Release|Any CPU
		{CAA30529-18D1-4B3E-BB31-26346F6B7E6C}.Release|x86.Build.0 = Release|Any CPU
		{6DFC2083-92EF-4D48-AC33-77542EEC33F8}.Debug|Any CPU.ActiveCfg = Debug|Any CPU
		{6DFC2083-92EF-4D48-AC33-77542EEC33F8}.Debug|Any CPU.Build.0 = Debug|Any CPU
		{6DFC2083-92EF-4D48-AC33-77542EEC33F8}.Debug|x64.ActiveCfg = Debug|Any CPU
		{6DFC2083-92EF-4D48-AC33-77542EEC33F8}.Debug|x64.Build.0 = Debug|Any CPU
		{6DFC2083-92EF-4D48-AC33-77542EEC33F8}.Debug|x86.ActiveCfg = Debug|Any CPU
		{6DFC2083-92EF-4D48-AC33-77542EEC33F8}.Debug|x86.Build.0 = Debug|Any CPU
		{6DFC2083-92EF-4D48-AC33-77542EEC33F8}.Release|Any CPU.ActiveCfg = Release|Any CPU
		{6DFC2083-92EF-4D48-AC33-77542EEC33F8}.Release|Any CPU.Build.0 = Release|Any CPU
		{6DFC2083-92EF-4D48-AC33-77542EEC33F8}.Release|x64.ActiveCfg = Release|Any CPU
		{6DFC2083-92EF-4D48-AC33-77542EEC33F8}.Release|x64.Build.0 = Release|Any CPU
		{6DFC2083-92EF-4D48-AC33-77542EEC33F8}.Release|x86.ActiveCfg = Release|Any CPU
		{6DFC2083-92EF-4D48-AC33-77542EEC33F8}.Release|x86.Build.0 = Release|Any CPU
		{09FC23A5-72A7-4624-AB38-0C755C915DAC}.Debug|Any CPU.ActiveCfg = Debug|Any CPU
		{09FC23A5-72A7-4624-AB38-0C755C915DAC}.Debug|Any CPU.Build.0 = Debug|Any CPU
		{09FC23A5-72A7-4624-AB38-0C755C915DAC}.Debug|x64.ActiveCfg = Debug|Any CPU
		{09FC23A5-72A7-4624-AB38-0C755C915DAC}.Debug|x64.Build.0 = Debug|Any CPU
		{09FC23A5-72A7-4624-AB38-0C755C915DAC}.Debug|x86.ActiveCfg = Debug|Any CPU
		{09FC23A5-72A7-4624-AB38-0C755C915DAC}.Debug|x86.Build.0 = Debug|Any CPU
		{09FC23A5-72A7-4624-AB38-0C755C915DAC}.Release|Any CPU.ActiveCfg = Release|Any CPU
		{09FC23A5-72A7-4624-AB38-0C755C915DAC}.Release|Any CPU.Build.0 = Release|Any CPU
		{09FC23A5-72A7-4624-AB38-0C755C915DAC}.Release|x64.ActiveCfg = Release|Any CPU
		{09FC23A5-72A7-4624-AB38-0C755C915DAC}.Release|x64.Build.0 = Release|Any CPU
		{09FC23A5-72A7-4624-AB38-0C755C915DAC}.Release|x86.ActiveCfg = Release|Any CPU
		{09FC23A5-72A7-4624-AB38-0C755C915DAC}.Release|x86.Build.0 = Release|Any CPU
		{BC436BFA-F343-43E9-A742-141B1598DF2E}.Debug|Any CPU.ActiveCfg = Debug|Any CPU
		{BC436BFA-F343-43E9-A742-141B1598DF2E}.Debug|Any CPU.Build.0 = Debug|Any CPU
		{BC436BFA-F343-43E9-A742-141B1598DF2E}.Debug|x64.ActiveCfg = Debug|Any CPU
		{BC436BFA-F343-43E9-A742-141B1598DF2E}.Debug|x64.Build.0 = Debug|Any CPU
		{BC436BFA-F343-43E9-A742-141B1598DF2E}.Debug|x86.ActiveCfg = Debug|Any CPU
		{BC436BFA-F343-43E9-A742-141B1598DF2E}.Debug|x86.Build.0 = Debug|Any CPU
		{BC436BFA-F343-43E9-A742-141B1598DF2E}.Release|Any CPU.ActiveCfg = Release|Any CPU
		{BC436BFA-F343-43E9-A742-141B1598DF2E}.Release|Any CPU.Build.0 = Release|Any CPU
		{BC436BFA-F343-43E9-A742-141B1598DF2E}.Release|x64.ActiveCfg = Release|Any CPU
		{BC436BFA-F343-43E9-A742-141B1598DF2E}.Release|x64.Build.0 = Release|Any CPU
		{BC436BFA-F343-43E9-A742-141B1598DF2E}.Release|x86.ActiveCfg = Release|Any CPU
		{BC436BFA-F343-43E9-A742-141B1598DF2E}.Release|x86.Build.0 = Release|Any CPU
		{B3A99961-88EB-4256-984A-01C346541183}.Debug|Any CPU.ActiveCfg = Debug|Any CPU
		{B3A99961-88EB-4256-984A-01C346541183}.Debug|Any CPU.Build.0 = Debug|Any CPU
		{B3A99961-88EB-4256-984A-01C346541183}.Debug|x64.ActiveCfg = Debug|Any CPU
		{B3A99961-88EB-4256-984A-01C346541183}.Debug|x64.Build.0 = Debug|Any CPU
		{B3A99961-88EB-4256-984A-01C346541183}.Debug|x86.ActiveCfg = Debug|Any CPU
		{B3A99961-88EB-4256-984A-01C346541183}.Debug|x86.Build.0 = Debug|Any CPU
		{B3A99961-88EB-4256-984A-01C346541183}.Release|Any CPU.ActiveCfg = Release|Any CPU
		{B3A99961-88EB-4256-984A-01C346541183}.Release|Any CPU.Build.0 = Release|Any CPU
		{B3A99961-88EB-4256-984A-01C346541183}.Release|x64.ActiveCfg = Release|Any CPU
		{B3A99961-88EB-4256-984A-01C346541183}.Release|x64.Build.0 = Release|Any CPU
		{B3A99961-88EB-4256-984A-01C346541183}.Release|x86.ActiveCfg = Release|Any CPU
		{B3A99961-88EB-4256-984A-01C346541183}.Release|x86.Build.0 = Release|Any CPU
		{492F80C1-E1F2-4CC9-8DBE-83BA63E7DE4C}.Debug|Any CPU.ActiveCfg = Debug|Any CPU
		{492F80C1-E1F2-4CC9-8DBE-83BA63E7DE4C}.Debug|Any CPU.Build.0 = Debug|Any CPU
		{492F80C1-E1F2-4CC9-8DBE-83BA63E7DE4C}.Debug|x64.ActiveCfg = Debug|Any CPU
		{492F80C1-E1F2-4CC9-8DBE-83BA63E7DE4C}.Debug|x64.Build.0 = Debug|Any CPU
		{492F80C1-E1F2-4CC9-8DBE-83BA63E7DE4C}.Debug|x86.ActiveCfg = Debug|Any CPU
		{492F80C1-E1F2-4CC9-8DBE-83BA63E7DE4C}.Debug|x86.Build.0 = Debug|Any CPU
		{492F80C1-E1F2-4CC9-8DBE-83BA63E7DE4C}.Release|Any CPU.ActiveCfg = Release|Any CPU
		{492F80C1-E1F2-4CC9-8DBE-83BA63E7DE4C}.Release|Any CPU.Build.0 = Release|Any CPU
		{492F80C1-E1F2-4CC9-8DBE-83BA63E7DE4C}.Release|x64.ActiveCfg = Release|Any CPU
		{492F80C1-E1F2-4CC9-8DBE-83BA63E7DE4C}.Release|x64.Build.0 = Release|Any CPU
		{492F80C1-E1F2-4CC9-8DBE-83BA63E7DE4C}.Release|x86.ActiveCfg = Release|Any CPU
		{492F80C1-E1F2-4CC9-8DBE-83BA63E7DE4C}.Release|x86.Build.0 = Release|Any CPU
		{F23681A1-121E-4FAC-A788-1561BF27FC27}.Debug|Any CPU.ActiveCfg = Debug|Any CPU
		{F23681A1-121E-4FAC-A788-1561BF27FC27}.Debug|Any CPU.Build.0 = Debug|Any CPU
		{F23681A1-121E-4FAC-A788-1561BF27FC27}.Debug|x64.ActiveCfg = Debug|x64
		{F23681A1-121E-4FAC-A788-1561BF27FC27}.Debug|x64.Build.0 = Debug|x64
		{F23681A1-121E-4FAC-A788-1561BF27FC27}.Debug|x86.ActiveCfg = Debug|x86
		{F23681A1-121E-4FAC-A788-1561BF27FC27}.Debug|x86.Build.0 = Debug|x86
		{F23681A1-121E-4FAC-A788-1561BF27FC27}.Release|Any CPU.ActiveCfg = Release|Any CPU
		{F23681A1-121E-4FAC-A788-1561BF27FC27}.Release|Any CPU.Build.0 = Release|Any CPU
		{F23681A1-121E-4FAC-A788-1561BF27FC27}.Release|x64.ActiveCfg = Release|x64
		{F23681A1-121E-4FAC-A788-1561BF27FC27}.Release|x64.Build.0 = Release|x64
		{F23681A1-121E-4FAC-A788-1561BF27FC27}.Release|x86.ActiveCfg = Release|x86
		{F23681A1-121E-4FAC-A788-1561BF27FC27}.Release|x86.Build.0 = Release|x86
		{D44488D2-C76B-46BD-BEBF-D9219BDBC4DB}.Debug|Any CPU.ActiveCfg = Debug|Any CPU
		{D44488D2-C76B-46BD-BEBF-D9219BDBC4DB}.Debug|Any CPU.Build.0 = Debug|Any CPU
		{D44488D2-C76B-46BD-BEBF-D9219BDBC4DB}.Debug|x64.ActiveCfg = Debug|x64
		{D44488D2-C76B-46BD-BEBF-D9219BDBC4DB}.Debug|x64.Build.0 = Debug|x64
		{D44488D2-C76B-46BD-BEBF-D9219BDBC4DB}.Debug|x86.ActiveCfg = Debug|x86
		{D44488D2-C76B-46BD-BEBF-D9219BDBC4DB}.Debug|x86.Build.0 = Debug|x86
		{D44488D2-C76B-46BD-BEBF-D9219BDBC4DB}.Release|Any CPU.ActiveCfg = Release|Any CPU
		{D44488D2-C76B-46BD-BEBF-D9219BDBC4DB}.Release|Any CPU.Build.0 = Release|Any CPU
		{D44488D2-C76B-46BD-BEBF-D9219BDBC4DB}.Release|x64.ActiveCfg = Release|x64
		{D44488D2-C76B-46BD-BEBF-D9219BDBC4DB}.Release|x64.Build.0 = Release|x64
		{D44488D2-C76B-46BD-BEBF-D9219BDBC4DB}.Release|x86.ActiveCfg = Release|x86
		{D44488D2-C76B-46BD-BEBF-D9219BDBC4DB}.Release|x86.Build.0 = Release|x86
		{9C35557E-699F-4577-901F-62BD80BCBFDD}.Debug|Any CPU.ActiveCfg = Debug|Any CPU
		{9C35557E-699F-4577-901F-62BD80BCBFDD}.Debug|Any CPU.Build.0 = Debug|Any CPU
		{9C35557E-699F-4577-901F-62BD80BCBFDD}.Debug|x64.ActiveCfg = Debug|x64
		{9C35557E-699F-4577-901F-62BD80BCBFDD}.Debug|x64.Build.0 = Debug|x64
		{9C35557E-699F-4577-901F-62BD80BCBFDD}.Debug|x86.ActiveCfg = Debug|x86
		{9C35557E-699F-4577-901F-62BD80BCBFDD}.Debug|x86.Build.0 = Debug|x86
		{9C35557E-699F-4577-901F-62BD80BCBFDD}.Release|Any CPU.ActiveCfg = Release|Any CPU
		{9C35557E-699F-4577-901F-62BD80BCBFDD}.Release|Any CPU.Build.0 = Release|Any CPU
		{9C35557E-699F-4577-901F-62BD80BCBFDD}.Release|x64.ActiveCfg = Release|x64
		{9C35557E-699F-4577-901F-62BD80BCBFDD}.Release|x64.Build.0 = Release|x64
		{9C35557E-699F-4577-901F-62BD80BCBFDD}.Release|x86.ActiveCfg = Release|x86
		{9C35557E-699F-4577-901F-62BD80BCBFDD}.Release|x86.Build.0 = Release|x86
		{B1A436D5-0C3F-441E-904C-D338F571CF9A}.Debug|Any CPU.ActiveCfg = Debug|Any CPU
		{B1A436D5-0C3F-441E-904C-D338F571CF9A}.Debug|Any CPU.Build.0 = Debug|Any CPU
		{B1A436D5-0C3F-441E-904C-D338F571CF9A}.Debug|x64.ActiveCfg = Debug|x64
		{B1A436D5-0C3F-441E-904C-D338F571CF9A}.Debug|x64.Build.0 = Debug|x64
		{B1A436D5-0C3F-441E-904C-D338F571CF9A}.Debug|x86.ActiveCfg = Debug|x86
		{B1A436D5-0C3F-441E-904C-D338F571CF9A}.Debug|x86.Build.0 = Debug|x86
		{B1A436D5-0C3F-441E-904C-D338F571CF9A}.Release|Any CPU.ActiveCfg = Release|Any CPU
		{B1A436D5-0C3F-441E-904C-D338F571CF9A}.Release|Any CPU.Build.0 = Release|Any CPU
		{B1A436D5-0C3F-441E-904C-D338F571CF9A}.Release|x64.ActiveCfg = Release|x64
		{B1A436D5-0C3F-441E-904C-D338F571CF9A}.Release|x64.Build.0 = Release|x64
		{B1A436D5-0C3F-441E-904C-D338F571CF9A}.Release|x86.ActiveCfg = Release|x86
		{B1A436D5-0C3F-441E-904C-D338F571CF9A}.Release|x86.Build.0 = Release|x86
		{94C25A42-C274-47C6-B546-24E014857941}.Debug|Any CPU.ActiveCfg = Debug|Any CPU
		{94C25A42-C274-47C6-B546-24E014857941}.Debug|Any CPU.Build.0 = Debug|Any CPU
		{94C25A42-C274-47C6-B546-24E014857941}.Debug|x64.ActiveCfg = Debug|x64
		{94C25A42-C274-47C6-B546-24E014857941}.Debug|x64.Build.0 = Debug|x64
		{94C25A42-C274-47C6-B546-24E014857941}.Debug|x86.ActiveCfg = Debug|x86
		{94C25A42-C274-47C6-B546-24E014857941}.Debug|x86.Build.0 = Debug|x86
		{94C25A42-C274-47C6-B546-24E014857941}.Release|Any CPU.ActiveCfg = Release|Any CPU
		{94C25A42-C274-47C6-B546-24E014857941}.Release|Any CPU.Build.0 = Release|Any CPU
		{94C25A42-C274-47C6-B546-24E014857941}.Release|x64.ActiveCfg = Release|x64
		{94C25A42-C274-47C6-B546-24E014857941}.Release|x64.Build.0 = Release|x64
		{94C25A42-C274-47C6-B546-24E014857941}.Release|x86.ActiveCfg = Release|x86
		{94C25A42-C274-47C6-B546-24E014857941}.Release|x86.Build.0 = Release|x86
		{44883558-4FE6-467F-98FE-390FE411C65F}.Debug|Any CPU.ActiveCfg = Debug|Any CPU
		{44883558-4FE6-467F-98FE-390FE411C65F}.Debug|Any CPU.Build.0 = Debug|Any CPU
		{44883558-4FE6-467F-98FE-390FE411C65F}.Debug|x64.ActiveCfg = Debug|x64
		{44883558-4FE6-467F-98FE-390FE411C65F}.Debug|x64.Build.0 = Debug|x64
		{44883558-4FE6-467F-98FE-390FE411C65F}.Debug|x86.ActiveCfg = Debug|x86
		{44883558-4FE6-467F-98FE-390FE411C65F}.Debug|x86.Build.0 = Debug|x86
		{44883558-4FE6-467F-98FE-390FE411C65F}.Release|Any CPU.ActiveCfg = Release|Any CPU
		{44883558-4FE6-467F-98FE-390FE411C65F}.Release|Any CPU.Build.0 = Release|Any CPU
		{44883558-4FE6-467F-98FE-390FE411C65F}.Release|x64.ActiveCfg = Release|x64
		{44883558-4FE6-467F-98FE-390FE411C65F}.Release|x64.Build.0 = Release|x64
		{44883558-4FE6-467F-98FE-390FE411C65F}.Release|x86.ActiveCfg = Release|x86
		{44883558-4FE6-467F-98FE-390FE411C65F}.Release|x86.Build.0 = Release|x86
		{CB47237B-034E-422F-91F8-74CC8A8C2B0E}.Debug|Any CPU.ActiveCfg = Debug|Any CPU
		{CB47237B-034E-422F-91F8-74CC8A8C2B0E}.Debug|Any CPU.Build.0 = Debug|Any CPU
		{CB47237B-034E-422F-91F8-74CC8A8C2B0E}.Debug|x64.ActiveCfg = Debug|x64
		{CB47237B-034E-422F-91F8-74CC8A8C2B0E}.Debug|x64.Build.0 = Debug|x64
		{CB47237B-034E-422F-91F8-74CC8A8C2B0E}.Debug|x86.ActiveCfg = Debug|x86
		{CB47237B-034E-422F-91F8-74CC8A8C2B0E}.Debug|x86.Build.0 = Debug|x86
		{CB47237B-034E-422F-91F8-74CC8A8C2B0E}.Release|Any CPU.ActiveCfg = Release|Any CPU
		{CB47237B-034E-422F-91F8-74CC8A8C2B0E}.Release|Any CPU.Build.0 = Release|Any CPU
		{CB47237B-034E-422F-91F8-74CC8A8C2B0E}.Release|x64.ActiveCfg = Release|x64
		{CB47237B-034E-422F-91F8-74CC8A8C2B0E}.Release|x64.Build.0 = Release|x64
		{CB47237B-034E-422F-91F8-74CC8A8C2B0E}.Release|x86.ActiveCfg = Release|x86
		{CB47237B-034E-422F-91F8-74CC8A8C2B0E}.Release|x86.Build.0 = Release|x86
		{76DD59C6-80F0-4DCB-B417-9A04A5B916C6}.Debug|Any CPU.ActiveCfg = Debug|Any CPU
		{76DD59C6-80F0-4DCB-B417-9A04A5B916C6}.Debug|Any CPU.Build.0 = Debug|Any CPU
		{76DD59C6-80F0-4DCB-B417-9A04A5B916C6}.Debug|x64.ActiveCfg = Debug|x64
		{76DD59C6-80F0-4DCB-B417-9A04A5B916C6}.Debug|x64.Build.0 = Debug|x64
		{76DD59C6-80F0-4DCB-B417-9A04A5B916C6}.Debug|x86.ActiveCfg = Debug|x86
		{76DD59C6-80F0-4DCB-B417-9A04A5B916C6}.Debug|x86.Build.0 = Debug|x86
		{76DD59C6-80F0-4DCB-B417-9A04A5B916C6}.Release|Any CPU.ActiveCfg = Release|Any CPU
		{76DD59C6-80F0-4DCB-B417-9A04A5B916C6}.Release|Any CPU.Build.0 = Release|Any CPU
		{76DD59C6-80F0-4DCB-B417-9A04A5B916C6}.Release|x64.ActiveCfg = Release|x64
		{76DD59C6-80F0-4DCB-B417-9A04A5B916C6}.Release|x64.Build.0 = Release|x64
		{76DD59C6-80F0-4DCB-B417-9A04A5B916C6}.Release|x86.ActiveCfg = Release|x86
		{76DD59C6-80F0-4DCB-B417-9A04A5B916C6}.Release|x86.Build.0 = Release|x86
		{BEDE2A91-3702-465D-B960-E6D9495E0368}.Debug|Any CPU.ActiveCfg = Debug|Any CPU
		{BEDE2A91-3702-465D-B960-E6D9495E0368}.Debug|Any CPU.Build.0 = Debug|Any CPU
		{BEDE2A91-3702-465D-B960-E6D9495E0368}.Debug|x64.ActiveCfg = Debug|x64
		{BEDE2A91-3702-465D-B960-E6D9495E0368}.Debug|x64.Build.0 = Debug|x64
		{BEDE2A91-3702-465D-B960-E6D9495E0368}.Debug|x86.ActiveCfg = Debug|x86
		{BEDE2A91-3702-465D-B960-E6D9495E0368}.Debug|x86.Build.0 = Debug|x86
		{BEDE2A91-3702-465D-B960-E6D9495E0368}.Release|Any CPU.ActiveCfg = Release|Any CPU
		{BEDE2A91-3702-465D-B960-E6D9495E0368}.Release|Any CPU.Build.0 = Release|Any CPU
		{BEDE2A91-3702-465D-B960-E6D9495E0368}.Release|x64.ActiveCfg = Release|x64
		{BEDE2A91-3702-465D-B960-E6D9495E0368}.Release|x64.Build.0 = Release|x64
		{BEDE2A91-3702-465D-B960-E6D9495E0368}.Release|x86.ActiveCfg = Release|x86
		{BEDE2A91-3702-465D-B960-E6D9495E0368}.Release|x86.Build.0 = Release|x86
		{865312CD-7C5F-46CB-B0D1-7952F8E51842}.Debug|Any CPU.ActiveCfg = Debug|Any CPU
		{865312CD-7C5F-46CB-B0D1-7952F8E51842}.Debug|Any CPU.Build.0 = Debug|Any CPU
		{865312CD-7C5F-46CB-B0D1-7952F8E51842}.Debug|x64.ActiveCfg = Debug|x64
		{865312CD-7C5F-46CB-B0D1-7952F8E51842}.Debug|x64.Build.0 = Debug|x64
		{865312CD-7C5F-46CB-B0D1-7952F8E51842}.Debug|x86.ActiveCfg = Debug|x86
		{865312CD-7C5F-46CB-B0D1-7952F8E51842}.Debug|x86.Build.0 = Debug|x86
		{865312CD-7C5F-46CB-B0D1-7952F8E51842}.Release|Any CPU.ActiveCfg = Release|Any CPU
		{865312CD-7C5F-46CB-B0D1-7952F8E51842}.Release|Any CPU.Build.0 = Release|Any CPU
		{865312CD-7C5F-46CB-B0D1-7952F8E51842}.Release|x64.ActiveCfg = Release|x64
		{865312CD-7C5F-46CB-B0D1-7952F8E51842}.Release|x64.Build.0 = Release|x64
		{865312CD-7C5F-46CB-B0D1-7952F8E51842}.Release|x86.ActiveCfg = Release|x86
		{865312CD-7C5F-46CB-B0D1-7952F8E51842}.Release|x86.Build.0 = Release|x86
		{ECA07D24-2FD5-42E8-A5F7-3FDF54B10DD4}.Debug|Any CPU.ActiveCfg = Debug|Any CPU
		{ECA07D24-2FD5-42E8-A5F7-3FDF54B10DD4}.Debug|Any CPU.Build.0 = Debug|Any CPU
		{ECA07D24-2FD5-42E8-A5F7-3FDF54B10DD4}.Debug|x64.ActiveCfg = Debug|Any CPU
		{ECA07D24-2FD5-42E8-A5F7-3FDF54B10DD4}.Debug|x64.Build.0 = Debug|Any CPU
		{ECA07D24-2FD5-42E8-A5F7-3FDF54B10DD4}.Debug|x86.ActiveCfg = Debug|Any CPU
		{ECA07D24-2FD5-42E8-A5F7-3FDF54B10DD4}.Debug|x86.Build.0 = Debug|Any CPU
		{ECA07D24-2FD5-42E8-A5F7-3FDF54B10DD4}.Release|Any CPU.ActiveCfg = Release|Any CPU
		{ECA07D24-2FD5-42E8-A5F7-3FDF54B10DD4}.Release|Any CPU.Build.0 = Release|Any CPU
		{ECA07D24-2FD5-42E8-A5F7-3FDF54B10DD4}.Release|x64.ActiveCfg = Release|Any CPU
		{ECA07D24-2FD5-42E8-A5F7-3FDF54B10DD4}.Release|x64.Build.0 = Release|Any CPU
		{ECA07D24-2FD5-42E8-A5F7-3FDF54B10DD4}.Release|x86.ActiveCfg = Release|Any CPU
		{ECA07D24-2FD5-42E8-A5F7-3FDF54B10DD4}.Release|x86.Build.0 = Release|Any CPU
	EndGlobalSection
	GlobalSection(SolutionProperties) = preSolution
		HideSolutionNode = FALSE
	EndGlobalSection
	GlobalSection(NestedProjects) = preSolution
		{B59A92F9-ABDC-4200-A80D-58A5AB936591} = {E026EE7B-0B86-4A1C-95DE-779A9484AAA7}
		{13E35096-AC30-4D5E-8834-8B8D0CD53774} = {A61ECDCF-5B50-40E3-91F3-23223C534FF5}
		{4BABEC4C-780B-4393-AF09-656EBEA4A62E} = {A61ECDCF-5B50-40E3-91F3-23223C534FF5}
		{0992B1B6-BE12-4B9F-9B15-4D1B03ECD306} = {1D50ED78-FBF6-490B-95ED-3A9CA0858936}
		{CAA30529-18D1-4B3E-BB31-26346F6B7E6C} = {C36AE08A-5202-43C9-8D1B-95ABF1FCD145}
		{CC3622BA-6F50-4F82-ADCF-31143468A9CA} = {2ECAD1EB-5B0E-4A87-ACAB-197AFBDA5BCD}
		{1D50ED78-FBF6-490B-95ED-3A9CA0858936} = {411D9516-6ACC-4FFB-9CFE-0B6E71333622}
		{4FCA633F-6624-41F7-9152-962E6E45B7BF} = {2ECAD1EB-5B0E-4A87-ACAB-197AFBDA5BCD}
		{6DFC2083-92EF-4D48-AC33-77542EEC33F8} = {4FCA633F-6624-41F7-9152-962E6E45B7BF}
		{09FC23A5-72A7-4624-AB38-0C755C915DAC} = {C36AE08A-5202-43C9-8D1B-95ABF1FCD145}
		{C36AE08A-5202-43C9-8D1B-95ABF1FCD145} = {CC3622BA-6F50-4F82-ADCF-31143468A9CA}
		{879503B6-F95F-472A-BA33-FBC8D5B49431} = {CC3622BA-6F50-4F82-ADCF-31143468A9CA}
		{BC436BFA-F343-43E9-A742-141B1598DF2E} = {879503B6-F95F-472A-BA33-FBC8D5B49431}
		{B3A99961-88EB-4256-984A-01C346541183} = {E026EE7B-0B86-4A1C-95DE-779A9484AAA7}
		{492F80C1-E1F2-4CC9-8DBE-83BA63E7DE4C} = {E026EE7B-0B86-4A1C-95DE-779A9484AAA7}
		{F23681A1-121E-4FAC-A788-1561BF27FC27} = {1A72B825-D936-4DF8-A825-26769E91FD3D}
		{D44488D2-C76B-46BD-BEBF-D9219BDBC4DB} = {C2783806-B8AF-42CA-B37B-15AB81994ACD}
		{9C35557E-699F-4577-901F-62BD80BCBFDD} = {3FA42EC1-F778-49AD-BC5A-5FDBA529A993}
		{B1A436D5-0C3F-441E-904C-D338F571CF9A} = {29164466-40DB-4426-83DE-0E7B4BB2BF22}
		{94C25A42-C274-47C6-B546-24E014857941} = {C86328E6-BD34-4804-895E-155A331493BA}
		{44883558-4FE6-467F-98FE-390FE411C65F} = {3D4DB9AE-8F30-487A-B88F-3E0CCE4F9001}
		{CB47237B-034E-422F-91F8-74CC8A8C2B0E} = {8FF02095-FB24-4325-93AF-BBCE02BCD4FF}
		{76DD59C6-80F0-4DCB-B417-9A04A5B916C6} = {A61ECDCF-5B50-40E3-91F3-23223C534FF5}
		{BEDE2A91-3702-465D-B960-E6D9495E0368} = {2FD74C7B-EE26-4DCA-BCC1-E412C5BE54CA}
		{865312CD-7C5F-46CB-B0D1-7952F8E51842} = {51FD8F87-FCDB-4BBD-A73C-9BB5287E2662}
		{7283A148-D740-4A3C-AF8B-26CEBA7E29E0} = {6A0344E2-DE8A-4D62-AF69-D90E18891476}
		{D1A1EB11-AB31-4B23-87B5-8EDE371ED022} = {6A0344E2-DE8A-4D62-AF69-D90E18891476}
		{ECA07D24-2FD5-42E8-A5F7-3FDF54B10DD4} = {1D50ED78-FBF6-490B-95ED-3A9CA0858936}
		{2FD74C7B-EE26-4DCA-BCC1-E412C5BE54CA} = {7283A148-D740-4A3C-AF8B-26CEBA7E29E0}
		{C2783806-B8AF-42CA-B37B-15AB81994ACD} = {7283A148-D740-4A3C-AF8B-26CEBA7E29E0}
		{3FA42EC1-F778-49AD-BC5A-5FDBA529A993} = {7283A148-D740-4A3C-AF8B-26CEBA7E29E0}
		{29164466-40DB-4426-83DE-0E7B4BB2BF22} = {7283A148-D740-4A3C-AF8B-26CEBA7E29E0}
		{1A72B825-D936-4DF8-A825-26769E91FD3D} = {7283A148-D740-4A3C-AF8B-26CEBA7E29E0}
		{51FD8F87-FCDB-4BBD-A73C-9BB5287E2662} = {D1A1EB11-AB31-4B23-87B5-8EDE371ED022}
		{C86328E6-BD34-4804-895E-155A331493BA} = {D1A1EB11-AB31-4B23-87B5-8EDE371ED022}
		{3D4DB9AE-8F30-487A-B88F-3E0CCE4F9001} = {D1A1EB11-AB31-4B23-87B5-8EDE371ED022}
		{8FF02095-FB24-4325-93AF-BBCE02BCD4FF} = {D1A1EB11-AB31-4B23-87B5-8EDE371ED022}
		{A61ECDCF-5B50-40E3-91F3-23223C534FF5} = {D1A1EB11-AB31-4B23-87B5-8EDE371ED022}
	EndGlobalSection
	GlobalSection(ExtensibilityGlobals) = postSolution
		SolutionGuid = {BF840011-B60A-44FF-9D38-4CB15C4C9C8A}
		EnterpriseLibraryConfigurationToolBinariesPathV6 = packages\EnterpriseLibrary.Common.6.0.1304.0\lib\NET45;packages\EnterpriseLibrary.Data.6.0.1304.0\lib\NET45
	EndGlobalSection
EndGlobal
