
Microsoft Visual Studio Solution File, Format Version 12.00
# Visual Studio Version 16
VisualStudioVersion = 16.0.29926.136
MinimumVisualStudioVersion = 10.0.40219.1
Project("{2150E333-8FDC-42A3-9474-1A3956D46DE8}") = "mvc.EF.SqlServer", "mvc.EF.SqlServer", "{1EA08FC9-47E4-4D7E-8EE1-3F1D227D4B59}"
EndProject
Project("{FAE04EC0-301F-11D3-BF4B-00C04F79EFBC}") = "malone.Core.Sample.DI", "malone.Core.Sample.DI\malone.Core.Sample.DI.csproj", "{4BABEC4C-780B-4393-AF09-656EBEA4A62E}"
EndProject
Project("{FAE04EC0-301F-11D3-BF4B-00C04F79EFBC}") = "malone.Core.Sample.Middle", "malone.Core.Sample.Middle\malone.Core.Sample.Middle.csproj", "{13E35096-AC30-4D5E-8834-8B8D0CD53774}"
EndProject
Project("{FAE04EC0-301F-11D3-BF4B-00C04F79EFBC}") = "malone.Core.Sample.UI.EFSqlServer", "malone.Core.Sample.UI.EFSqlServer\malone.Core.Sample.UI.EFSqlServer.csproj", "{76DD59C6-80F0-4DCB-B417-9A04A5B916C6}"
EndProject
Project("{2150E333-8FDC-42A3-9474-1A3956D46DE8}") = "mvc.EF.SqlServer.Tests", "mvc.EF.SqlServer.Tests", "{2B0D8564-E4AA-4696-BB3C-AA15082A9445}"
EndProject
Project("{FAE04EC0-301F-11D3-BF4B-00C04F79EFBC}") = "malone.Core.Sample.UI.EFSqlServer.Test", "malone.Core.Sample.UI.EFSqlServer.Test\malone.Core.Sample.UI.EFSqlServer.Test.csproj", "{6D459142-A807-4816-9FB0-C85910354A09}"
EndProject
Global
	GlobalSection(SolutionConfigurationPlatforms) = preSolution
		Debug|Any CPU = Debug|Any CPU
		Debug|x64 = Debug|x64
		Debug|x86 = Debug|x86
		Release|Any CPU = Release|Any CPU
		Release|x64 = Release|x64
		Release|x86 = Release|x86
	EndGlobalSection
	GlobalSection(ProjectConfigurationPlatforms) = postSolution
		{4BABEC4C-780B-4393-AF09-656EBEA4A62E}.Debug|Any CPU.ActiveCfg = Debug|Any CPU
		{4BABEC4C-780B-4393-AF09-656EBEA4A62E}.Debug|Any CPU.Build.0 = Debug|Any CPU
		{4BABEC4C-780B-4393-AF09-656EBEA4A62E}.Debug|x64.ActiveCfg = Debug|x64
		{4BABEC4C-780B-4393-AF09-656EBEA4A62E}.Debug|x64.Build.0 = Debug|x64
		{4BABEC4C-780B-4393-AF09-656EBEA4A62E}.Debug|x86.ActiveCfg = Debug|x86
		{4BABEC4C-780B-4393-AF09-656EBEA4A62E}.Debug|x86.Build.0 = Debug|x86
		{4BABEC4C-780B-4393-AF09-656EBEA4A62E}.Release|Any CPU.ActiveCfg = Release|Any CPU
		{4BABEC4C-780B-4393-AF09-656EBEA4A62E}.Release|Any CPU.Build.0 = Release|Any CPU
		{4BABEC4C-780B-4393-AF09-656EBEA4A62E}.Release|x64.ActiveCfg = Release|x64
		{4BABEC4C-780B-4393-AF09-656EBEA4A62E}.Release|x64.Build.0 = Release|x64
		{4BABEC4C-780B-4393-AF09-656EBEA4A62E}.Release|x86.ActiveCfg = Release|x86
		{4BABEC4C-780B-4393-AF09-656EBEA4A62E}.Release|x86.Build.0 = Release|x86
		{13E35096-AC30-4D5E-8834-8B8D0CD53774}.Debug|Any CPU.ActiveCfg = Debug|Any CPU
		{13E35096-AC30-4D5E-8834-8B8D0CD53774}.Debug|Any CPU.Build.0 = Debug|Any CPU
		{13E35096-AC30-4D5E-8834-8B8D0CD53774}.Debug|x64.ActiveCfg = Debug|x64
		{13E35096-AC30-4D5E-8834-8B8D0CD53774}.Debug|x64.Build.0 = Debug|x64
		{13E35096-AC30-4D5E-8834-8B8D0CD53774}.Debug|x86.ActiveCfg = Debug|x86
		{13E35096-AC30-4D5E-8834-8B8D0CD53774}.Debug|x86.Build.0 = Debug|x86
		{13E35096-AC30-4D5E-8834-8B8D0CD53774}.Release|Any CPU.ActiveCfg = Release|Any CPU
		{13E35096-AC30-4D5E-8834-8B8D0CD53774}.Release|Any CPU.Build.0 = Release|Any CPU
		{13E35096-AC30-4D5E-8834-8B8D0CD53774}.Release|x64.ActiveCfg = Release|x64
		{13E35096-AC30-4D5E-8834-8B8D0CD53774}.Release|x64.Build.0 = Release|x64
		{13E35096-AC30-4D5E-8834-8B8D0CD53774}.Release|x86.ActiveCfg = Release|x86
		{13E35096-AC30-4D5E-8834-8B8D0CD53774}.Release|x86.Build.0 = Release|x86
		{76DD59C6-80F0-4DCB-B417-9A04A5B916C6}.Debug|Any CPU.ActiveCfg = Debug|Any CPU
		{76DD59C6-80F0-4DCB-B417-9A04A5B916C6}.Debug|Any CPU.Build.0 = Debug|Any CPU
		{76DD59C6-80F0-4DCB-B417-9A04A5B916C6}.Debug|x64.ActiveCfg = Debug|x64
		{76DD59C6-80F0-4DCB-B417-9A04A5B916C6}.Debug|x64.Build.0 = Debug|x64
		{76DD59C6-80F0-4DCB-B417-9A04A5B916C6}.Debug|x86.ActiveCfg = Debug|x86
		{76DD59C6-80F0-4DCB-B417-9A04A5B916C6}.Debug|x86.Build.0 = Debug|x86
		{76DD59C6-80F0-4DCB-B417-9A04A5B916C6}.Release|Any CPU.ActiveCfg = Release|Any CPU
		{76DD59C6-80F0-4DCB-B417-9A04A5B916C6}.Release|Any CPU.Build.0 = Release|Any CPU
		{76DD59C6-80F0-4DCB-B417-9A04A5B916C6}.Release|x64.ActiveCfg = Release|x64
		{76DD59C6-80F0-4DCB-B417-9A04A5B916C6}.Release|x64.Build.0 = Release|x64
		{76DD59C6-80F0-4DCB-B417-9A04A5B916C6}.Release|x86.ActiveCfg = Release|x86
		{76DD59C6-80F0-4DCB-B417-9A04A5B916C6}.Release|x86.Build.0 = Release|x86
		{6D459142-A807-4816-9FB0-C85910354A09}.Debug|Any CPU.ActiveCfg = Debug|Any CPU
		{6D459142-A807-4816-9FB0-C85910354A09}.Debug|Any CPU.Build.0 = Debug|Any CPU
		{6D459142-A807-4816-9FB0-C85910354A09}.Debug|x64.ActiveCfg = Debug|Any CPU
		{6D459142-A807-4816-9FB0-C85910354A09}.Debug|x64.Build.0 = Debug|Any CPU
		{6D459142-A807-4816-9FB0-C85910354A09}.Debug|x86.ActiveCfg = Debug|Any CPU
		{6D459142-A807-4816-9FB0-C85910354A09}.Debug|x86.Build.0 = Debug|Any CPU
		{6D459142-A807-4816-9FB0-C85910354A09}.Release|Any CPU.ActiveCfg = Release|Any CPU
		{6D459142-A807-4816-9FB0-C85910354A09}.Release|Any CPU.Build.0 = Release|Any CPU
		{6D459142-A807-4816-9FB0-C85910354A09}.Release|x64.ActiveCfg = Release|Any CPU
		{6D459142-A807-4816-9FB0-C85910354A09}.Release|x64.Build.0 = Release|Any CPU
		{6D459142-A807-4816-9FB0-C85910354A09}.Release|x86.ActiveCfg = Release|Any CPU
		{6D459142-A807-4816-9FB0-C85910354A09}.Release|x86.Build.0 = Release|Any CPU
	EndGlobalSection
	GlobalSection(SolutionProperties) = preSolution
		HideSolutionNode = FALSE
	EndGlobalSection
	GlobalSection(NestedProjects) = preSolution
		{4BABEC4C-780B-4393-AF09-656EBEA4A62E} = {1EA08FC9-47E4-4D7E-8EE1-3F1D227D4B59}
		{13E35096-AC30-4D5E-8834-8B8D0CD53774} = {1EA08FC9-47E4-4D7E-8EE1-3F1D227D4B59}
		{76DD59C6-80F0-4DCB-B417-9A04A5B916C6} = {1EA08FC9-47E4-4D7E-8EE1-3F1D227D4B59}
		{6D459142-A807-4816-9FB0-C85910354A09} = {2B0D8564-E4AA-4696-BB3C-AA15082A9445}
	EndGlobalSection
	GlobalSection(ExtensibilityGlobals) = postSolution
		SolutionGuid = {E707CE06-B711-44D1-9CBD-415FBE051B91}
	EndGlobalSection
EndGlobal
