
Microsoft Visual Studio Solution File, Format Version 12.00
# Visual Studio Version 17
VisualStudioVersion = 17.0.32112.339
MinimumVisualStudioVersion = 10.0.40219.1
Project("{FAE04EC0-301F-11D3-BF4B-00C04F79EFBC}") = "malone.Core", "malone.Core\malone.Core.csproj", "{B59A92F9-ABDC-4200-A80D-58A5AB936591}"
EndProject
Project("{FAE04EC0-301F-11D3-BF4B-00C04F79EFBC}") = "malone.Core.Identity", "malone.Core.Identity\malone.Core.Identity.csproj", "{0992B1B6-BE12-4B9F-9B15-4D1B03ECD306}"
EndProject
Project("{2150E333-8FDC-42A3-9474-1A3956D46DE8}") = "DataAccess", "DataAccess", "{CC3622BA-6F50-4F82-ADCF-31143468A9CA}"
EndProject
Project("{2150E333-8FDC-42A3-9474-1A3956D46DE8}") = "Identity", "Identity", "{1D50ED78-FBF6-490B-95ED-3A9CA0858936}"
EndProject
Project("{2150E333-8FDC-42A3-9474-1A3956D46DE8}") = "AdoNet", "AdoNet", "{C36AE08A-5202-43C9-8D1B-95ABF1FCD145}"
EndProject
Project("{2150E333-8FDC-42A3-9474-1A3956D46DE8}") = "EF", "EF", "{879503B6-F95F-472A-BA33-FBC8D5B49431}"
EndProject
Project("{FAE04EC0-301F-11D3-BF4B-00C04F79EFBC}") = "malone.Core.EF", "malone.Core.EF\malone.Core.EF.csproj", "{B3A99961-88EB-4256-984A-01C346541183}"
EndProject
Project("{FAE04EC0-301F-11D3-BF4B-00C04F79EFBC}") = "malone.Core.AdoNet", "malone.Core.AdoNet\malone.Core.AdoNet.csproj", "{492F80C1-E1F2-4CC9-8DBE-83BA63E7DE4C}"
EndProject
Project("{2150E333-8FDC-42A3-9474-1A3956D46DE8}") = "00.Diagramas", "00.Diagramas", "{A915024C-5FFD-4F1D-9322-A5A4382EBD04}"
EndProject
Project("{2150E333-8FDC-42A3-9474-1A3956D46DE8}") = "01.Core", "01.Core", "{E026EE7B-0B86-4A1C-95DE-779A9484AAA7}"
EndProject
Project("{2150E333-8FDC-42A3-9474-1A3956D46DE8}") = "02.Implementations", "02.Implementations", "{2ECAD1EB-5B0E-4A87-ACAB-197AFBDA5BCD}"
EndProject
Project("{2150E333-8FDC-42A3-9474-1A3956D46DE8}") = "03.Extensions", "03.Extensions", "{411D9516-6ACC-4FFB-9CFE-0B6E71333622}"
EndProject
Project("{FAE04EC0-301F-11D3-BF4B-00C04F79EFBC}") = "malone.Core.Identity.EntityFramework", "malone.Core.Identity.EntityFramework\malone.Core.Identity.EntityFramework.csproj", "{ECA07D24-2FD5-42E8-A5F7-3FDF54B10DD4}"
EndProject
Project("{FAE04EC0-301F-11D3-BF4B-00C04F79EFBC}") = "malone.Core.Patterns", "malone.Core.Patterns\malone.Core.Patterns.csproj", "{041AF239-40F7-4D36-8CAA-1B5DE002FE4C}"
EndProject
Project("{2150E333-8FDC-42A3-9474-1A3956D46DE8}") = "04.UnitTests", "04.UnitTests", "{5CA54AED-2C29-4E45-89F7-F179126C1A9C}"
EndProject
Project("{2150E333-8FDC-42A3-9474-1A3956D46DE8}") = "01.Core", "01.Core", "{F1CDC7E0-7E87-49EB-92A8-3BDB08950ACC}"
EndProject
Project("{2150E333-8FDC-42A3-9474-1A3956D46DE8}") = "02.Implementations", "02.Implementations", "{10BF4136-A9A7-488F-AD64-F0D6CE2A81D5}"
EndProject
Project("{2150E333-8FDC-42A3-9474-1A3956D46DE8}") = "03.Extensions", "03.Extensions", "{1BC98D6E-4BB8-4629-9D6F-9A0345F38321}"
EndProject
Project("{FAE04EC0-301F-11D3-BF4B-00C04F79EFBC}") = "malone.Core.Test", "malone.Core.Test\malone.Core.Test.csproj", "{15ADC765-9190-4A94-BAED-58DD972FD3B7}"
EndProject
Project("{FAE04EC0-301F-11D3-BF4B-00C04F79EFBC}") = "malone.Core.AdoNet.Test", "malone.Core.AdoNet.Test\malone.Core.AdoNet.Test.csproj", "{390A9F3C-CA35-4D16-AB53-E8BF757777FD}"
EndProject
Project("{FAE04EC0-301F-11D3-BF4B-00C04F79EFBC}") = "malone.Core.EF.Test", "malone.Core.EF.Test\malone.Core.EF.Test.csproj", "{0BE21F09-AB02-4744-B201-04E38D6008A2}"
EndProject
Project("{FAE04EC0-301F-11D3-BF4B-00C04F79EFBC}") = "malone.Core.Patterns.Test", "malone.Core.Patterns.Test\malone.Core.Patterns.Test.csproj", "{8FA32F4A-F1C3-4868-AB24-7057F49283FF}"
EndProject
Project("{2150E333-8FDC-42A3-9474-1A3956D46DE8}") = "Solution Items", "Solution Items", "{2AFC5CCC-A9FC-4232-9A11-B58385408C56}"
	ProjectSection(SolutionItems) = preProject
		GlobalAssemblyInfo.cs = GlobalAssemblyInfo.cs
		..\Pendientes.txt = ..\Pendientes.txt
		..\README.md = ..\README.md
		web.config.transform = web.config.transform
	EndProjectSection
EndProject
Project("{FAE04EC0-301F-11D3-BF4B-00C04F79EFBC}") = "malone.Core.WebApi", "malone.Core.WebApi\malone.Core.WebApi.csproj", "{C0B7AE10-F8E3-4177-B937-F1787A7F0DF3}"
EndProject
Project("{2150E333-8FDC-42A3-9474-1A3956D46DE8}") = "Unity", "Unity", "{7213AF5E-EFE4-4473-BA77-034673DDA325}"
EndProject
Project("{FAE04EC0-301F-11D3-BF4B-00C04F79EFBC}") = "malone.Core.Unity", "malone.Core.Unity\malone.Core.Unity.csproj", "{E76A146E-3EF3-427F-B496-054CF5946CE0}"
EndProject
Project("{FAE04EC0-301F-11D3-BF4B-00C04F79EFBC}") = "malone.Core.Unity.WebApi", "malone.Core.Unity.WebApi\malone.Core.Unity.WebApi.csproj", "{DD776491-CE90-473C-B361-51E0F476DCA7}"
EndProject
Project("{2150E333-8FDC-42A3-9474-1A3956D46DE8}") = "Log4Net", "Log4Net", "{D3A67EC0-6582-4ABD-AC55-3E7A81704B9F}"
EndProject
Project("{FAE04EC0-301F-11D3-BF4B-00C04F79EFBC}") = "malone.Core.Log4Net", "malone.Core.Log4Net\malone.Core.Log4Net.csproj", "{6BB1415B-EB7A-47DC-A764-0E1853EBB30C}"
EndProject
Project("{FAE04EC0-301F-11D3-BF4B-00C04F79EFBC}") = "malone.Core.Unity.ModulesInitializers", "malone.Core.Unity.ModulesInitializers\malone.Core.Unity.ModulesInitializers.csproj", "{87C16AD7-E22F-4118-BD34-A34041076975}"
EndProject
Project("{FAE04EC0-301F-11D3-BF4B-00C04F79EFBC}") = "malone.Core.Unity.Log4NetInitializer", "malone.Core.Unity.Log4NetInitializer\malone.Core.Unity.Log4NetInitializer.csproj", "{E3F7C799-234E-471C-A12B-B9BE04DA1B40}"
EndProject
Project("{2150E333-8FDC-42A3-9474-1A3956D46DE8}") = "Modules", "Modules", "{CBF6DB36-7FB6-438B-99CC-B59CDC08077E}"
EndProject
Project("{2150E333-8FDC-42A3-9474-1A3956D46DE8}") = "Implementations", "Implementations", "{58575004-7D65-4D96-B692-6CADF9E2C543}"
EndProject
Project("{2150E333-8FDC-42A3-9474-1A3956D46DE8}") = "Extensions", "Extensions", "{E5356607-D590-492B-B93C-49488EDD2207}"
EndProject
Project("{FAE04EC0-301F-11D3-BF4B-00C04F79EFBC}") = "malone.Core.Unity.IdentityEntityFrameworkInitializer", "malone.Core.Unity.IdentityEntityFrameworkInitializer\malone.Core.Unity.IdentityEntityFrameworkInitializer.csproj", "{AEF2E9DC-848A-42C9-9EB9-9A6F4CA1EB7D}"
EndProject
Project("{2150E333-8FDC-42A3-9474-1A3956D46DE8}") = "Logging", "Logging", "{B87AD510-9961-4964-9462-89897EC5DF36}"
EndProject
Project("{2150E333-8FDC-42A3-9474-1A3956D46DE8}") = "DependencyInjection", "DependencyInjection", "{3C190C0E-59B3-4D09-8DFE-B10C77DFC45E}"
EndProject
Project("{FAE04EC0-301F-11D3-BF4B-00C04F79EFBC}") = "malone.Core.AdoNet.Oracle", "malone.Core.AdoNet.Oracle\malone.Core.AdoNet.Oracle.csproj", "{DA87FBBB-48F4-46D4-90EF-AF4230A97088}"
EndProject
Project("{FAE04EC0-301F-11D3-BF4B-00C04F79EFBC}") = "malone.Core.AdoNet.SqlServer", "malone.Core.AdoNet.SqlServer\malone.Core.AdoNet.SqlServer.csproj", "{54DCB4EF-1475-4C12-AA6C-ACB61519B4A9}"
EndProject
Project("{2150E333-8FDC-42A3-9474-1A3956D46DE8}") = "05.Nuget", "05.Nuget", "{1C99B82E-8815-4188-8A02-66E7CA096C91}"
	ProjectSection(SolutionItems) = preProject
		web.config.transform = web.config.transform
	EndProjectSection
EndProject
Project("{FAE04EC0-301F-11D3-BF4B-00C04F79EFBC}") = "malone.Core.WebApi.Test", "malone.Core.WebApi.Test\malone.Core.WebApi.Test.csproj", "{740BD134-AB9F-4503-9F86-4642B151FECB}"
EndProject
Project("{2150E333-8FDC-42A3-9474-1A3956D46DE8}") = "Pipelines", "Pipelines", "{68758EB3-E0F4-469F-A63D-8B8592414B1D}"
	ProjectSection(SolutionItems) = preProject
		..\azure-pipelines.yml = ..\azure-pipelines.yml
		..\.github\workflows\development.yml = ..\.github\workflows\development.yml
		..\.github\workflows\master.yml = ..\.github\workflows\master.yml
		..\.github\workflows\release.yml = ..\.github\workflows\release.yml
	EndProjectSection
EndProject
Project("{FAE04EC0-301F-11D3-BF4B-00C04F79EFBC}") = "malone.Core.AdoNet.Firebird", "malone.Core.AdoNet.Firebird\malone.Core.AdoNet.Firebird.csproj", "{E6DCA648-55B4-4411-BC4D-52D5F69D0612}"
EndProject
Project("{FAE04EC0-301F-11D3-BF4B-00C04F79EFBC}") = "malone.Core.Identity.AdoNet", "malone.Core.Identity.AdoNet\malone.Core.Identity.AdoNet.csproj", "{0893A634-DFA0-42EB-BC53-93EC05930CF8}"
EndProject
Global
	GlobalSection(SolutionConfigurationPlatforms) = preSolution
		Debug|Any CPU = Debug|Any CPU
		Debug|x64 = Debug|x64
		Debug|x86 = Debug|x86
		Release|Any CPU = Release|Any CPU
		Release|x64 = Release|x64
		Release|x86 = Release|x86
		ReleaseNuget|Any CPU = ReleaseNuget|Any CPU
		ReleaseNuget|x64 = ReleaseNuget|x64
		ReleaseNuget|x86 = ReleaseNuget|x86
	EndGlobalSection
	GlobalSection(ProjectConfigurationPlatforms) = postSolution
		{B59A92F9-ABDC-4200-A80D-58A5AB936591}.Debug|Any CPU.ActiveCfg = Debug|Any CPU
		{B59A92F9-ABDC-4200-A80D-58A5AB936591}.Debug|Any CPU.Build.0 = Debug|Any CPU
		{B59A92F9-ABDC-4200-A80D-58A5AB936591}.Debug|x64.ActiveCfg = Debug|x64
		{B59A92F9-ABDC-4200-A80D-58A5AB936591}.Debug|x64.Build.0 = Debug|x64
		{B59A92F9-ABDC-4200-A80D-58A5AB936591}.Debug|x86.ActiveCfg = Debug|x86
		{B59A92F9-ABDC-4200-A80D-58A5AB936591}.Debug|x86.Build.0 = Debug|x86
		{B59A92F9-ABDC-4200-A80D-58A5AB936591}.Release|Any CPU.ActiveCfg = Release|Any CPU
		{B59A92F9-ABDC-4200-A80D-58A5AB936591}.Release|Any CPU.Build.0 = Release|Any CPU
		{B59A92F9-ABDC-4200-A80D-58A5AB936591}.Release|x64.ActiveCfg = Release|x64
		{B59A92F9-ABDC-4200-A80D-58A5AB936591}.Release|x64.Build.0 = Release|x64
		{B59A92F9-ABDC-4200-A80D-58A5AB936591}.Release|x86.ActiveCfg = Release|x86
		{B59A92F9-ABDC-4200-A80D-58A5AB936591}.Release|x86.Build.0 = Release|x86
		{B59A92F9-ABDC-4200-A80D-58A5AB936591}.ReleaseNuget|Any CPU.ActiveCfg = ReleaseNuget|Any CPU
		{B59A92F9-ABDC-4200-A80D-58A5AB936591}.ReleaseNuget|Any CPU.Build.0 = ReleaseNuget|Any CPU
		{B59A92F9-ABDC-4200-A80D-58A5AB936591}.ReleaseNuget|x64.ActiveCfg = ReleaseNuget|x64
		{B59A92F9-ABDC-4200-A80D-58A5AB936591}.ReleaseNuget|x64.Build.0 = ReleaseNuget|x64
		{B59A92F9-ABDC-4200-A80D-58A5AB936591}.ReleaseNuget|x86.ActiveCfg = ReleaseNuget|x86
		{B59A92F9-ABDC-4200-A80D-58A5AB936591}.ReleaseNuget|x86.Build.0 = ReleaseNuget|x86
		{0992B1B6-BE12-4B9F-9B15-4D1B03ECD306}.Debug|Any CPU.ActiveCfg = Debug|Any CPU
		{0992B1B6-BE12-4B9F-9B15-4D1B03ECD306}.Debug|Any CPU.Build.0 = Debug|Any CPU
		{0992B1B6-BE12-4B9F-9B15-4D1B03ECD306}.Debug|x64.ActiveCfg = Debug|Any CPU
		{0992B1B6-BE12-4B9F-9B15-4D1B03ECD306}.Debug|x64.Build.0 = Debug|Any CPU
		{0992B1B6-BE12-4B9F-9B15-4D1B03ECD306}.Debug|x86.ActiveCfg = Debug|Any CPU
		{0992B1B6-BE12-4B9F-9B15-4D1B03ECD306}.Debug|x86.Build.0 = Debug|Any CPU
		{0992B1B6-BE12-4B9F-9B15-4D1B03ECD306}.Release|Any CPU.ActiveCfg = Release|Any CPU
		{0992B1B6-BE12-4B9F-9B15-4D1B03ECD306}.Release|Any CPU.Build.0 = Release|Any CPU
		{0992B1B6-BE12-4B9F-9B15-4D1B03ECD306}.Release|x64.ActiveCfg = Release|Any CPU
		{0992B1B6-BE12-4B9F-9B15-4D1B03ECD306}.Release|x64.Build.0 = Release|Any CPU
		{0992B1B6-BE12-4B9F-9B15-4D1B03ECD306}.Release|x86.ActiveCfg = Release|Any CPU
		{0992B1B6-BE12-4B9F-9B15-4D1B03ECD306}.Release|x86.Build.0 = Release|Any CPU
		{0992B1B6-BE12-4B9F-9B15-4D1B03ECD306}.ReleaseNuget|Any CPU.ActiveCfg = ReleaseNuget|Any CPU
		{0992B1B6-BE12-4B9F-9B15-4D1B03ECD306}.ReleaseNuget|Any CPU.Build.0 = ReleaseNuget|Any CPU
		{0992B1B6-BE12-4B9F-9B15-4D1B03ECD306}.ReleaseNuget|x64.ActiveCfg = ReleaseNuget|Any CPU
		{0992B1B6-BE12-4B9F-9B15-4D1B03ECD306}.ReleaseNuget|x64.Build.0 = ReleaseNuget|Any CPU
		{0992B1B6-BE12-4B9F-9B15-4D1B03ECD306}.ReleaseNuget|x86.ActiveCfg = ReleaseNuget|Any CPU
		{0992B1B6-BE12-4B9F-9B15-4D1B03ECD306}.ReleaseNuget|x86.Build.0 = ReleaseNuget|Any CPU
		{B3A99961-88EB-4256-984A-01C346541183}.Debug|Any CPU.ActiveCfg = Debug|Any CPU
		{B3A99961-88EB-4256-984A-01C346541183}.Debug|Any CPU.Build.0 = Debug|Any CPU
		{B3A99961-88EB-4256-984A-01C346541183}.Debug|x64.ActiveCfg = Debug|Any CPU
		{B3A99961-88EB-4256-984A-01C346541183}.Debug|x64.Build.0 = Debug|Any CPU
		{B3A99961-88EB-4256-984A-01C346541183}.Debug|x86.ActiveCfg = Debug|Any CPU
		{B3A99961-88EB-4256-984A-01C346541183}.Debug|x86.Build.0 = Debug|Any CPU
		{B3A99961-88EB-4256-984A-01C346541183}.Release|Any CPU.ActiveCfg = Release|Any CPU
		{B3A99961-88EB-4256-984A-01C346541183}.Release|Any CPU.Build.0 = Release|Any CPU
		{B3A99961-88EB-4256-984A-01C346541183}.Release|x64.ActiveCfg = Release|Any CPU
		{B3A99961-88EB-4256-984A-01C346541183}.Release|x64.Build.0 = Release|Any CPU
		{B3A99961-88EB-4256-984A-01C346541183}.Release|x86.ActiveCfg = Release|Any CPU
		{B3A99961-88EB-4256-984A-01C346541183}.Release|x86.Build.0 = Release|Any CPU
		{B3A99961-88EB-4256-984A-01C346541183}.ReleaseNuget|Any CPU.ActiveCfg = ReleaseNuget|Any CPU
		{B3A99961-88EB-4256-984A-01C346541183}.ReleaseNuget|Any CPU.Build.0 = ReleaseNuget|Any CPU
		{B3A99961-88EB-4256-984A-01C346541183}.ReleaseNuget|x64.ActiveCfg = ReleaseNuget|Any CPU
		{B3A99961-88EB-4256-984A-01C346541183}.ReleaseNuget|x64.Build.0 = ReleaseNuget|Any CPU
		{B3A99961-88EB-4256-984A-01C346541183}.ReleaseNuget|x86.ActiveCfg = ReleaseNuget|Any CPU
		{B3A99961-88EB-4256-984A-01C346541183}.ReleaseNuget|x86.Build.0 = ReleaseNuget|Any CPU
		{492F80C1-E1F2-4CC9-8DBE-83BA63E7DE4C}.Debug|Any CPU.ActiveCfg = Debug|Any CPU
		{492F80C1-E1F2-4CC9-8DBE-83BA63E7DE4C}.Debug|Any CPU.Build.0 = Debug|Any CPU
		{492F80C1-E1F2-4CC9-8DBE-83BA63E7DE4C}.Debug|x64.ActiveCfg = Debug|Any CPU
		{492F80C1-E1F2-4CC9-8DBE-83BA63E7DE4C}.Debug|x64.Build.0 = Debug|Any CPU
		{492F80C1-E1F2-4CC9-8DBE-83BA63E7DE4C}.Debug|x86.ActiveCfg = Debug|Any CPU
		{492F80C1-E1F2-4CC9-8DBE-83BA63E7DE4C}.Debug|x86.Build.0 = Debug|Any CPU
		{492F80C1-E1F2-4CC9-8DBE-83BA63E7DE4C}.Release|Any CPU.ActiveCfg = Release|Any CPU
		{492F80C1-E1F2-4CC9-8DBE-83BA63E7DE4C}.Release|Any CPU.Build.0 = Release|Any CPU
		{492F80C1-E1F2-4CC9-8DBE-83BA63E7DE4C}.Release|x64.ActiveCfg = Release|Any CPU
		{492F80C1-E1F2-4CC9-8DBE-83BA63E7DE4C}.Release|x64.Build.0 = Release|Any CPU
		{492F80C1-E1F2-4CC9-8DBE-83BA63E7DE4C}.Release|x86.ActiveCfg = Release|Any CPU
		{492F80C1-E1F2-4CC9-8DBE-83BA63E7DE4C}.Release|x86.Build.0 = Release|Any CPU
		{492F80C1-E1F2-4CC9-8DBE-83BA63E7DE4C}.ReleaseNuget|Any CPU.ActiveCfg = ReleaseNuget|Any CPU
		{492F80C1-E1F2-4CC9-8DBE-83BA63E7DE4C}.ReleaseNuget|Any CPU.Build.0 = ReleaseNuget|Any CPU
		{492F80C1-E1F2-4CC9-8DBE-83BA63E7DE4C}.ReleaseNuget|x64.ActiveCfg = ReleaseNuget|Any CPU
		{492F80C1-E1F2-4CC9-8DBE-83BA63E7DE4C}.ReleaseNuget|x64.Build.0 = ReleaseNuget|Any CPU
		{492F80C1-E1F2-4CC9-8DBE-83BA63E7DE4C}.ReleaseNuget|x86.ActiveCfg = ReleaseNuget|Any CPU
		{492F80C1-E1F2-4CC9-8DBE-83BA63E7DE4C}.ReleaseNuget|x86.Build.0 = ReleaseNuget|Any CPU
		{ECA07D24-2FD5-42E8-A5F7-3FDF54B10DD4}.Debug|Any CPU.ActiveCfg = Debug|Any CPU
		{ECA07D24-2FD5-42E8-A5F7-3FDF54B10DD4}.Debug|Any CPU.Build.0 = Debug|Any CPU
		{ECA07D24-2FD5-42E8-A5F7-3FDF54B10DD4}.Debug|x64.ActiveCfg = Debug|Any CPU
		{ECA07D24-2FD5-42E8-A5F7-3FDF54B10DD4}.Debug|x64.Build.0 = Debug|Any CPU
		{ECA07D24-2FD5-42E8-A5F7-3FDF54B10DD4}.Debug|x86.ActiveCfg = Debug|Any CPU
		{ECA07D24-2FD5-42E8-A5F7-3FDF54B10DD4}.Debug|x86.Build.0 = Debug|Any CPU
		{ECA07D24-2FD5-42E8-A5F7-3FDF54B10DD4}.Release|Any CPU.ActiveCfg = Release|Any CPU
		{ECA07D24-2FD5-42E8-A5F7-3FDF54B10DD4}.Release|Any CPU.Build.0 = Release|Any CPU
		{ECA07D24-2FD5-42E8-A5F7-3FDF54B10DD4}.Release|x64.ActiveCfg = Release|Any CPU
		{ECA07D24-2FD5-42E8-A5F7-3FDF54B10DD4}.Release|x64.Build.0 = Release|Any CPU
		{ECA07D24-2FD5-42E8-A5F7-3FDF54B10DD4}.Release|x86.ActiveCfg = Release|Any CPU
		{ECA07D24-2FD5-42E8-A5F7-3FDF54B10DD4}.Release|x86.Build.0 = Release|Any CPU
		{ECA07D24-2FD5-42E8-A5F7-3FDF54B10DD4}.ReleaseNuget|Any CPU.ActiveCfg = ReleaseNuget|Any CPU
		{ECA07D24-2FD5-42E8-A5F7-3FDF54B10DD4}.ReleaseNuget|Any CPU.Build.0 = ReleaseNuget|Any CPU
		{ECA07D24-2FD5-42E8-A5F7-3FDF54B10DD4}.ReleaseNuget|x64.ActiveCfg = ReleaseNuget|Any CPU
		{ECA07D24-2FD5-42E8-A5F7-3FDF54B10DD4}.ReleaseNuget|x64.Build.0 = ReleaseNuget|Any CPU
		{ECA07D24-2FD5-42E8-A5F7-3FDF54B10DD4}.ReleaseNuget|x86.ActiveCfg = ReleaseNuget|Any CPU
		{ECA07D24-2FD5-42E8-A5F7-3FDF54B10DD4}.ReleaseNuget|x86.Build.0 = ReleaseNuget|Any CPU
		{041AF239-40F7-4D36-8CAA-1B5DE002FE4C}.Debug|Any CPU.ActiveCfg = Debug|Any CPU
		{041AF239-40F7-4D36-8CAA-1B5DE002FE4C}.Debug|Any CPU.Build.0 = Debug|Any CPU
		{041AF239-40F7-4D36-8CAA-1B5DE002FE4C}.Debug|x64.ActiveCfg = Debug|Any CPU
		{041AF239-40F7-4D36-8CAA-1B5DE002FE4C}.Debug|x64.Build.0 = Debug|Any CPU
		{041AF239-40F7-4D36-8CAA-1B5DE002FE4C}.Debug|x86.ActiveCfg = Debug|Any CPU
		{041AF239-40F7-4D36-8CAA-1B5DE002FE4C}.Debug|x86.Build.0 = Debug|Any CPU
		{041AF239-40F7-4D36-8CAA-1B5DE002FE4C}.Release|Any CPU.ActiveCfg = Release|Any CPU
		{041AF239-40F7-4D36-8CAA-1B5DE002FE4C}.Release|Any CPU.Build.0 = Release|Any CPU
		{041AF239-40F7-4D36-8CAA-1B5DE002FE4C}.Release|x64.ActiveCfg = Release|Any CPU
		{041AF239-40F7-4D36-8CAA-1B5DE002FE4C}.Release|x64.Build.0 = Release|Any CPU
		{041AF239-40F7-4D36-8CAA-1B5DE002FE4C}.Release|x86.ActiveCfg = Release|Any CPU
		{041AF239-40F7-4D36-8CAA-1B5DE002FE4C}.Release|x86.Build.0 = Release|Any CPU
		{041AF239-40F7-4D36-8CAA-1B5DE002FE4C}.ReleaseNuget|Any CPU.ActiveCfg = ReleaseNuget|Any CPU
		{041AF239-40F7-4D36-8CAA-1B5DE002FE4C}.ReleaseNuget|Any CPU.Build.0 = ReleaseNuget|Any CPU
		{041AF239-40F7-4D36-8CAA-1B5DE002FE4C}.ReleaseNuget|x64.ActiveCfg = ReleaseNuget|Any CPU
		{041AF239-40F7-4D36-8CAA-1B5DE002FE4C}.ReleaseNuget|x64.Build.0 = ReleaseNuget|Any CPU
		{041AF239-40F7-4D36-8CAA-1B5DE002FE4C}.ReleaseNuget|x86.ActiveCfg = ReleaseNuget|Any CPU
		{041AF239-40F7-4D36-8CAA-1B5DE002FE4C}.ReleaseNuget|x86.Build.0 = ReleaseNuget|Any CPU
		{15ADC765-9190-4A94-BAED-58DD972FD3B7}.Debug|Any CPU.ActiveCfg = Debug|Any CPU
		{15ADC765-9190-4A94-BAED-58DD972FD3B7}.Debug|Any CPU.Build.0 = Debug|Any CPU
		{15ADC765-9190-4A94-BAED-58DD972FD3B7}.Debug|x64.ActiveCfg = Debug|Any CPU
		{15ADC765-9190-4A94-BAED-58DD972FD3B7}.Debug|x64.Build.0 = Debug|Any CPU
		{15ADC765-9190-4A94-BAED-58DD972FD3B7}.Debug|x86.ActiveCfg = Debug|Any CPU
		{15ADC765-9190-4A94-BAED-58DD972FD3B7}.Debug|x86.Build.0 = Debug|Any CPU
		{15ADC765-9190-4A94-BAED-58DD972FD3B7}.Release|Any CPU.ActiveCfg = Release|Any CPU
		{15ADC765-9190-4A94-BAED-58DD972FD3B7}.Release|Any CPU.Build.0 = Release|Any CPU
		{15ADC765-9190-4A94-BAED-58DD972FD3B7}.Release|x64.ActiveCfg = Release|Any CPU
		{15ADC765-9190-4A94-BAED-58DD972FD3B7}.Release|x64.Build.0 = Release|Any CPU
		{15ADC765-9190-4A94-BAED-58DD972FD3B7}.Release|x86.ActiveCfg = Release|Any CPU
		{15ADC765-9190-4A94-BAED-58DD972FD3B7}.Release|x86.Build.0 = Release|Any CPU
		{15ADC765-9190-4A94-BAED-58DD972FD3B7}.ReleaseNuget|Any CPU.ActiveCfg = Release|Any CPU
		{15ADC765-9190-4A94-BAED-58DD972FD3B7}.ReleaseNuget|Any CPU.Build.0 = Release|Any CPU
		{15ADC765-9190-4A94-BAED-58DD972FD3B7}.ReleaseNuget|x64.ActiveCfg = Release|Any CPU
		{15ADC765-9190-4A94-BAED-58DD972FD3B7}.ReleaseNuget|x64.Build.0 = Release|Any CPU
		{15ADC765-9190-4A94-BAED-58DD972FD3B7}.ReleaseNuget|x86.ActiveCfg = Release|Any CPU
		{15ADC765-9190-4A94-BAED-58DD972FD3B7}.ReleaseNuget|x86.Build.0 = Release|Any CPU
		{390A9F3C-CA35-4D16-AB53-E8BF757777FD}.Debug|Any CPU.ActiveCfg = Debug|Any CPU
		{390A9F3C-CA35-4D16-AB53-E8BF757777FD}.Debug|Any CPU.Build.0 = Debug|Any CPU
		{390A9F3C-CA35-4D16-AB53-E8BF757777FD}.Debug|x64.ActiveCfg = Debug|Any CPU
		{390A9F3C-CA35-4D16-AB53-E8BF757777FD}.Debug|x64.Build.0 = Debug|Any CPU
		{390A9F3C-CA35-4D16-AB53-E8BF757777FD}.Debug|x86.ActiveCfg = Debug|Any CPU
		{390A9F3C-CA35-4D16-AB53-E8BF757777FD}.Debug|x86.Build.0 = Debug|Any CPU
		{390A9F3C-CA35-4D16-AB53-E8BF757777FD}.Release|Any CPU.ActiveCfg = Release|Any CPU
		{390A9F3C-CA35-4D16-AB53-E8BF757777FD}.Release|Any CPU.Build.0 = Release|Any CPU
		{390A9F3C-CA35-4D16-AB53-E8BF757777FD}.Release|x64.ActiveCfg = Release|Any CPU
		{390A9F3C-CA35-4D16-AB53-E8BF757777FD}.Release|x64.Build.0 = Release|Any CPU
		{390A9F3C-CA35-4D16-AB53-E8BF757777FD}.Release|x86.ActiveCfg = Release|Any CPU
		{390A9F3C-CA35-4D16-AB53-E8BF757777FD}.Release|x86.Build.0 = Release|Any CPU
		{390A9F3C-CA35-4D16-AB53-E8BF757777FD}.ReleaseNuget|Any CPU.ActiveCfg = Release|Any CPU
		{390A9F3C-CA35-4D16-AB53-E8BF757777FD}.ReleaseNuget|Any CPU.Build.0 = Release|Any CPU
		{390A9F3C-CA35-4D16-AB53-E8BF757777FD}.ReleaseNuget|x64.ActiveCfg = Release|Any CPU
		{390A9F3C-CA35-4D16-AB53-E8BF757777FD}.ReleaseNuget|x64.Build.0 = Release|Any CPU
		{390A9F3C-CA35-4D16-AB53-E8BF757777FD}.ReleaseNuget|x86.ActiveCfg = Release|Any CPU
		{390A9F3C-CA35-4D16-AB53-E8BF757777FD}.ReleaseNuget|x86.Build.0 = Release|Any CPU
		{0BE21F09-AB02-4744-B201-04E38D6008A2}.Debug|Any CPU.ActiveCfg = Debug|Any CPU
		{0BE21F09-AB02-4744-B201-04E38D6008A2}.Debug|Any CPU.Build.0 = Debug|Any CPU
		{0BE21F09-AB02-4744-B201-04E38D6008A2}.Debug|x64.ActiveCfg = Debug|Any CPU
		{0BE21F09-AB02-4744-B201-04E38D6008A2}.Debug|x64.Build.0 = Debug|Any CPU
		{0BE21F09-AB02-4744-B201-04E38D6008A2}.Debug|x86.ActiveCfg = Debug|Any CPU
		{0BE21F09-AB02-4744-B201-04E38D6008A2}.Debug|x86.Build.0 = Debug|Any CPU
		{0BE21F09-AB02-4744-B201-04E38D6008A2}.Release|Any CPU.ActiveCfg = Release|Any CPU
		{0BE21F09-AB02-4744-B201-04E38D6008A2}.Release|Any CPU.Build.0 = Release|Any CPU
		{0BE21F09-AB02-4744-B201-04E38D6008A2}.Release|x64.ActiveCfg = Release|Any CPU
		{0BE21F09-AB02-4744-B201-04E38D6008A2}.Release|x64.Build.0 = Release|Any CPU
		{0BE21F09-AB02-4744-B201-04E38D6008A2}.Release|x86.ActiveCfg = Release|Any CPU
		{0BE21F09-AB02-4744-B201-04E38D6008A2}.Release|x86.Build.0 = Release|Any CPU
		{0BE21F09-AB02-4744-B201-04E38D6008A2}.ReleaseNuget|Any CPU.ActiveCfg = Release|Any CPU
		{0BE21F09-AB02-4744-B201-04E38D6008A2}.ReleaseNuget|Any CPU.Build.0 = Release|Any CPU
		{0BE21F09-AB02-4744-B201-04E38D6008A2}.ReleaseNuget|x64.ActiveCfg = Release|Any CPU
		{0BE21F09-AB02-4744-B201-04E38D6008A2}.ReleaseNuget|x64.Build.0 = Release|Any CPU
		{0BE21F09-AB02-4744-B201-04E38D6008A2}.ReleaseNuget|x86.ActiveCfg = Release|Any CPU
		{0BE21F09-AB02-4744-B201-04E38D6008A2}.ReleaseNuget|x86.Build.0 = Release|Any CPU
		{8FA32F4A-F1C3-4868-AB24-7057F49283FF}.Debug|Any CPU.ActiveCfg = Debug|Any CPU
		{8FA32F4A-F1C3-4868-AB24-7057F49283FF}.Debug|Any CPU.Build.0 = Debug|Any CPU
		{8FA32F4A-F1C3-4868-AB24-7057F49283FF}.Debug|x64.ActiveCfg = Debug|Any CPU
		{8FA32F4A-F1C3-4868-AB24-7057F49283FF}.Debug|x64.Build.0 = Debug|Any CPU
		{8FA32F4A-F1C3-4868-AB24-7057F49283FF}.Debug|x86.ActiveCfg = Debug|Any CPU
		{8FA32F4A-F1C3-4868-AB24-7057F49283FF}.Debug|x86.Build.0 = Debug|Any CPU
		{8FA32F4A-F1C3-4868-AB24-7057F49283FF}.Release|Any CPU.ActiveCfg = Release|Any CPU
		{8FA32F4A-F1C3-4868-AB24-7057F49283FF}.Release|Any CPU.Build.0 = Release|Any CPU
		{8FA32F4A-F1C3-4868-AB24-7057F49283FF}.Release|x64.ActiveCfg = Release|Any CPU
		{8FA32F4A-F1C3-4868-AB24-7057F49283FF}.Release|x64.Build.0 = Release|Any CPU
		{8FA32F4A-F1C3-4868-AB24-7057F49283FF}.Release|x86.ActiveCfg = Release|Any CPU
		{8FA32F4A-F1C3-4868-AB24-7057F49283FF}.Release|x86.Build.0 = Release|Any CPU
		{8FA32F4A-F1C3-4868-AB24-7057F49283FF}.ReleaseNuget|Any CPU.ActiveCfg = Release|Any CPU
		{8FA32F4A-F1C3-4868-AB24-7057F49283FF}.ReleaseNuget|Any CPU.Build.0 = Release|Any CPU
		{8FA32F4A-F1C3-4868-AB24-7057F49283FF}.ReleaseNuget|x64.ActiveCfg = Release|Any CPU
		{8FA32F4A-F1C3-4868-AB24-7057F49283FF}.ReleaseNuget|x64.Build.0 = Release|Any CPU
		{8FA32F4A-F1C3-4868-AB24-7057F49283FF}.ReleaseNuget|x86.ActiveCfg = Release|Any CPU
		{8FA32F4A-F1C3-4868-AB24-7057F49283FF}.ReleaseNuget|x86.Build.0 = Release|Any CPU
		{C0B7AE10-F8E3-4177-B937-F1787A7F0DF3}.Debug|Any CPU.ActiveCfg = Debug|Any CPU
		{C0B7AE10-F8E3-4177-B937-F1787A7F0DF3}.Debug|Any CPU.Build.0 = Debug|Any CPU
		{C0B7AE10-F8E3-4177-B937-F1787A7F0DF3}.Debug|x64.ActiveCfg = Debug|Any CPU
		{C0B7AE10-F8E3-4177-B937-F1787A7F0DF3}.Debug|x64.Build.0 = Debug|Any CPU
		{C0B7AE10-F8E3-4177-B937-F1787A7F0DF3}.Debug|x86.ActiveCfg = Debug|Any CPU
		{C0B7AE10-F8E3-4177-B937-F1787A7F0DF3}.Debug|x86.Build.0 = Debug|Any CPU
		{C0B7AE10-F8E3-4177-B937-F1787A7F0DF3}.Release|Any CPU.ActiveCfg = Release|Any CPU
		{C0B7AE10-F8E3-4177-B937-F1787A7F0DF3}.Release|Any CPU.Build.0 = Release|Any CPU
		{C0B7AE10-F8E3-4177-B937-F1787A7F0DF3}.Release|x64.ActiveCfg = Release|Any CPU
		{C0B7AE10-F8E3-4177-B937-F1787A7F0DF3}.Release|x64.Build.0 = Release|Any CPU
		{C0B7AE10-F8E3-4177-B937-F1787A7F0DF3}.Release|x86.ActiveCfg = Release|Any CPU
		{C0B7AE10-F8E3-4177-B937-F1787A7F0DF3}.Release|x86.Build.0 = Release|Any CPU
		{C0B7AE10-F8E3-4177-B937-F1787A7F0DF3}.ReleaseNuget|Any CPU.ActiveCfg = ReleaseNuget|Any CPU
		{C0B7AE10-F8E3-4177-B937-F1787A7F0DF3}.ReleaseNuget|Any CPU.Build.0 = ReleaseNuget|Any CPU
		{C0B7AE10-F8E3-4177-B937-F1787A7F0DF3}.ReleaseNuget|x64.ActiveCfg = Release|Any CPU
		{C0B7AE10-F8E3-4177-B937-F1787A7F0DF3}.ReleaseNuget|x64.Build.0 = Release|Any CPU
		{C0B7AE10-F8E3-4177-B937-F1787A7F0DF3}.ReleaseNuget|x86.ActiveCfg = Release|Any CPU
		{C0B7AE10-F8E3-4177-B937-F1787A7F0DF3}.ReleaseNuget|x86.Build.0 = Release|Any CPU
		{E76A146E-3EF3-427F-B496-054CF5946CE0}.Debug|Any CPU.ActiveCfg = Debug|Any CPU
		{E76A146E-3EF3-427F-B496-054CF5946CE0}.Debug|Any CPU.Build.0 = Debug|Any CPU
		{E76A146E-3EF3-427F-B496-054CF5946CE0}.Debug|x64.ActiveCfg = Debug|Any CPU
		{E76A146E-3EF3-427F-B496-054CF5946CE0}.Debug|x64.Build.0 = Debug|Any CPU
		{E76A146E-3EF3-427F-B496-054CF5946CE0}.Debug|x86.ActiveCfg = Debug|Any CPU
		{E76A146E-3EF3-427F-B496-054CF5946CE0}.Debug|x86.Build.0 = Debug|Any CPU
		{E76A146E-3EF3-427F-B496-054CF5946CE0}.Release|Any CPU.ActiveCfg = Release|Any CPU
		{E76A146E-3EF3-427F-B496-054CF5946CE0}.Release|Any CPU.Build.0 = Release|Any CPU
		{E76A146E-3EF3-427F-B496-054CF5946CE0}.Release|x64.ActiveCfg = Release|Any CPU
		{E76A146E-3EF3-427F-B496-054CF5946CE0}.Release|x64.Build.0 = Release|Any CPU
		{E76A146E-3EF3-427F-B496-054CF5946CE0}.Release|x86.ActiveCfg = Release|Any CPU
		{E76A146E-3EF3-427F-B496-054CF5946CE0}.Release|x86.Build.0 = Release|Any CPU
		{E76A146E-3EF3-427F-B496-054CF5946CE0}.ReleaseNuget|Any CPU.ActiveCfg = Release|Any CPU
		{E76A146E-3EF3-427F-B496-054CF5946CE0}.ReleaseNuget|Any CPU.Build.0 = Release|Any CPU
		{E76A146E-3EF3-427F-B496-054CF5946CE0}.ReleaseNuget|x64.ActiveCfg = Release|Any CPU
		{E76A146E-3EF3-427F-B496-054CF5946CE0}.ReleaseNuget|x64.Build.0 = Release|Any CPU
		{E76A146E-3EF3-427F-B496-054CF5946CE0}.ReleaseNuget|x86.ActiveCfg = Release|Any CPU
		{E76A146E-3EF3-427F-B496-054CF5946CE0}.ReleaseNuget|x86.Build.0 = Release|Any CPU
		{DD776491-CE90-473C-B361-51E0F476DCA7}.Debug|Any CPU.ActiveCfg = Debug|Any CPU
		{DD776491-CE90-473C-B361-51E0F476DCA7}.Debug|Any CPU.Build.0 = Debug|Any CPU
		{DD776491-CE90-473C-B361-51E0F476DCA7}.Debug|x64.ActiveCfg = Debug|Any CPU
		{DD776491-CE90-473C-B361-51E0F476DCA7}.Debug|x64.Build.0 = Debug|Any CPU
		{DD776491-CE90-473C-B361-51E0F476DCA7}.Debug|x86.ActiveCfg = Debug|Any CPU
		{DD776491-CE90-473C-B361-51E0F476DCA7}.Debug|x86.Build.0 = Debug|Any CPU
		{DD776491-CE90-473C-B361-51E0F476DCA7}.Release|Any CPU.ActiveCfg = Release|Any CPU
		{DD776491-CE90-473C-B361-51E0F476DCA7}.Release|Any CPU.Build.0 = Release|Any CPU
		{DD776491-CE90-473C-B361-51E0F476DCA7}.Release|x64.ActiveCfg = Release|Any CPU
		{DD776491-CE90-473C-B361-51E0F476DCA7}.Release|x64.Build.0 = Release|Any CPU
		{DD776491-CE90-473C-B361-51E0F476DCA7}.Release|x86.ActiveCfg = Release|Any CPU
		{DD776491-CE90-473C-B361-51E0F476DCA7}.Release|x86.Build.0 = Release|Any CPU
		{DD776491-CE90-473C-B361-51E0F476DCA7}.ReleaseNuget|Any CPU.ActiveCfg = Release|Any CPU
		{DD776491-CE90-473C-B361-51E0F476DCA7}.ReleaseNuget|Any CPU.Build.0 = Release|Any CPU
		{DD776491-CE90-473C-B361-51E0F476DCA7}.ReleaseNuget|x64.ActiveCfg = Release|Any CPU
		{DD776491-CE90-473C-B361-51E0F476DCA7}.ReleaseNuget|x64.Build.0 = Release|Any CPU
		{DD776491-CE90-473C-B361-51E0F476DCA7}.ReleaseNuget|x86.ActiveCfg = Release|Any CPU
		{DD776491-CE90-473C-B361-51E0F476DCA7}.ReleaseNuget|x86.Build.0 = Release|Any CPU
		{6BB1415B-EB7A-47DC-A764-0E1853EBB30C}.Debug|Any CPU.ActiveCfg = Debug|Any CPU
		{6BB1415B-EB7A-47DC-A764-0E1853EBB30C}.Debug|Any CPU.Build.0 = Debug|Any CPU
		{6BB1415B-EB7A-47DC-A764-0E1853EBB30C}.Debug|x64.ActiveCfg = Debug|Any CPU
		{6BB1415B-EB7A-47DC-A764-0E1853EBB30C}.Debug|x64.Build.0 = Debug|Any CPU
		{6BB1415B-EB7A-47DC-A764-0E1853EBB30C}.Debug|x86.ActiveCfg = Debug|Any CPU
		{6BB1415B-EB7A-47DC-A764-0E1853EBB30C}.Debug|x86.Build.0 = Debug|Any CPU
		{6BB1415B-EB7A-47DC-A764-0E1853EBB30C}.Release|Any CPU.ActiveCfg = Release|Any CPU
		{6BB1415B-EB7A-47DC-A764-0E1853EBB30C}.Release|Any CPU.Build.0 = Release|Any CPU
		{6BB1415B-EB7A-47DC-A764-0E1853EBB30C}.Release|x64.ActiveCfg = Release|Any CPU
		{6BB1415B-EB7A-47DC-A764-0E1853EBB30C}.Release|x64.Build.0 = Release|Any CPU
		{6BB1415B-EB7A-47DC-A764-0E1853EBB30C}.Release|x86.ActiveCfg = Release|Any CPU
		{6BB1415B-EB7A-47DC-A764-0E1853EBB30C}.Release|x86.Build.0 = Release|Any CPU
		{6BB1415B-EB7A-47DC-A764-0E1853EBB30C}.ReleaseNuget|Any CPU.ActiveCfg = Release|Any CPU
		{6BB1415B-EB7A-47DC-A764-0E1853EBB30C}.ReleaseNuget|Any CPU.Build.0 = Release|Any CPU
		{6BB1415B-EB7A-47DC-A764-0E1853EBB30C}.ReleaseNuget|x64.ActiveCfg = Release|Any CPU
		{6BB1415B-EB7A-47DC-A764-0E1853EBB30C}.ReleaseNuget|x64.Build.0 = Release|Any CPU
		{6BB1415B-EB7A-47DC-A764-0E1853EBB30C}.ReleaseNuget|x86.ActiveCfg = Release|Any CPU
		{6BB1415B-EB7A-47DC-A764-0E1853EBB30C}.ReleaseNuget|x86.Build.0 = Release|Any CPU
		{87C16AD7-E22F-4118-BD34-A34041076975}.Debug|Any CPU.ActiveCfg = Debug|Any CPU
		{87C16AD7-E22F-4118-BD34-A34041076975}.Debug|Any CPU.Build.0 = Debug|Any CPU
		{87C16AD7-E22F-4118-BD34-A34041076975}.Debug|x64.ActiveCfg = Debug|Any CPU
		{87C16AD7-E22F-4118-BD34-A34041076975}.Debug|x64.Build.0 = Debug|Any CPU
		{87C16AD7-E22F-4118-BD34-A34041076975}.Debug|x86.ActiveCfg = Debug|Any CPU
		{87C16AD7-E22F-4118-BD34-A34041076975}.Debug|x86.Build.0 = Debug|Any CPU
		{87C16AD7-E22F-4118-BD34-A34041076975}.Release|Any CPU.ActiveCfg = Release|Any CPU
		{87C16AD7-E22F-4118-BD34-A34041076975}.Release|Any CPU.Build.0 = Release|Any CPU
		{87C16AD7-E22F-4118-BD34-A34041076975}.Release|x64.ActiveCfg = Release|Any CPU
		{87C16AD7-E22F-4118-BD34-A34041076975}.Release|x64.Build.0 = Release|Any CPU
		{87C16AD7-E22F-4118-BD34-A34041076975}.Release|x86.ActiveCfg = Release|Any CPU
		{87C16AD7-E22F-4118-BD34-A34041076975}.Release|x86.Build.0 = Release|Any CPU
		{87C16AD7-E22F-4118-BD34-A34041076975}.ReleaseNuget|Any CPU.ActiveCfg = Release|Any CPU
		{87C16AD7-E22F-4118-BD34-A34041076975}.ReleaseNuget|Any CPU.Build.0 = Release|Any CPU
		{87C16AD7-E22F-4118-BD34-A34041076975}.ReleaseNuget|x64.ActiveCfg = Release|Any CPU
		{87C16AD7-E22F-4118-BD34-A34041076975}.ReleaseNuget|x64.Build.0 = Release|Any CPU
		{87C16AD7-E22F-4118-BD34-A34041076975}.ReleaseNuget|x86.ActiveCfg = Release|Any CPU
		{87C16AD7-E22F-4118-BD34-A34041076975}.ReleaseNuget|x86.Build.0 = Release|Any CPU
		{E3F7C799-234E-471C-A12B-B9BE04DA1B40}.Debug|Any CPU.ActiveCfg = Debug|Any CPU
		{E3F7C799-234E-471C-A12B-B9BE04DA1B40}.Debug|Any CPU.Build.0 = Debug|Any CPU
		{E3F7C799-234E-471C-A12B-B9BE04DA1B40}.Debug|x64.ActiveCfg = Debug|Any CPU
		{E3F7C799-234E-471C-A12B-B9BE04DA1B40}.Debug|x64.Build.0 = Debug|Any CPU
		{E3F7C799-234E-471C-A12B-B9BE04DA1B40}.Debug|x86.ActiveCfg = Debug|Any CPU
		{E3F7C799-234E-471C-A12B-B9BE04DA1B40}.Debug|x86.Build.0 = Debug|Any CPU
		{E3F7C799-234E-471C-A12B-B9BE04DA1B40}.Release|Any CPU.ActiveCfg = Release|Any CPU
		{E3F7C799-234E-471C-A12B-B9BE04DA1B40}.Release|Any CPU.Build.0 = Release|Any CPU
		{E3F7C799-234E-471C-A12B-B9BE04DA1B40}.Release|x64.ActiveCfg = Release|Any CPU
		{E3F7C799-234E-471C-A12B-B9BE04DA1B40}.Release|x64.Build.0 = Release|Any CPU
		{E3F7C799-234E-471C-A12B-B9BE04DA1B40}.Release|x86.ActiveCfg = Release|Any CPU
		{E3F7C799-234E-471C-A12B-B9BE04DA1B40}.Release|x86.Build.0 = Release|Any CPU
		{E3F7C799-234E-471C-A12B-B9BE04DA1B40}.ReleaseNuget|Any CPU.ActiveCfg = Release|Any CPU
		{E3F7C799-234E-471C-A12B-B9BE04DA1B40}.ReleaseNuget|Any CPU.Build.0 = Release|Any CPU
		{E3F7C799-234E-471C-A12B-B9BE04DA1B40}.ReleaseNuget|x64.ActiveCfg = Release|Any CPU
		{E3F7C799-234E-471C-A12B-B9BE04DA1B40}.ReleaseNuget|x64.Build.0 = Release|Any CPU
		{E3F7C799-234E-471C-A12B-B9BE04DA1B40}.ReleaseNuget|x86.ActiveCfg = Release|Any CPU
		{E3F7C799-234E-471C-A12B-B9BE04DA1B40}.ReleaseNuget|x86.Build.0 = Release|Any CPU
		{AEF2E9DC-848A-42C9-9EB9-9A6F4CA1EB7D}.Debug|Any CPU.ActiveCfg = Debug|Any CPU
		{AEF2E9DC-848A-42C9-9EB9-9A6F4CA1EB7D}.Debug|Any CPU.Build.0 = Debug|Any CPU
		{AEF2E9DC-848A-42C9-9EB9-9A6F4CA1EB7D}.Debug|x64.ActiveCfg = Debug|Any CPU
		{AEF2E9DC-848A-42C9-9EB9-9A6F4CA1EB7D}.Debug|x64.Build.0 = Debug|Any CPU
		{AEF2E9DC-848A-42C9-9EB9-9A6F4CA1EB7D}.Debug|x86.ActiveCfg = Debug|Any CPU
		{AEF2E9DC-848A-42C9-9EB9-9A6F4CA1EB7D}.Debug|x86.Build.0 = Debug|Any CPU
		{AEF2E9DC-848A-42C9-9EB9-9A6F4CA1EB7D}.Release|Any CPU.ActiveCfg = Release|Any CPU
		{AEF2E9DC-848A-42C9-9EB9-9A6F4CA1EB7D}.Release|Any CPU.Build.0 = Release|Any CPU
		{AEF2E9DC-848A-42C9-9EB9-9A6F4CA1EB7D}.Release|x64.ActiveCfg = Release|Any CPU
		{AEF2E9DC-848A-42C9-9EB9-9A6F4CA1EB7D}.Release|x64.Build.0 = Release|Any CPU
		{AEF2E9DC-848A-42C9-9EB9-9A6F4CA1EB7D}.Release|x86.ActiveCfg = Release|Any CPU
		{AEF2E9DC-848A-42C9-9EB9-9A6F4CA1EB7D}.Release|x86.Build.0 = Release|Any CPU
		{AEF2E9DC-848A-42C9-9EB9-9A6F4CA1EB7D}.ReleaseNuget|Any CPU.ActiveCfg = Release|Any CPU
		{AEF2E9DC-848A-42C9-9EB9-9A6F4CA1EB7D}.ReleaseNuget|Any CPU.Build.0 = Release|Any CPU
		{AEF2E9DC-848A-42C9-9EB9-9A6F4CA1EB7D}.ReleaseNuget|x64.ActiveCfg = Release|Any CPU
		{AEF2E9DC-848A-42C9-9EB9-9A6F4CA1EB7D}.ReleaseNuget|x64.Build.0 = Release|Any CPU
		{AEF2E9DC-848A-42C9-9EB9-9A6F4CA1EB7D}.ReleaseNuget|x86.ActiveCfg = Release|Any CPU
		{AEF2E9DC-848A-42C9-9EB9-9A6F4CA1EB7D}.ReleaseNuget|x86.Build.0 = Release|Any CPU
		{DA87FBBB-48F4-46D4-90EF-AF4230A97088}.Debug|Any CPU.ActiveCfg = Debug|Any CPU
		{DA87FBBB-48F4-46D4-90EF-AF4230A97088}.Debug|Any CPU.Build.0 = Debug|Any CPU
		{DA87FBBB-48F4-46D4-90EF-AF4230A97088}.Debug|x64.ActiveCfg = Debug|Any CPU
		{DA87FBBB-48F4-46D4-90EF-AF4230A97088}.Debug|x64.Build.0 = Debug|Any CPU
		{DA87FBBB-48F4-46D4-90EF-AF4230A97088}.Debug|x86.ActiveCfg = Debug|Any CPU
		{DA87FBBB-48F4-46D4-90EF-AF4230A97088}.Debug|x86.Build.0 = Debug|Any CPU
		{DA87FBBB-48F4-46D4-90EF-AF4230A97088}.Release|Any CPU.ActiveCfg = Release|Any CPU
		{DA87FBBB-48F4-46D4-90EF-AF4230A97088}.Release|Any CPU.Build.0 = Release|Any CPU
		{DA87FBBB-48F4-46D4-90EF-AF4230A97088}.Release|x64.ActiveCfg = Release|Any CPU
		{DA87FBBB-48F4-46D4-90EF-AF4230A97088}.Release|x64.Build.0 = Release|Any CPU
		{DA87FBBB-48F4-46D4-90EF-AF4230A97088}.Release|x86.ActiveCfg = Release|Any CPU
		{DA87FBBB-48F4-46D4-90EF-AF4230A97088}.Release|x86.Build.0 = Release|Any CPU
		{DA87FBBB-48F4-46D4-90EF-AF4230A97088}.ReleaseNuget|Any CPU.ActiveCfg = Release|Any CPU
		{DA87FBBB-48F4-46D4-90EF-AF4230A97088}.ReleaseNuget|Any CPU.Build.0 = Release|Any CPU
		{DA87FBBB-48F4-46D4-90EF-AF4230A97088}.ReleaseNuget|x64.ActiveCfg = Release|Any CPU
		{DA87FBBB-48F4-46D4-90EF-AF4230A97088}.ReleaseNuget|x64.Build.0 = Release|Any CPU
		{DA87FBBB-48F4-46D4-90EF-AF4230A97088}.ReleaseNuget|x86.ActiveCfg = Release|Any CPU
		{DA87FBBB-48F4-46D4-90EF-AF4230A97088}.ReleaseNuget|x86.Build.0 = Release|Any CPU
		{54DCB4EF-1475-4C12-AA6C-ACB61519B4A9}.Debug|Any CPU.ActiveCfg = Debug|Any CPU
		{54DCB4EF-1475-4C12-AA6C-ACB61519B4A9}.Debug|Any CPU.Build.0 = Debug|Any CPU
		{54DCB4EF-1475-4C12-AA6C-ACB61519B4A9}.Debug|x64.ActiveCfg = Debug|Any CPU
		{54DCB4EF-1475-4C12-AA6C-ACB61519B4A9}.Debug|x64.Build.0 = Debug|Any CPU
		{54DCB4EF-1475-4C12-AA6C-ACB61519B4A9}.Debug|x86.ActiveCfg = Debug|Any CPU
		{54DCB4EF-1475-4C12-AA6C-ACB61519B4A9}.Debug|x86.Build.0 = Debug|Any CPU
		{54DCB4EF-1475-4C12-AA6C-ACB61519B4A9}.Release|Any CPU.ActiveCfg = Release|Any CPU
		{54DCB4EF-1475-4C12-AA6C-ACB61519B4A9}.Release|Any CPU.Build.0 = Release|Any CPU
		{54DCB4EF-1475-4C12-AA6C-ACB61519B4A9}.Release|x64.ActiveCfg = Release|Any CPU
		{54DCB4EF-1475-4C12-AA6C-ACB61519B4A9}.Release|x64.Build.0 = Release|Any CPU
		{54DCB4EF-1475-4C12-AA6C-ACB61519B4A9}.Release|x86.ActiveCfg = Release|Any CPU
		{54DCB4EF-1475-4C12-AA6C-ACB61519B4A9}.Release|x86.Build.0 = Release|Any CPU
		{54DCB4EF-1475-4C12-AA6C-ACB61519B4A9}.ReleaseNuget|Any CPU.ActiveCfg = Release|Any CPU
		{54DCB4EF-1475-4C12-AA6C-ACB61519B4A9}.ReleaseNuget|Any CPU.Build.0 = Release|Any CPU
		{54DCB4EF-1475-4C12-AA6C-ACB61519B4A9}.ReleaseNuget|x64.ActiveCfg = Release|Any CPU
		{54DCB4EF-1475-4C12-AA6C-ACB61519B4A9}.ReleaseNuget|x64.Build.0 = Release|Any CPU
		{54DCB4EF-1475-4C12-AA6C-ACB61519B4A9}.ReleaseNuget|x86.ActiveCfg = Release|Any CPU
		{54DCB4EF-1475-4C12-AA6C-ACB61519B4A9}.ReleaseNuget|x86.Build.0 = Release|Any CPU
		{740BD134-AB9F-4503-9F86-4642B151FECB}.Debug|Any CPU.ActiveCfg = Debug|Any CPU
		{740BD134-AB9F-4503-9F86-4642B151FECB}.Debug|Any CPU.Build.0 = Debug|Any CPU
		{740BD134-AB9F-4503-9F86-4642B151FECB}.Debug|x64.ActiveCfg = Debug|Any CPU
		{740BD134-AB9F-4503-9F86-4642B151FECB}.Debug|x64.Build.0 = Debug|Any CPU
		{740BD134-AB9F-4503-9F86-4642B151FECB}.Debug|x86.ActiveCfg = Debug|Any CPU
		{740BD134-AB9F-4503-9F86-4642B151FECB}.Debug|x86.Build.0 = Debug|Any CPU
		{740BD134-AB9F-4503-9F86-4642B151FECB}.Release|Any CPU.ActiveCfg = Release|Any CPU
		{740BD134-AB9F-4503-9F86-4642B151FECB}.Release|Any CPU.Build.0 = Release|Any CPU
		{740BD134-AB9F-4503-9F86-4642B151FECB}.Release|x64.ActiveCfg = Release|Any CPU
		{740BD134-AB9F-4503-9F86-4642B151FECB}.Release|x64.Build.0 = Release|Any CPU
		{740BD134-AB9F-4503-9F86-4642B151FECB}.Release|x86.ActiveCfg = Release|Any CPU
		{740BD134-AB9F-4503-9F86-4642B151FECB}.Release|x86.Build.0 = Release|Any CPU
		{740BD134-AB9F-4503-9F86-4642B151FECB}.ReleaseNuget|Any CPU.ActiveCfg = Release|Any CPU
		{740BD134-AB9F-4503-9F86-4642B151FECB}.ReleaseNuget|Any CPU.Build.0 = Release|Any CPU
		{740BD134-AB9F-4503-9F86-4642B151FECB}.ReleaseNuget|x64.ActiveCfg = Release|Any CPU
		{740BD134-AB9F-4503-9F86-4642B151FECB}.ReleaseNuget|x64.Build.0 = Release|Any CPU
		{740BD134-AB9F-4503-9F86-4642B151FECB}.ReleaseNuget|x86.ActiveCfg = Release|Any CPU
		{740BD134-AB9F-4503-9F86-4642B151FECB}.ReleaseNuget|x86.Build.0 = Release|Any CPU
		{E6DCA648-55B4-4411-BC4D-52D5F69D0612}.Debug|Any CPU.ActiveCfg = Debug|Any CPU
		{E6DCA648-55B4-4411-BC4D-52D5F69D0612}.Debug|Any CPU.Build.0 = Debug|Any CPU
		{E6DCA648-55B4-4411-BC4D-52D5F69D0612}.Debug|x64.ActiveCfg = Debug|Any CPU
		{E6DCA648-55B4-4411-BC4D-52D5F69D0612}.Debug|x64.Build.0 = Debug|Any CPU
		{E6DCA648-55B4-4411-BC4D-52D5F69D0612}.Debug|x86.ActiveCfg = Debug|Any CPU
		{E6DCA648-55B4-4411-BC4D-52D5F69D0612}.Debug|x86.Build.0 = Debug|Any CPU
		{E6DCA648-55B4-4411-BC4D-52D5F69D0612}.Release|Any CPU.ActiveCfg = Release|Any CPU
		{E6DCA648-55B4-4411-BC4D-52D5F69D0612}.Release|Any CPU.Build.0 = Release|Any CPU
		{E6DCA648-55B4-4411-BC4D-52D5F69D0612}.Release|x64.ActiveCfg = Release|Any CPU
		{E6DCA648-55B4-4411-BC4D-52D5F69D0612}.Release|x64.Build.0 = Release|Any CPU
		{E6DCA648-55B4-4411-BC4D-52D5F69D0612}.Release|x86.ActiveCfg = Release|Any CPU
		{E6DCA648-55B4-4411-BC4D-52D5F69D0612}.Release|x86.Build.0 = Release|Any CPU
		{E6DCA648-55B4-4411-BC4D-52D5F69D0612}.ReleaseNuget|Any CPU.ActiveCfg = Release|Any CPU
		{E6DCA648-55B4-4411-BC4D-52D5F69D0612}.ReleaseNuget|Any CPU.Build.0 = Release|Any CPU
		{E6DCA648-55B4-4411-BC4D-52D5F69D0612}.ReleaseNuget|x64.ActiveCfg = Release|Any CPU
		{E6DCA648-55B4-4411-BC4D-52D5F69D0612}.ReleaseNuget|x64.Build.0 = Release|Any CPU
		{E6DCA648-55B4-4411-BC4D-52D5F69D0612}.ReleaseNuget|x86.ActiveCfg = Release|Any CPU
		{E6DCA648-55B4-4411-BC4D-52D5F69D0612}.ReleaseNuget|x86.Build.0 = Release|Any CPU
		{0893A634-DFA0-42EB-BC53-93EC05930CF8}.Debug|Any CPU.ActiveCfg = Debug|Any CPU
		{0893A634-DFA0-42EB-BC53-93EC05930CF8}.Debug|Any CPU.Build.0 = Debug|Any CPU
		{0893A634-DFA0-42EB-BC53-93EC05930CF8}.Debug|x64.ActiveCfg = Debug|Any CPU
		{0893A634-DFA0-42EB-BC53-93EC05930CF8}.Debug|x64.Build.0 = Debug|Any CPU
		{0893A634-DFA0-42EB-BC53-93EC05930CF8}.Debug|x86.ActiveCfg = Debug|Any CPU
		{0893A634-DFA0-42EB-BC53-93EC05930CF8}.Debug|x86.Build.0 = Debug|Any CPU
		{0893A634-DFA0-42EB-BC53-93EC05930CF8}.Release|Any CPU.ActiveCfg = Release|Any CPU
		{0893A634-DFA0-42EB-BC53-93EC05930CF8}.Release|Any CPU.Build.0 = Release|Any CPU
		{0893A634-DFA0-42EB-BC53-93EC05930CF8}.Release|x64.ActiveCfg = Release|Any CPU
		{0893A634-DFA0-42EB-BC53-93EC05930CF8}.Release|x64.Build.0 = Release|Any CPU
		{0893A634-DFA0-42EB-BC53-93EC05930CF8}.Release|x86.ActiveCfg = Release|Any CPU
		{0893A634-DFA0-42EB-BC53-93EC05930CF8}.Release|x86.Build.0 = Release|Any CPU
		{0893A634-DFA0-42EB-BC53-93EC05930CF8}.ReleaseNuget|Any CPU.ActiveCfg = Release|Any CPU
		{0893A634-DFA0-42EB-BC53-93EC05930CF8}.ReleaseNuget|Any CPU.Build.0 = Release|Any CPU
		{0893A634-DFA0-42EB-BC53-93EC05930CF8}.ReleaseNuget|x64.ActiveCfg = Release|Any CPU
		{0893A634-DFA0-42EB-BC53-93EC05930CF8}.ReleaseNuget|x64.Build.0 = Release|Any CPU
		{0893A634-DFA0-42EB-BC53-93EC05930CF8}.ReleaseNuget|x86.ActiveCfg = Release|Any CPU
		{0893A634-DFA0-42EB-BC53-93EC05930CF8}.ReleaseNuget|x86.Build.0 = Release|Any CPU
	EndGlobalSection
	GlobalSection(SolutionProperties) = preSolution
		HideSolutionNode = FALSE
	EndGlobalSection
	GlobalSection(NestedProjects) = preSolution
		{B59A92F9-ABDC-4200-A80D-58A5AB936591} = {E026EE7B-0B86-4A1C-95DE-779A9484AAA7}
		{0992B1B6-BE12-4B9F-9B15-4D1B03ECD306} = {1D50ED78-FBF6-490B-95ED-3A9CA0858936}
		{CC3622BA-6F50-4F82-ADCF-31143468A9CA} = {2ECAD1EB-5B0E-4A87-ACAB-197AFBDA5BCD}
		{1D50ED78-FBF6-490B-95ED-3A9CA0858936} = {411D9516-6ACC-4FFB-9CFE-0B6E71333622}
		{C36AE08A-5202-43C9-8D1B-95ABF1FCD145} = {CC3622BA-6F50-4F82-ADCF-31143468A9CA}
		{879503B6-F95F-472A-BA33-FBC8D5B49431} = {CC3622BA-6F50-4F82-ADCF-31143468A9CA}
		{B3A99961-88EB-4256-984A-01C346541183} = {E026EE7B-0B86-4A1C-95DE-779A9484AAA7}
		{492F80C1-E1F2-4CC9-8DBE-83BA63E7DE4C} = {E026EE7B-0B86-4A1C-95DE-779A9484AAA7}
		{ECA07D24-2FD5-42E8-A5F7-3FDF54B10DD4} = {1D50ED78-FBF6-490B-95ED-3A9CA0858936}
		{041AF239-40F7-4D36-8CAA-1B5DE002FE4C} = {E026EE7B-0B86-4A1C-95DE-779A9484AAA7}
		{F1CDC7E0-7E87-49EB-92A8-3BDB08950ACC} = {5CA54AED-2C29-4E45-89F7-F179126C1A9C}
		{10BF4136-A9A7-488F-AD64-F0D6CE2A81D5} = {5CA54AED-2C29-4E45-89F7-F179126C1A9C}
		{1BC98D6E-4BB8-4629-9D6F-9A0345F38321} = {5CA54AED-2C29-4E45-89F7-F179126C1A9C}
		{15ADC765-9190-4A94-BAED-58DD972FD3B7} = {F1CDC7E0-7E87-49EB-92A8-3BDB08950ACC}
		{390A9F3C-CA35-4D16-AB53-E8BF757777FD} = {F1CDC7E0-7E87-49EB-92A8-3BDB08950ACC}
		{0BE21F09-AB02-4744-B201-04E38D6008A2} = {F1CDC7E0-7E87-49EB-92A8-3BDB08950ACC}
		{8FA32F4A-F1C3-4868-AB24-7057F49283FF} = {F1CDC7E0-7E87-49EB-92A8-3BDB08950ACC}
		{C0B7AE10-F8E3-4177-B937-F1787A7F0DF3} = {E026EE7B-0B86-4A1C-95DE-779A9484AAA7}
		{7213AF5E-EFE4-4473-BA77-034673DDA325} = {3C190C0E-59B3-4D09-8DFE-B10C77DFC45E}
		{E76A146E-3EF3-427F-B496-054CF5946CE0} = {7213AF5E-EFE4-4473-BA77-034673DDA325}
		{DD776491-CE90-473C-B361-51E0F476DCA7} = {7213AF5E-EFE4-4473-BA77-034673DDA325}
		{D3A67EC0-6582-4ABD-AC55-3E7A81704B9F} = {B87AD510-9961-4964-9462-89897EC5DF36}
		{6BB1415B-EB7A-47DC-A764-0E1853EBB30C} = {D3A67EC0-6582-4ABD-AC55-3E7A81704B9F}
		{87C16AD7-E22F-4118-BD34-A34041076975} = {CBF6DB36-7FB6-438B-99CC-B59CDC08077E}
		{E3F7C799-234E-471C-A12B-B9BE04DA1B40} = {58575004-7D65-4D96-B692-6CADF9E2C543}
		{CBF6DB36-7FB6-438B-99CC-B59CDC08077E} = {7213AF5E-EFE4-4473-BA77-034673DDA325}
		{58575004-7D65-4D96-B692-6CADF9E2C543} = {CBF6DB36-7FB6-438B-99CC-B59CDC08077E}
		{E5356607-D590-492B-B93C-49488EDD2207} = {CBF6DB36-7FB6-438B-99CC-B59CDC08077E}
		{AEF2E9DC-848A-42C9-9EB9-9A6F4CA1EB7D} = {E5356607-D590-492B-B93C-49488EDD2207}
		{B87AD510-9961-4964-9462-89897EC5DF36} = {2ECAD1EB-5B0E-4A87-ACAB-197AFBDA5BCD}
		{3C190C0E-59B3-4D09-8DFE-B10C77DFC45E} = {2ECAD1EB-5B0E-4A87-ACAB-197AFBDA5BCD}
		{DA87FBBB-48F4-46D4-90EF-AF4230A97088} = {C36AE08A-5202-43C9-8D1B-95ABF1FCD145}
		{54DCB4EF-1475-4C12-AA6C-ACB61519B4A9} = {C36AE08A-5202-43C9-8D1B-95ABF1FCD145}
		{740BD134-AB9F-4503-9F86-4642B151FECB} = {F1CDC7E0-7E87-49EB-92A8-3BDB08950ACC}
		{68758EB3-E0F4-469F-A63D-8B8592414B1D} = {2AFC5CCC-A9FC-4232-9A11-B58385408C56}
		{E6DCA648-55B4-4411-BC4D-52D5F69D0612} = {C36AE08A-5202-43C9-8D1B-95ABF1FCD145}
		{0893A634-DFA0-42EB-BC53-93EC05930CF8} = {1D50ED78-FBF6-490B-95ED-3A9CA0858936}
	EndGlobalSection
	GlobalSection(ExtensibilityGlobals) = postSolution
		SolutionGuid = {BF840011-B60A-44FF-9D38-4CB15C4C9C8A}
		EnterpriseLibraryConfigurationToolBinariesPathV6 = packages\EnterpriseLibrary.Common.6.0.1304.0\lib\NET45;packages\EnterpriseLibrary.Data.6.0.1304.0\lib\NET45
	EndGlobalSection
EndGlobal
