
Microsoft Visual Studio Solution File, Format Version 12.00
# Visual Studio Version 16
VisualStudioVersion = 16.0.29806.167
MinimumVisualStudioVersion = 10.0.40219.1
Project("{FAE04EC0-301F-11D3-BF4B-00C04F79EFBC}") = "malone.Core", "malone.Core\malone.Core.csproj", "{B59A92F9-ABDC-4200-A80D-58A5AB936591}"
EndProject
Project("{FAE04EC0-301F-11D3-BF4B-00C04F79EFBC}") = "malone.Core.Identity", "malone.Core.Identity\malone.Core.Identity.csproj", "{0992B1B6-BE12-4B9F-9B15-4D1B03ECD306}"
EndProject
Project("{2150E333-8FDC-42A3-9474-1A3956D46DE8}") = "DAL", "DAL", "{CC3622BA-6F50-4F82-ADCF-31143468A9CA}"
EndProject
Project("{2150E333-8FDC-42A3-9474-1A3956D46DE8}") = "Identity", "Identity", "{1D50ED78-FBF6-490B-95ED-3A9CA0858936}"
EndProject
Project("{2150E333-8FDC-42A3-9474-1A3956D46DE8}") = "CL", "CL", "{4FCA633F-6624-41F7-9152-962E6E45B7BF}"
EndProject
Project("{FAE04EC0-301F-11D3-BF4B-00C04F79EFBC}") = "malone.Core.CL.Logging.Log4Net", "malone.Core.CL.Logging.Log4Net\malone.Core.CL.Logging.Log4Net.csproj", "{6DFC2083-92EF-4D48-AC33-77542EEC33F8}"
EndProject
Project("{2150E333-8FDC-42A3-9474-1A3956D46DE8}") = "AdoNet", "AdoNet", "{C36AE08A-5202-43C9-8D1B-95ABF1FCD145}"
EndProject
Project("{2150E333-8FDC-42A3-9474-1A3956D46DE8}") = "EF", "EF", "{879503B6-F95F-472A-BA33-FBC8D5B49431}"
EndProject
Project("{FAE04EC0-301F-11D3-BF4B-00C04F79EFBC}") = "malone.Core.EF", "malone.Core.EF\malone.Core.EF.csproj", "{B3A99961-88EB-4256-984A-01C346541183}"
EndProject
Project("{FAE04EC0-301F-11D3-BF4B-00C04F79EFBC}") = "malone.Core.AdoNet", "malone.Core.AdoNet\malone.Core.AdoNet.csproj", "{492F80C1-E1F2-4CC9-8DBE-83BA63E7DE4C}"
EndProject
Project("{2150E333-8FDC-42A3-9474-1A3956D46DE8}") = "00.Diagramas", "00.Diagramas", "{A915024C-5FFD-4F1D-9322-A5A4382EBD04}"
EndProject
Project("{2150E333-8FDC-42A3-9474-1A3956D46DE8}") = "01.Core", "01.Core", "{E026EE7B-0B86-4A1C-95DE-779A9484AAA7}"
EndProject
Project("{2150E333-8FDC-42A3-9474-1A3956D46DE8}") = "02.Implementations", "02.Implementations", "{2ECAD1EB-5B0E-4A87-ACAB-197AFBDA5BCD}"
EndProject
Project("{2150E333-8FDC-42A3-9474-1A3956D46DE8}") = "03.Extensions", "03.Extensions", "{411D9516-6ACC-4FFB-9CFE-0B6E71333622}"
EndProject
Project("{FAE04EC0-301F-11D3-BF4B-00C04F79EFBC}") = "malone.Core.Identity.EntityFramework", "malone.Core.Identity.EntityFramework\malone.Core.Identity.EntityFramework.csproj", "{ECA07D24-2FD5-42E8-A5F7-3FDF54B10DD4}"
EndProject
Project("{FAE04EC0-301F-11D3-BF4B-00C04F79EFBC}") = "malone.Core.CL.DI.Unity", "malone.Core.CL.DI.Unity\malone.Core.CL.DI.Unity.csproj", "{0485478E-B02B-407A-9BB6-81BEE44949D2}"
EndProject
Project("{FAE04EC0-301F-11D3-BF4B-00C04F79EFBC}") = "malone.Core.Patterns", "malone.Core.Patterns\malone.Core.Patterns.csproj", "{041AF239-40F7-4D36-8CAA-1B5DE002FE4C}"
EndProject
Project("{2150E333-8FDC-42A3-9474-1A3956D46DE8}") = "04.Tests", "04.Tests", "{5CA54AED-2C29-4E45-89F7-F179126C1A9C}"
EndProject
Project("{2150E333-8FDC-42A3-9474-1A3956D46DE8}") = "01.Core", "01.Core", "{F1CDC7E0-7E87-49EB-92A8-3BDB08950ACC}"
EndProject
Project("{2150E333-8FDC-42A3-9474-1A3956D46DE8}") = "02.Implementations", "02.Implementations", "{10BF4136-A9A7-488F-AD64-F0D6CE2A81D5}"
EndProject
Project("{2150E333-8FDC-42A3-9474-1A3956D46DE8}") = "03.Extensions", "03.Extensions", "{1BC98D6E-4BB8-4629-9D6F-9A0345F38321}"
EndProject
Project("{FAE04EC0-301F-11D3-BF4B-00C04F79EFBC}") = "malone.Core.Test", "malone.Core.Test\malone.Core.Test.csproj", "{15ADC765-9190-4A94-BAED-58DD972FD3B7}"
EndProject
Project("{FAE04EC0-301F-11D3-BF4B-00C04F79EFBC}") = "malone.Core.AdoNet.Test", "malone.Core.AdoNet.Test\malone.Core.AdoNet.Test.csproj", "{390A9F3C-CA35-4D16-AB53-E8BF757777FD}"
EndProject
Project("{FAE04EC0-301F-11D3-BF4B-00C04F79EFBC}") = "malone.Core.EF.Test", "malone.Core.EF.Test\malone.Core.EF.Test.csproj", "{0BE21F09-AB02-4744-B201-04E38D6008A2}"
EndProject
Project("{FAE04EC0-301F-11D3-BF4B-00C04F79EFBC}") = "malone.Core.Patterns.Test", "malone.Core.Patterns.Test\malone.Core.Patterns.Test.csproj", "{8FA32F4A-F1C3-4868-AB24-7057F49283FF}"
EndProject
Project("{2150E333-8FDC-42A3-9474-1A3956D46DE8}") = "Solution Items", "Solution Items", "{2AFC5CCC-A9FC-4232-9A11-B58385408C56}"
	ProjectSection(SolutionItems) = preProject
		Pendientes.txt = Pendientes.txt
	EndProjectSection
EndProject
Project("{FAE04EC0-301F-11D3-BF4B-00C04F79EFBC}") = "malone.Core.DAL.AdoNet.Oracle", "malone.Core.DAL.AdoNet.Oracle\malone.Core.DAL.AdoNet.Oracle.csproj", "{CAA30529-18D1-4B3E-BB31-26346F6B7E6C}"
EndProject
Project("{FAE04EC0-301F-11D3-BF4B-00C04F79EFBC}") = "malone.Core.DAL.AdoNet.SqlServer", "malone.Core.DAL.AdoNet.SqlServer\malone.Core.DAL.AdoNet.SqlServer.csproj", "{09FC23A5-72A7-4624-AB38-0C755C915DAC}"
EndProject
Project("{FAE04EC0-301F-11D3-BF4B-00C04F79EFBC}") = "malone.Core.WebApi", "malone.Core.WebApi\malone.Core.WebApi.csproj", "{C0B7AE10-F8E3-4177-B937-F1787A7F0DF3}"
EndProject
Project("{FAE04EC0-301F-11D3-BF4B-00C04F79EFBC}") = "malone.Core.CL.DI.Unity.WebApi", "malone.Core.CL.DI.Unity.WebApi\malone.Core.CL.DI.Unity.WebApi.csproj", "{4F97CB6B-C9DD-4EFA-A7D1-328592C05A04}"
EndProject
Global
	GlobalSection(SolutionConfigurationPlatforms) = preSolution
		Debug|Any CPU = Debug|Any CPU
		Debug|x64 = Debug|x64
		Debug|x86 = Debug|x86
		Release|Any CPU = Release|Any CPU
		Release|x64 = Release|x64
		Release|x86 = Release|x86
		ReleaseNuget|Any CPU = ReleaseNuget|Any CPU
		ReleaseNuget|x64 = ReleaseNuget|x64
		ReleaseNuget|x86 = ReleaseNuget|x86
	EndGlobalSection
	GlobalSection(ProjectConfigurationPlatforms) = postSolution
		{B59A92F9-ABDC-4200-A80D-58A5AB936591}.Debug|Any CPU.ActiveCfg = Debug|Any CPU
		{B59A92F9-ABDC-4200-A80D-58A5AB936591}.Debug|Any CPU.Build.0 = Debug|Any CPU
		{B59A92F9-ABDC-4200-A80D-58A5AB936591}.Debug|x64.ActiveCfg = Debug|x64
		{B59A92F9-ABDC-4200-A80D-58A5AB936591}.Debug|x64.Build.0 = Debug|x64
		{B59A92F9-ABDC-4200-A80D-58A5AB936591}.Debug|x86.ActiveCfg = Debug|x86
		{B59A92F9-ABDC-4200-A80D-58A5AB936591}.Debug|x86.Build.0 = Debug|x86
		{B59A92F9-ABDC-4200-A80D-58A5AB936591}.Release|Any CPU.ActiveCfg = Release|Any CPU
		{B59A92F9-ABDC-4200-A80D-58A5AB936591}.Release|Any CPU.Build.0 = Release|Any CPU
		{B59A92F9-ABDC-4200-A80D-58A5AB936591}.Release|x64.ActiveCfg = Release|x64
		{B59A92F9-ABDC-4200-A80D-58A5AB936591}.Release|x64.Build.0 = Release|x64
		{B59A92F9-ABDC-4200-A80D-58A5AB936591}.Release|x86.ActiveCfg = Release|x86
		{B59A92F9-ABDC-4200-A80D-58A5AB936591}.Release|x86.Build.0 = Release|x86
		{B59A92F9-ABDC-4200-A80D-58A5AB936591}.ReleaseNuget|Any CPU.ActiveCfg = ReleaseNuget|Any CPU
		{B59A92F9-ABDC-4200-A80D-58A5AB936591}.ReleaseNuget|Any CPU.Build.0 = ReleaseNuget|Any CPU
		{B59A92F9-ABDC-4200-A80D-58A5AB936591}.ReleaseNuget|x64.ActiveCfg = ReleaseNuget|x64
		{B59A92F9-ABDC-4200-A80D-58A5AB936591}.ReleaseNuget|x64.Build.0 = ReleaseNuget|x64
		{B59A92F9-ABDC-4200-A80D-58A5AB936591}.ReleaseNuget|x86.ActiveCfg = ReleaseNuget|x86
		{B59A92F9-ABDC-4200-A80D-58A5AB936591}.ReleaseNuget|x86.Build.0 = ReleaseNuget|x86
		{0992B1B6-BE12-4B9F-9B15-4D1B03ECD306}.Debug|Any CPU.ActiveCfg = Debug|Any CPU
		{0992B1B6-BE12-4B9F-9B15-4D1B03ECD306}.Debug|Any CPU.Build.0 = Debug|Any CPU
		{0992B1B6-BE12-4B9F-9B15-4D1B03ECD306}.Debug|x64.ActiveCfg = Debug|Any CPU
		{0992B1B6-BE12-4B9F-9B15-4D1B03ECD306}.Debug|x64.Build.0 = Debug|Any CPU
		{0992B1B6-BE12-4B9F-9B15-4D1B03ECD306}.Debug|x86.ActiveCfg = Debug|Any CPU
		{0992B1B6-BE12-4B9F-9B15-4D1B03ECD306}.Debug|x86.Build.0 = Debug|Any CPU
		{0992B1B6-BE12-4B9F-9B15-4D1B03ECD306}.Release|Any CPU.ActiveCfg = Release|Any CPU
		{0992B1B6-BE12-4B9F-9B15-4D1B03ECD306}.Release|Any CPU.Build.0 = Release|Any CPU
		{0992B1B6-BE12-4B9F-9B15-4D1B03ECD306}.Release|x64.ActiveCfg = Release|Any CPU
		{0992B1B6-BE12-4B9F-9B15-4D1B03ECD306}.Release|x64.Build.0 = Release|Any CPU
		{0992B1B6-BE12-4B9F-9B15-4D1B03ECD306}.Release|x86.ActiveCfg = Release|Any CPU
		{0992B1B6-BE12-4B9F-9B15-4D1B03ECD306}.Release|x86.Build.0 = Release|Any CPU
		{0992B1B6-BE12-4B9F-9B15-4D1B03ECD306}.ReleaseNuget|Any CPU.ActiveCfg = ReleaseNuget|Any CPU
		{0992B1B6-BE12-4B9F-9B15-4D1B03ECD306}.ReleaseNuget|Any CPU.Build.0 = ReleaseNuget|Any CPU
		{0992B1B6-BE12-4B9F-9B15-4D1B03ECD306}.ReleaseNuget|x64.ActiveCfg = ReleaseNuget|Any CPU
		{0992B1B6-BE12-4B9F-9B15-4D1B03ECD306}.ReleaseNuget|x64.Build.0 = ReleaseNuget|Any CPU
		{0992B1B6-BE12-4B9F-9B15-4D1B03ECD306}.ReleaseNuget|x86.ActiveCfg = ReleaseNuget|Any CPU
		{0992B1B6-BE12-4B9F-9B15-4D1B03ECD306}.ReleaseNuget|x86.Build.0 = ReleaseNuget|Any CPU
		{6DFC2083-92EF-4D48-AC33-77542EEC33F8}.Debug|Any CPU.ActiveCfg = Debug|Any CPU
		{6DFC2083-92EF-4D48-AC33-77542EEC33F8}.Debug|Any CPU.Build.0 = Debug|Any CPU
		{6DFC2083-92EF-4D48-AC33-77542EEC33F8}.Debug|x64.ActiveCfg = Debug|Any CPU
		{6DFC2083-92EF-4D48-AC33-77542EEC33F8}.Debug|x64.Build.0 = Debug|Any CPU
		{6DFC2083-92EF-4D48-AC33-77542EEC33F8}.Debug|x86.ActiveCfg = Debug|Any CPU
		{6DFC2083-92EF-4D48-AC33-77542EEC33F8}.Debug|x86.Build.0 = Debug|Any CPU
		{6DFC2083-92EF-4D48-AC33-77542EEC33F8}.Release|Any CPU.ActiveCfg = Release|Any CPU
		{6DFC2083-92EF-4D48-AC33-77542EEC33F8}.Release|Any CPU.Build.0 = Release|Any CPU
		{6DFC2083-92EF-4D48-AC33-77542EEC33F8}.Release|x64.ActiveCfg = Release|Any CPU
		{6DFC2083-92EF-4D48-AC33-77542EEC33F8}.Release|x64.Build.0 = Release|Any CPU
		{6DFC2083-92EF-4D48-AC33-77542EEC33F8}.Release|x86.ActiveCfg = Release|Any CPU
		{6DFC2083-92EF-4D48-AC33-77542EEC33F8}.Release|x86.Build.0 = Release|Any CPU
		{6DFC2083-92EF-4D48-AC33-77542EEC33F8}.ReleaseNuget|Any CPU.ActiveCfg = ReleaseNuget|Any CPU
		{6DFC2083-92EF-4D48-AC33-77542EEC33F8}.ReleaseNuget|Any CPU.Build.0 = ReleaseNuget|Any CPU
		{6DFC2083-92EF-4D48-AC33-77542EEC33F8}.ReleaseNuget|x64.ActiveCfg = ReleaseNuget|Any CPU
		{6DFC2083-92EF-4D48-AC33-77542EEC33F8}.ReleaseNuget|x64.Build.0 = ReleaseNuget|Any CPU
		{6DFC2083-92EF-4D48-AC33-77542EEC33F8}.ReleaseNuget|x86.ActiveCfg = ReleaseNuget|Any CPU
		{6DFC2083-92EF-4D48-AC33-77542EEC33F8}.ReleaseNuget|x86.Build.0 = ReleaseNuget|Any CPU
		{B3A99961-88EB-4256-984A-01C346541183}.Debug|Any CPU.ActiveCfg = Debug|Any CPU
		{B3A99961-88EB-4256-984A-01C346541183}.Debug|Any CPU.Build.0 = Debug|Any CPU
		{B3A99961-88EB-4256-984A-01C346541183}.Debug|x64.ActiveCfg = Debug|Any CPU
		{B3A99961-88EB-4256-984A-01C346541183}.Debug|x64.Build.0 = Debug|Any CPU
		{B3A99961-88EB-4256-984A-01C346541183}.Debug|x86.ActiveCfg = Debug|Any CPU
		{B3A99961-88EB-4256-984A-01C346541183}.Debug|x86.Build.0 = Debug|Any CPU
		{B3A99961-88EB-4256-984A-01C346541183}.Release|Any CPU.ActiveCfg = Release|Any CPU
		{B3A99961-88EB-4256-984A-01C346541183}.Release|Any CPU.Build.0 = Release|Any CPU
		{B3A99961-88EB-4256-984A-01C346541183}.Release|x64.ActiveCfg = Release|Any CPU
		{B3A99961-88EB-4256-984A-01C346541183}.Release|x64.Build.0 = Release|Any CPU
		{B3A99961-88EB-4256-984A-01C346541183}.Release|x86.ActiveCfg = Release|Any CPU
		{B3A99961-88EB-4256-984A-01C346541183}.Release|x86.Build.0 = Release|Any CPU
		{B3A99961-88EB-4256-984A-01C346541183}.ReleaseNuget|Any CPU.ActiveCfg = ReleaseNuget|Any CPU
		{B3A99961-88EB-4256-984A-01C346541183}.ReleaseNuget|Any CPU.Build.0 = ReleaseNuget|Any CPU
		{B3A99961-88EB-4256-984A-01C346541183}.ReleaseNuget|x64.ActiveCfg = ReleaseNuget|Any CPU
		{B3A99961-88EB-4256-984A-01C346541183}.ReleaseNuget|x64.Build.0 = ReleaseNuget|Any CPU
		{B3A99961-88EB-4256-984A-01C346541183}.ReleaseNuget|x86.ActiveCfg = ReleaseNuget|Any CPU
		{B3A99961-88EB-4256-984A-01C346541183}.ReleaseNuget|x86.Build.0 = ReleaseNuget|Any CPU
		{492F80C1-E1F2-4CC9-8DBE-83BA63E7DE4C}.Debug|Any CPU.ActiveCfg = Debug|Any CPU
		{492F80C1-E1F2-4CC9-8DBE-83BA63E7DE4C}.Debug|Any CPU.Build.0 = Debug|Any CPU
		{492F80C1-E1F2-4CC9-8DBE-83BA63E7DE4C}.Debug|x64.ActiveCfg = Debug|Any CPU
		{492F80C1-E1F2-4CC9-8DBE-83BA63E7DE4C}.Debug|x64.Build.0 = Debug|Any CPU
		{492F80C1-E1F2-4CC9-8DBE-83BA63E7DE4C}.Debug|x86.ActiveCfg = Debug|Any CPU
		{492F80C1-E1F2-4CC9-8DBE-83BA63E7DE4C}.Debug|x86.Build.0 = Debug|Any CPU
		{492F80C1-E1F2-4CC9-8DBE-83BA63E7DE4C}.Release|Any CPU.ActiveCfg = Release|Any CPU
		{492F80C1-E1F2-4CC9-8DBE-83BA63E7DE4C}.Release|Any CPU.Build.0 = Release|Any CPU
		{492F80C1-E1F2-4CC9-8DBE-83BA63E7DE4C}.Release|x64.ActiveCfg = Release|Any CPU
		{492F80C1-E1F2-4CC9-8DBE-83BA63E7DE4C}.Release|x64.Build.0 = Release|Any CPU
		{492F80C1-E1F2-4CC9-8DBE-83BA63E7DE4C}.Release|x86.ActiveCfg = Release|Any CPU
		{492F80C1-E1F2-4CC9-8DBE-83BA63E7DE4C}.Release|x86.Build.0 = Release|Any CPU
		{492F80C1-E1F2-4CC9-8DBE-83BA63E7DE4C}.ReleaseNuget|Any CPU.ActiveCfg = ReleaseNuget|Any CPU
		{492F80C1-E1F2-4CC9-8DBE-83BA63E7DE4C}.ReleaseNuget|Any CPU.Build.0 = ReleaseNuget|Any CPU
		{492F80C1-E1F2-4CC9-8DBE-83BA63E7DE4C}.ReleaseNuget|x64.ActiveCfg = ReleaseNuget|Any CPU
		{492F80C1-E1F2-4CC9-8DBE-83BA63E7DE4C}.ReleaseNuget|x64.Build.0 = ReleaseNuget|Any CPU
		{492F80C1-E1F2-4CC9-8DBE-83BA63E7DE4C}.ReleaseNuget|x86.ActiveCfg = ReleaseNuget|Any CPU
		{492F80C1-E1F2-4CC9-8DBE-83BA63E7DE4C}.ReleaseNuget|x86.Build.0 = ReleaseNuget|Any CPU
		{ECA07D24-2FD5-42E8-A5F7-3FDF54B10DD4}.Debug|Any CPU.ActiveCfg = Debug|Any CPU
		{ECA07D24-2FD5-42E8-A5F7-3FDF54B10DD4}.Debug|Any CPU.Build.0 = Debug|Any CPU
		{ECA07D24-2FD5-42E8-A5F7-3FDF54B10DD4}.Debug|x64.ActiveCfg = Debug|Any CPU
		{ECA07D24-2FD5-42E8-A5F7-3FDF54B10DD4}.Debug|x64.Build.0 = Debug|Any CPU
		{ECA07D24-2FD5-42E8-A5F7-3FDF54B10DD4}.Debug|x86.ActiveCfg = Debug|Any CPU
		{ECA07D24-2FD5-42E8-A5F7-3FDF54B10DD4}.Debug|x86.Build.0 = Debug|Any CPU
		{ECA07D24-2FD5-42E8-A5F7-3FDF54B10DD4}.Release|Any CPU.ActiveCfg = Release|Any CPU
		{ECA07D24-2FD5-42E8-A5F7-3FDF54B10DD4}.Release|Any CPU.Build.0 = Release|Any CPU
		{ECA07D24-2FD5-42E8-A5F7-3FDF54B10DD4}.Release|x64.ActiveCfg = Release|Any CPU
		{ECA07D24-2FD5-42E8-A5F7-3FDF54B10DD4}.Release|x64.Build.0 = Release|Any CPU
		{ECA07D24-2FD5-42E8-A5F7-3FDF54B10DD4}.Release|x86.ActiveCfg = Release|Any CPU
		{ECA07D24-2FD5-42E8-A5F7-3FDF54B10DD4}.Release|x86.Build.0 = Release|Any CPU
		{ECA07D24-2FD5-42E8-A5F7-3FDF54B10DD4}.ReleaseNuget|Any CPU.ActiveCfg = ReleaseNuget|Any CPU
		{ECA07D24-2FD5-42E8-A5F7-3FDF54B10DD4}.ReleaseNuget|Any CPU.Build.0 = ReleaseNuget|Any CPU
		{ECA07D24-2FD5-42E8-A5F7-3FDF54B10DD4}.ReleaseNuget|x64.ActiveCfg = ReleaseNuget|Any CPU
		{ECA07D24-2FD5-42E8-A5F7-3FDF54B10DD4}.ReleaseNuget|x64.Build.0 = ReleaseNuget|Any CPU
		{ECA07D24-2FD5-42E8-A5F7-3FDF54B10DD4}.ReleaseNuget|x86.ActiveCfg = ReleaseNuget|Any CPU
		{ECA07D24-2FD5-42E8-A5F7-3FDF54B10DD4}.ReleaseNuget|x86.Build.0 = ReleaseNuget|Any CPU
		{0485478E-B02B-407A-9BB6-81BEE44949D2}.Debug|Any CPU.ActiveCfg = Debug|Any CPU
		{0485478E-B02B-407A-9BB6-81BEE44949D2}.Debug|Any CPU.Build.0 = Debug|Any CPU
		{0485478E-B02B-407A-9BB6-81BEE44949D2}.Debug|x64.ActiveCfg = Debug|Any CPU
		{0485478E-B02B-407A-9BB6-81BEE44949D2}.Debug|x64.Build.0 = Debug|Any CPU
		{0485478E-B02B-407A-9BB6-81BEE44949D2}.Debug|x86.ActiveCfg = Debug|Any CPU
		{0485478E-B02B-407A-9BB6-81BEE44949D2}.Debug|x86.Build.0 = Debug|Any CPU
		{0485478E-B02B-407A-9BB6-81BEE44949D2}.Release|Any CPU.ActiveCfg = Release|Any CPU
		{0485478E-B02B-407A-9BB6-81BEE44949D2}.Release|Any CPU.Build.0 = Release|Any CPU
		{0485478E-B02B-407A-9BB6-81BEE44949D2}.Release|x64.ActiveCfg = Release|Any CPU
		{0485478E-B02B-407A-9BB6-81BEE44949D2}.Release|x64.Build.0 = Release|Any CPU
		{0485478E-B02B-407A-9BB6-81BEE44949D2}.Release|x86.ActiveCfg = Release|Any CPU
		{0485478E-B02B-407A-9BB6-81BEE44949D2}.Release|x86.Build.0 = Release|Any CPU
		{0485478E-B02B-407A-9BB6-81BEE44949D2}.ReleaseNuget|Any CPU.ActiveCfg = ReleaseNuget|Any CPU
		{0485478E-B02B-407A-9BB6-81BEE44949D2}.ReleaseNuget|Any CPU.Build.0 = ReleaseNuget|Any CPU
		{0485478E-B02B-407A-9BB6-81BEE44949D2}.ReleaseNuget|x64.ActiveCfg = ReleaseNuget|Any CPU
		{0485478E-B02B-407A-9BB6-81BEE44949D2}.ReleaseNuget|x64.Build.0 = ReleaseNuget|Any CPU
		{0485478E-B02B-407A-9BB6-81BEE44949D2}.ReleaseNuget|x86.ActiveCfg = ReleaseNuget|Any CPU
		{0485478E-B02B-407A-9BB6-81BEE44949D2}.ReleaseNuget|x86.Build.0 = ReleaseNuget|Any CPU
		{041AF239-40F7-4D36-8CAA-1B5DE002FE4C}.Debug|Any CPU.ActiveCfg = Debug|Any CPU
		{041AF239-40F7-4D36-8CAA-1B5DE002FE4C}.Debug|Any CPU.Build.0 = Debug|Any CPU
		{041AF239-40F7-4D36-8CAA-1B5DE002FE4C}.Debug|x64.ActiveCfg = Debug|Any CPU
		{041AF239-40F7-4D36-8CAA-1B5DE002FE4C}.Debug|x64.Build.0 = Debug|Any CPU
		{041AF239-40F7-4D36-8CAA-1B5DE002FE4C}.Debug|x86.ActiveCfg = Debug|Any CPU
		{041AF239-40F7-4D36-8CAA-1B5DE002FE4C}.Debug|x86.Build.0 = Debug|Any CPU
		{041AF239-40F7-4D36-8CAA-1B5DE002FE4C}.Release|Any CPU.ActiveCfg = Release|Any CPU
		{041AF239-40F7-4D36-8CAA-1B5DE002FE4C}.Release|Any CPU.Build.0 = Release|Any CPU
		{041AF239-40F7-4D36-8CAA-1B5DE002FE4C}.Release|x64.ActiveCfg = Release|Any CPU
		{041AF239-40F7-4D36-8CAA-1B5DE002FE4C}.Release|x64.Build.0 = Release|Any CPU
		{041AF239-40F7-4D36-8CAA-1B5DE002FE4C}.Release|x86.ActiveCfg = Release|Any CPU
		{041AF239-40F7-4D36-8CAA-1B5DE002FE4C}.Release|x86.Build.0 = Release|Any CPU
		{041AF239-40F7-4D36-8CAA-1B5DE002FE4C}.ReleaseNuget|Any CPU.ActiveCfg = ReleaseNuget|Any CPU
		{041AF239-40F7-4D36-8CAA-1B5DE002FE4C}.ReleaseNuget|Any CPU.Build.0 = ReleaseNuget|Any CPU
		{041AF239-40F7-4D36-8CAA-1B5DE002FE4C}.ReleaseNuget|x64.ActiveCfg = ReleaseNuget|Any CPU
		{041AF239-40F7-4D36-8CAA-1B5DE002FE4C}.ReleaseNuget|x64.Build.0 = ReleaseNuget|Any CPU
		{041AF239-40F7-4D36-8CAA-1B5DE002FE4C}.ReleaseNuget|x86.ActiveCfg = ReleaseNuget|Any CPU
		{041AF239-40F7-4D36-8CAA-1B5DE002FE4C}.ReleaseNuget|x86.Build.0 = ReleaseNuget|Any CPU
		{15ADC765-9190-4A94-BAED-58DD972FD3B7}.Debug|Any CPU.ActiveCfg = Debug|Any CPU
		{15ADC765-9190-4A94-BAED-58DD972FD3B7}.Debug|Any CPU.Build.0 = Debug|Any CPU
		{15ADC765-9190-4A94-BAED-58DD972FD3B7}.Debug|x64.ActiveCfg = Debug|Any CPU
		{15ADC765-9190-4A94-BAED-58DD972FD3B7}.Debug|x64.Build.0 = Debug|Any CPU
		{15ADC765-9190-4A94-BAED-58DD972FD3B7}.Debug|x86.ActiveCfg = Debug|Any CPU
		{15ADC765-9190-4A94-BAED-58DD972FD3B7}.Debug|x86.Build.0 = Debug|Any CPU
		{15ADC765-9190-4A94-BAED-58DD972FD3B7}.Release|Any CPU.ActiveCfg = Release|Any CPU
		{15ADC765-9190-4A94-BAED-58DD972FD3B7}.Release|Any CPU.Build.0 = Release|Any CPU
		{15ADC765-9190-4A94-BAED-58DD972FD3B7}.Release|x64.ActiveCfg = Release|Any CPU
		{15ADC765-9190-4A94-BAED-58DD972FD3B7}.Release|x64.Build.0 = Release|Any CPU
		{15ADC765-9190-4A94-BAED-58DD972FD3B7}.Release|x86.ActiveCfg = Release|Any CPU
		{15ADC765-9190-4A94-BAED-58DD972FD3B7}.Release|x86.Build.0 = Release|Any CPU
		{15ADC765-9190-4A94-BAED-58DD972FD3B7}.ReleaseNuget|Any CPU.ActiveCfg = ReleaseNuget|Any CPU
		{15ADC765-9190-4A94-BAED-58DD972FD3B7}.ReleaseNuget|Any CPU.Build.0 = ReleaseNuget|Any CPU
		{15ADC765-9190-4A94-BAED-58DD972FD3B7}.ReleaseNuget|x64.ActiveCfg = ReleaseNuget|Any CPU
		{15ADC765-9190-4A94-BAED-58DD972FD3B7}.ReleaseNuget|x64.Build.0 = ReleaseNuget|Any CPU
		{15ADC765-9190-4A94-BAED-58DD972FD3B7}.ReleaseNuget|x86.ActiveCfg = ReleaseNuget|Any CPU
		{15ADC765-9190-4A94-BAED-58DD972FD3B7}.ReleaseNuget|x86.Build.0 = ReleaseNuget|Any CPU
		{390A9F3C-CA35-4D16-AB53-E8BF757777FD}.Debug|Any CPU.ActiveCfg = Debug|Any CPU
		{390A9F3C-CA35-4D16-AB53-E8BF757777FD}.Debug|Any CPU.Build.0 = Debug|Any CPU
		{390A9F3C-CA35-4D16-AB53-E8BF757777FD}.Debug|x64.ActiveCfg = Debug|Any CPU
		{390A9F3C-CA35-4D16-AB53-E8BF757777FD}.Debug|x64.Build.0 = Debug|Any CPU
		{390A9F3C-CA35-4D16-AB53-E8BF757777FD}.Debug|x86.ActiveCfg = Debug|Any CPU
		{390A9F3C-CA35-4D16-AB53-E8BF757777FD}.Debug|x86.Build.0 = Debug|Any CPU
		{390A9F3C-CA35-4D16-AB53-E8BF757777FD}.Release|Any CPU.ActiveCfg = Release|Any CPU
		{390A9F3C-CA35-4D16-AB53-E8BF757777FD}.Release|Any CPU.Build.0 = Release|Any CPU
		{390A9F3C-CA35-4D16-AB53-E8BF757777FD}.Release|x64.ActiveCfg = Release|Any CPU
		{390A9F3C-CA35-4D16-AB53-E8BF757777FD}.Release|x64.Build.0 = Release|Any CPU
		{390A9F3C-CA35-4D16-AB53-E8BF757777FD}.Release|x86.ActiveCfg = Release|Any CPU
		{390A9F3C-CA35-4D16-AB53-E8BF757777FD}.Release|x86.Build.0 = Release|Any CPU
		{390A9F3C-CA35-4D16-AB53-E8BF757777FD}.ReleaseNuget|Any CPU.ActiveCfg = ReleaseNuget|Any CPU
		{390A9F3C-CA35-4D16-AB53-E8BF757777FD}.ReleaseNuget|Any CPU.Build.0 = ReleaseNuget|Any CPU
		{390A9F3C-CA35-4D16-AB53-E8BF757777FD}.ReleaseNuget|x64.ActiveCfg = ReleaseNuget|Any CPU
		{390A9F3C-CA35-4D16-AB53-E8BF757777FD}.ReleaseNuget|x64.Build.0 = ReleaseNuget|Any CPU
		{390A9F3C-CA35-4D16-AB53-E8BF757777FD}.ReleaseNuget|x86.ActiveCfg = ReleaseNuget|Any CPU
		{390A9F3C-CA35-4D16-AB53-E8BF757777FD}.ReleaseNuget|x86.Build.0 = ReleaseNuget|Any CPU
		{0BE21F09-AB02-4744-B201-04E38D6008A2}.Debug|Any CPU.ActiveCfg = Debug|Any CPU
		{0BE21F09-AB02-4744-B201-04E38D6008A2}.Debug|Any CPU.Build.0 = Debug|Any CPU
		{0BE21F09-AB02-4744-B201-04E38D6008A2}.Debug|x64.ActiveCfg = Debug|Any CPU
		{0BE21F09-AB02-4744-B201-04E38D6008A2}.Debug|x64.Build.0 = Debug|Any CPU
		{0BE21F09-AB02-4744-B201-04E38D6008A2}.Debug|x86.ActiveCfg = Debug|Any CPU
		{0BE21F09-AB02-4744-B201-04E38D6008A2}.Debug|x86.Build.0 = Debug|Any CPU
		{0BE21F09-AB02-4744-B201-04E38D6008A2}.Release|Any CPU.ActiveCfg = Release|Any CPU
		{0BE21F09-AB02-4744-B201-04E38D6008A2}.Release|Any CPU.Build.0 = Release|Any CPU
		{0BE21F09-AB02-4744-B201-04E38D6008A2}.Release|x64.ActiveCfg = Release|Any CPU
		{0BE21F09-AB02-4744-B201-04E38D6008A2}.Release|x64.Build.0 = Release|Any CPU
		{0BE21F09-AB02-4744-B201-04E38D6008A2}.Release|x86.ActiveCfg = Release|Any CPU
		{0BE21F09-AB02-4744-B201-04E38D6008A2}.Release|x86.Build.0 = Release|Any CPU
		{0BE21F09-AB02-4744-B201-04E38D6008A2}.ReleaseNuget|Any CPU.ActiveCfg = ReleaseNuget|Any CPU
		{0BE21F09-AB02-4744-B201-04E38D6008A2}.ReleaseNuget|Any CPU.Build.0 = ReleaseNuget|Any CPU
		{0BE21F09-AB02-4744-B201-04E38D6008A2}.ReleaseNuget|x64.ActiveCfg = ReleaseNuget|Any CPU
		{0BE21F09-AB02-4744-B201-04E38D6008A2}.ReleaseNuget|x64.Build.0 = ReleaseNuget|Any CPU
		{0BE21F09-AB02-4744-B201-04E38D6008A2}.ReleaseNuget|x86.ActiveCfg = ReleaseNuget|Any CPU
		{0BE21F09-AB02-4744-B201-04E38D6008A2}.ReleaseNuget|x86.Build.0 = ReleaseNuget|Any CPU
		{8FA32F4A-F1C3-4868-AB24-7057F49283FF}.Debug|Any CPU.ActiveCfg = Debug|Any CPU
		{8FA32F4A-F1C3-4868-AB24-7057F49283FF}.Debug|Any CPU.Build.0 = Debug|Any CPU
		{8FA32F4A-F1C3-4868-AB24-7057F49283FF}.Debug|x64.ActiveCfg = Debug|Any CPU
		{8FA32F4A-F1C3-4868-AB24-7057F49283FF}.Debug|x64.Build.0 = Debug|Any CPU
		{8FA32F4A-F1C3-4868-AB24-7057F49283FF}.Debug|x86.ActiveCfg = Debug|Any CPU
		{8FA32F4A-F1C3-4868-AB24-7057F49283FF}.Debug|x86.Build.0 = Debug|Any CPU
		{8FA32F4A-F1C3-4868-AB24-7057F49283FF}.Release|Any CPU.ActiveCfg = Release|Any CPU
		{8FA32F4A-F1C3-4868-AB24-7057F49283FF}.Release|Any CPU.Build.0 = Release|Any CPU
		{8FA32F4A-F1C3-4868-AB24-7057F49283FF}.Release|x64.ActiveCfg = Release|Any CPU
		{8FA32F4A-F1C3-4868-AB24-7057F49283FF}.Release|x64.Build.0 = Release|Any CPU
		{8FA32F4A-F1C3-4868-AB24-7057F49283FF}.Release|x86.ActiveCfg = Release|Any CPU
		{8FA32F4A-F1C3-4868-AB24-7057F49283FF}.Release|x86.Build.0 = Release|Any CPU
		{8FA32F4A-F1C3-4868-AB24-7057F49283FF}.ReleaseNuget|Any CPU.ActiveCfg = ReleaseNuget|Any CPU
		{8FA32F4A-F1C3-4868-AB24-7057F49283FF}.ReleaseNuget|Any CPU.Build.0 = ReleaseNuget|Any CPU
		{8FA32F4A-F1C3-4868-AB24-7057F49283FF}.ReleaseNuget|x64.ActiveCfg = ReleaseNuget|Any CPU
		{8FA32F4A-F1C3-4868-AB24-7057F49283FF}.ReleaseNuget|x64.Build.0 = ReleaseNuget|Any CPU
		{8FA32F4A-F1C3-4868-AB24-7057F49283FF}.ReleaseNuget|x86.ActiveCfg = ReleaseNuget|Any CPU
		{8FA32F4A-F1C3-4868-AB24-7057F49283FF}.ReleaseNuget|x86.Build.0 = ReleaseNuget|Any CPU
		{CAA30529-18D1-4B3E-BB31-26346F6B7E6C}.Debug|Any CPU.ActiveCfg = Debug|Any CPU
		{CAA30529-18D1-4B3E-BB31-26346F6B7E6C}.Debug|Any CPU.Build.0 = Debug|Any CPU
		{CAA30529-18D1-4B3E-BB31-26346F6B7E6C}.Debug|x64.ActiveCfg = Debug|Any CPU
		{CAA30529-18D1-4B3E-BB31-26346F6B7E6C}.Debug|x64.Build.0 = Debug|Any CPU
		{CAA30529-18D1-4B3E-BB31-26346F6B7E6C}.Debug|x86.ActiveCfg = Debug|Any CPU
		{CAA30529-18D1-4B3E-BB31-26346F6B7E6C}.Debug|x86.Build.0 = Debug|Any CPU
		{CAA30529-18D1-4B3E-BB31-26346F6B7E6C}.Release|Any CPU.ActiveCfg = Release|Any CPU
		{CAA30529-18D1-4B3E-BB31-26346F6B7E6C}.Release|Any CPU.Build.0 = Release|Any CPU
		{CAA30529-18D1-4B3E-BB31-26346F6B7E6C}.Release|x64.ActiveCfg = Release|Any CPU
		{CAA30529-18D1-4B3E-BB31-26346F6B7E6C}.Release|x64.Build.0 = Release|Any CPU
		{CAA30529-18D1-4B3E-BB31-26346F6B7E6C}.Release|x86.ActiveCfg = Release|Any CPU
		{CAA30529-18D1-4B3E-BB31-26346F6B7E6C}.Release|x86.Build.0 = Release|Any CPU
		{CAA30529-18D1-4B3E-BB31-26346F6B7E6C}.ReleaseNuget|Any CPU.ActiveCfg = ReleaseNuget|Any CPU
		{CAA30529-18D1-4B3E-BB31-26346F6B7E6C}.ReleaseNuget|Any CPU.Build.0 = ReleaseNuget|Any CPU
		{CAA30529-18D1-4B3E-BB31-26346F6B7E6C}.ReleaseNuget|x64.ActiveCfg = ReleaseNuget|Any CPU
		{CAA30529-18D1-4B3E-BB31-26346F6B7E6C}.ReleaseNuget|x64.Build.0 = ReleaseNuget|Any CPU
		{CAA30529-18D1-4B3E-BB31-26346F6B7E6C}.ReleaseNuget|x86.ActiveCfg = ReleaseNuget|Any CPU
		{CAA30529-18D1-4B3E-BB31-26346F6B7E6C}.ReleaseNuget|x86.Build.0 = ReleaseNuget|Any CPU
		{09FC23A5-72A7-4624-AB38-0C755C915DAC}.Debug|Any CPU.ActiveCfg = Debug|Any CPU
		{09FC23A5-72A7-4624-AB38-0C755C915DAC}.Debug|Any CPU.Build.0 = Debug|Any CPU
		{09FC23A5-72A7-4624-AB38-0C755C915DAC}.Debug|x64.ActiveCfg = Debug|Any CPU
		{09FC23A5-72A7-4624-AB38-0C755C915DAC}.Debug|x64.Build.0 = Debug|Any CPU
		{09FC23A5-72A7-4624-AB38-0C755C915DAC}.Debug|x86.ActiveCfg = Debug|Any CPU
		{09FC23A5-72A7-4624-AB38-0C755C915DAC}.Debug|x86.Build.0 = Debug|Any CPU
		{09FC23A5-72A7-4624-AB38-0C755C915DAC}.Release|Any CPU.ActiveCfg = Release|Any CPU
		{09FC23A5-72A7-4624-AB38-0C755C915DAC}.Release|Any CPU.Build.0 = Release|Any CPU
		{09FC23A5-72A7-4624-AB38-0C755C915DAC}.Release|x64.ActiveCfg = Release|Any CPU
		{09FC23A5-72A7-4624-AB38-0C755C915DAC}.Release|x64.Build.0 = Release|Any CPU
		{09FC23A5-72A7-4624-AB38-0C755C915DAC}.Release|x86.ActiveCfg = Release|Any CPU
		{09FC23A5-72A7-4624-AB38-0C755C915DAC}.Release|x86.Build.0 = Release|Any CPU
		{09FC23A5-72A7-4624-AB38-0C755C915DAC}.ReleaseNuget|Any CPU.ActiveCfg = ReleaseNuget|Any CPU
		{09FC23A5-72A7-4624-AB38-0C755C915DAC}.ReleaseNuget|Any CPU.Build.0 = ReleaseNuget|Any CPU
		{09FC23A5-72A7-4624-AB38-0C755C915DAC}.ReleaseNuget|x64.ActiveCfg = ReleaseNuget|Any CPU
		{09FC23A5-72A7-4624-AB38-0C755C915DAC}.ReleaseNuget|x64.Build.0 = ReleaseNuget|Any CPU
		{09FC23A5-72A7-4624-AB38-0C755C915DAC}.ReleaseNuget|x86.ActiveCfg = ReleaseNuget|Any CPU
		{09FC23A5-72A7-4624-AB38-0C755C915DAC}.ReleaseNuget|x86.Build.0 = ReleaseNuget|Any CPU
		{C0B7AE10-F8E3-4177-B937-F1787A7F0DF3}.Debug|Any CPU.ActiveCfg = Debug|Any CPU
		{C0B7AE10-F8E3-4177-B937-F1787A7F0DF3}.Debug|Any CPU.Build.0 = Debug|Any CPU
		{C0B7AE10-F8E3-4177-B937-F1787A7F0DF3}.Debug|x64.ActiveCfg = Debug|Any CPU
		{C0B7AE10-F8E3-4177-B937-F1787A7F0DF3}.Debug|x64.Build.0 = Debug|Any CPU
		{C0B7AE10-F8E3-4177-B937-F1787A7F0DF3}.Debug|x86.ActiveCfg = Debug|Any CPU
		{C0B7AE10-F8E3-4177-B937-F1787A7F0DF3}.Debug|x86.Build.0 = Debug|Any CPU
		{C0B7AE10-F8E3-4177-B937-F1787A7F0DF3}.Release|Any CPU.ActiveCfg = Release|Any CPU
		{C0B7AE10-F8E3-4177-B937-F1787A7F0DF3}.Release|Any CPU.Build.0 = Release|Any CPU
		{C0B7AE10-F8E3-4177-B937-F1787A7F0DF3}.Release|x64.ActiveCfg = Release|Any CPU
		{C0B7AE10-F8E3-4177-B937-F1787A7F0DF3}.Release|x64.Build.0 = Release|Any CPU
		{C0B7AE10-F8E3-4177-B937-F1787A7F0DF3}.Release|x86.ActiveCfg = Release|Any CPU
		{C0B7AE10-F8E3-4177-B937-F1787A7F0DF3}.Release|x86.Build.0 = Release|Any CPU
		{C0B7AE10-F8E3-4177-B937-F1787A7F0DF3}.ReleaseNuget|Any CPU.ActiveCfg = ReleaseNuget|Any CPU
		{C0B7AE10-F8E3-4177-B937-F1787A7F0DF3}.ReleaseNuget|Any CPU.Build.0 = ReleaseNuget|Any CPU
		{C0B7AE10-F8E3-4177-B937-F1787A7F0DF3}.ReleaseNuget|x64.ActiveCfg = Release|Any CPU
		{C0B7AE10-F8E3-4177-B937-F1787A7F0DF3}.ReleaseNuget|x64.Build.0 = Release|Any CPU
		{C0B7AE10-F8E3-4177-B937-F1787A7F0DF3}.ReleaseNuget|x86.ActiveCfg = Release|Any CPU
		{C0B7AE10-F8E3-4177-B937-F1787A7F0DF3}.ReleaseNuget|x86.Build.0 = Release|Any CPU
		{4F97CB6B-C9DD-4EFA-A7D1-328592C05A04}.Debug|Any CPU.ActiveCfg = Debug|Any CPU
		{4F97CB6B-C9DD-4EFA-A7D1-328592C05A04}.Debug|Any CPU.Build.0 = Debug|Any CPU
		{4F97CB6B-C9DD-4EFA-A7D1-328592C05A04}.Debug|x64.ActiveCfg = Debug|Any CPU
		{4F97CB6B-C9DD-4EFA-A7D1-328592C05A04}.Debug|x64.Build.0 = Debug|Any CPU
		{4F97CB6B-C9DD-4EFA-A7D1-328592C05A04}.Debug|x86.ActiveCfg = Debug|Any CPU
		{4F97CB6B-C9DD-4EFA-A7D1-328592C05A04}.Debug|x86.Build.0 = Debug|Any CPU
		{4F97CB6B-C9DD-4EFA-A7D1-328592C05A04}.Release|Any CPU.ActiveCfg = Release|Any CPU
		{4F97CB6B-C9DD-4EFA-A7D1-328592C05A04}.Release|Any CPU.Build.0 = Release|Any CPU
		{4F97CB6B-C9DD-4EFA-A7D1-328592C05A04}.Release|x64.ActiveCfg = Release|Any CPU
		{4F97CB6B-C9DD-4EFA-A7D1-328592C05A04}.Release|x64.Build.0 = Release|Any CPU
		{4F97CB6B-C9DD-4EFA-A7D1-328592C05A04}.Release|x86.ActiveCfg = Release|Any CPU
		{4F97CB6B-C9DD-4EFA-A7D1-328592C05A04}.Release|x86.Build.0 = Release|Any CPU
		{4F97CB6B-C9DD-4EFA-A7D1-328592C05A04}.ReleaseNuget|Any CPU.ActiveCfg = ReleaseNuget|Any CPU
		{4F97CB6B-C9DD-4EFA-A7D1-328592C05A04}.ReleaseNuget|Any CPU.Build.0 = ReleaseNuget|Any CPU
		{4F97CB6B-C9DD-4EFA-A7D1-328592C05A04}.ReleaseNuget|x64.ActiveCfg = Release|Any CPU
		{4F97CB6B-C9DD-4EFA-A7D1-328592C05A04}.ReleaseNuget|x64.Build.0 = Release|Any CPU
		{4F97CB6B-C9DD-4EFA-A7D1-328592C05A04}.ReleaseNuget|x86.ActiveCfg = Release|Any CPU
		{4F97CB6B-C9DD-4EFA-A7D1-328592C05A04}.ReleaseNuget|x86.Build.0 = Release|Any CPU
	EndGlobalSection
	GlobalSection(SolutionProperties) = preSolution
		HideSolutionNode = FALSE
	EndGlobalSection
	GlobalSection(NestedProjects) = preSolution
		{B59A92F9-ABDC-4200-A80D-58A5AB936591} = {E026EE7B-0B86-4A1C-95DE-779A9484AAA7}
		{0992B1B6-BE12-4B9F-9B15-4D1B03ECD306} = {1D50ED78-FBF6-490B-95ED-3A9CA0858936}
		{CC3622BA-6F50-4F82-ADCF-31143468A9CA} = {2ECAD1EB-5B0E-4A87-ACAB-197AFBDA5BCD}
		{1D50ED78-FBF6-490B-95ED-3A9CA0858936} = {411D9516-6ACC-4FFB-9CFE-0B6E71333622}
		{4FCA633F-6624-41F7-9152-962E6E45B7BF} = {2ECAD1EB-5B0E-4A87-ACAB-197AFBDA5BCD}
		{6DFC2083-92EF-4D48-AC33-77542EEC33F8} = {4FCA633F-6624-41F7-9152-962E6E45B7BF}
		{C36AE08A-5202-43C9-8D1B-95ABF1FCD145} = {CC3622BA-6F50-4F82-ADCF-31143468A9CA}
		{879503B6-F95F-472A-BA33-FBC8D5B49431} = {CC3622BA-6F50-4F82-ADCF-31143468A9CA}
		{B3A99961-88EB-4256-984A-01C346541183} = {E026EE7B-0B86-4A1C-95DE-779A9484AAA7}
		{492F80C1-E1F2-4CC9-8DBE-83BA63E7DE4C} = {E026EE7B-0B86-4A1C-95DE-779A9484AAA7}
		{ECA07D24-2FD5-42E8-A5F7-3FDF54B10DD4} = {1D50ED78-FBF6-490B-95ED-3A9CA0858936}
		{0485478E-B02B-407A-9BB6-81BEE44949D2} = {4FCA633F-6624-41F7-9152-962E6E45B7BF}
		{041AF239-40F7-4D36-8CAA-1B5DE002FE4C} = {E026EE7B-0B86-4A1C-95DE-779A9484AAA7}
		{F1CDC7E0-7E87-49EB-92A8-3BDB08950ACC} = {5CA54AED-2C29-4E45-89F7-F179126C1A9C}
		{10BF4136-A9A7-488F-AD64-F0D6CE2A81D5} = {5CA54AED-2C29-4E45-89F7-F179126C1A9C}
		{1BC98D6E-4BB8-4629-9D6F-9A0345F38321} = {5CA54AED-2C29-4E45-89F7-F179126C1A9C}
		{15ADC765-9190-4A94-BAED-58DD972FD3B7} = {F1CDC7E0-7E87-49EB-92A8-3BDB08950ACC}
		{390A9F3C-CA35-4D16-AB53-E8BF757777FD} = {F1CDC7E0-7E87-49EB-92A8-3BDB08950ACC}
		{0BE21F09-AB02-4744-B201-04E38D6008A2} = {F1CDC7E0-7E87-49EB-92A8-3BDB08950ACC}
		{8FA32F4A-F1C3-4868-AB24-7057F49283FF} = {F1CDC7E0-7E87-49EB-92A8-3BDB08950ACC}
		{CAA30529-18D1-4B3E-BB31-26346F6B7E6C} = {C36AE08A-5202-43C9-8D1B-95ABF1FCD145}
		{09FC23A5-72A7-4624-AB38-0C755C915DAC} = {C36AE08A-5202-43C9-8D1B-95ABF1FCD145}
		{C0B7AE10-F8E3-4177-B937-F1787A7F0DF3} = {E026EE7B-0B86-4A1C-95DE-779A9484AAA7}
		{4F97CB6B-C9DD-4EFA-A7D1-328592C05A04} = {4FCA633F-6624-41F7-9152-962E6E45B7BF}
	EndGlobalSection
	GlobalSection(ExtensibilityGlobals) = postSolution
		EnterpriseLibraryConfigurationToolBinariesPathV6 = packages\EnterpriseLibrary.Common.6.0.1304.0\lib\NET45;packages\EnterpriseLibrary.Data.6.0.1304.0\lib\NET45
		SolutionGuid = {BF840011-B60A-44FF-9D38-4CB15C4C9C8A}
	EndGlobalSection
EndGlobal
