
Microsoft Visual Studio Solution File, Format Version 12.00
# Visual Studio Version 17
VisualStudioVersion = 17.2.32630.192
MinimumVisualStudioVersion = 10.0.40219.1
Project("{FAE04EC0-301F-11D3-BF4B-00C04F79EFBC}") = "malone.Core.Sample.EF.SqlServer.Api", "malone.Core.Sample.EF.SqlServer.Api\malone.Core.Sample.EF.SqlServer.Api.csproj", "{D5DF6461-F8FB-4B8B-96D5-2B8F968D20D5}"
EndProject
Project("{FAE04EC0-301F-11D3-BF4B-00C04F79EFBC}") = "malone.Core.Sample.EF.SqlServer.DI", "malone.Core.Sample.EF.SqlServer.DI\malone.Core.Sample.EF.SqlServer.DI.csproj", "{4BABEC4C-780B-4393-AF09-656EBEA4A62E}"
EndProject
Project("{FAE04EC0-301F-11D3-BF4B-00C04F79EFBC}") = "malone.Core.Sample.EF.SqlServer.Middle", "malone.Core.Sample.EF.SqlServer.Middle\malone.Core.Sample.EF.SqlServer.Middle.csproj", "{13E35096-AC30-4D5E-8834-8B8D0CD53774}"
EndProject
Project("{FAE04EC0-301F-11D3-BF4B-00C04F79EFBC}") = "malone.Core.Sample.EF.SqlServer.mvc", "malone.Core.Sample.EF.SqlServer.mvc\malone.Core.Sample.EF.SqlServer.mvc.csproj", "{805080BC-7E25-4095-ADEF-968BB850752D}"
EndProject
Global
	GlobalSection(SolutionConfigurationPlatforms) = preSolution
		Debug|Any CPU = Debug|Any CPU
		Debug|x64 = Debug|x64
		Debug|x86 = Debug|x86
		DebugNuget|Any CPU = DebugNuget|Any CPU
		DebugNuget|x64 = DebugNuget|x64
		DebugNuget|x86 = DebugNuget|x86
		Release|Any CPU = Release|Any CPU
		Release|x64 = Release|x64
		Release|x86 = Release|x86
	EndGlobalSection
	GlobalSection(ProjectConfigurationPlatforms) = postSolution
		{D5DF6461-F8FB-4B8B-96D5-2B8F968D20D5}.Debug|Any CPU.ActiveCfg = Debug|Any CPU
		{D5DF6461-F8FB-4B8B-96D5-2B8F968D20D5}.Debug|Any CPU.Build.0 = Debug|Any CPU
		{D5DF6461-F8FB-4B8B-96D5-2B8F968D20D5}.Debug|x64.ActiveCfg = Debug|Any CPU
		{D5DF6461-F8FB-4B8B-96D5-2B8F968D20D5}.Debug|x64.Build.0 = Debug|Any CPU
		{D5DF6461-F8FB-4B8B-96D5-2B8F968D20D5}.Debug|x86.ActiveCfg = Debug|Any CPU
		{D5DF6461-F8FB-4B8B-96D5-2B8F968D20D5}.Debug|x86.Build.0 = Debug|Any CPU
		{D5DF6461-F8FB-4B8B-96D5-2B8F968D20D5}.DebugNuget|Any CPU.ActiveCfg = DebugNuget|Any CPU
		{D5DF6461-F8FB-4B8B-96D5-2B8F968D20D5}.DebugNuget|Any CPU.Build.0 = DebugNuget|Any CPU
		{D5DF6461-F8FB-4B8B-96D5-2B8F968D20D5}.DebugNuget|x64.ActiveCfg = DebugNuget|Any CPU
		{D5DF6461-F8FB-4B8B-96D5-2B8F968D20D5}.DebugNuget|x64.Build.0 = DebugNuget|Any CPU
		{D5DF6461-F8FB-4B8B-96D5-2B8F968D20D5}.DebugNuget|x86.ActiveCfg = DebugNuget|Any CPU
		{D5DF6461-F8FB-4B8B-96D5-2B8F968D20D5}.DebugNuget|x86.Build.0 = DebugNuget|Any CPU
		{D5DF6461-F8FB-4B8B-96D5-2B8F968D20D5}.Release|Any CPU.ActiveCfg = Release|Any CPU
		{D5DF6461-F8FB-4B8B-96D5-2B8F968D20D5}.Release|Any CPU.Build.0 = Release|Any CPU
		{D5DF6461-F8FB-4B8B-96D5-2B8F968D20D5}.Release|x64.ActiveCfg = Release|Any CPU
		{D5DF6461-F8FB-4B8B-96D5-2B8F968D20D5}.Release|x64.Build.0 = Release|Any CPU
		{D5DF6461-F8FB-4B8B-96D5-2B8F968D20D5}.Release|x86.ActiveCfg = Release|Any CPU
		{D5DF6461-F8FB-4B8B-96D5-2B8F968D20D5}.Release|x86.Build.0 = Release|Any CPU
		{4BABEC4C-780B-4393-AF09-656EBEA4A62E}.Debug|Any CPU.ActiveCfg = Debug|Any CPU
		{4BABEC4C-780B-4393-AF09-656EBEA4A62E}.Debug|Any CPU.Build.0 = Debug|Any CPU
		{4BABEC4C-780B-4393-AF09-656EBEA4A62E}.Debug|x64.ActiveCfg = Debug|x64
		{4BABEC4C-780B-4393-AF09-656EBEA4A62E}.Debug|x64.Build.0 = Debug|x64
		{4BABEC4C-780B-4393-AF09-656EBEA4A62E}.Debug|x86.ActiveCfg = Debug|x86
		{4BABEC4C-780B-4393-AF09-656EBEA4A62E}.Debug|x86.Build.0 = Debug|x86
		{4BABEC4C-780B-4393-AF09-656EBEA4A62E}.DebugNuget|Any CPU.ActiveCfg = Debug|Any CPU
		{4BABEC4C-780B-4393-AF09-656EBEA4A62E}.DebugNuget|Any CPU.Build.0 = Debug|Any CPU
		{4BABEC4C-780B-4393-AF09-656EBEA4A62E}.DebugNuget|x64.ActiveCfg = Debug|x64
		{4BABEC4C-780B-4393-AF09-656EBEA4A62E}.DebugNuget|x64.Build.0 = Debug|x64
		{4BABEC4C-780B-4393-AF09-656EBEA4A62E}.DebugNuget|x86.ActiveCfg = Debug|x86
		{4BABEC4C-780B-4393-AF09-656EBEA4A62E}.DebugNuget|x86.Build.0 = Debug|x86
		{4BABEC4C-780B-4393-AF09-656EBEA4A62E}.Release|Any CPU.ActiveCfg = Release|Any CPU
		{4BABEC4C-780B-4393-AF09-656EBEA4A62E}.Release|Any CPU.Build.0 = Release|Any CPU
		{4BABEC4C-780B-4393-AF09-656EBEA4A62E}.Release|x64.ActiveCfg = Release|x64
		{4BABEC4C-780B-4393-AF09-656EBEA4A62E}.Release|x64.Build.0 = Release|x64
		{4BABEC4C-780B-4393-AF09-656EBEA4A62E}.Release|x86.ActiveCfg = Release|x86
		{4BABEC4C-780B-4393-AF09-656EBEA4A62E}.Release|x86.Build.0 = Release|x86
		{13E35096-AC30-4D5E-8834-8B8D0CD53774}.Debug|Any CPU.ActiveCfg = Debug|Any CPU
		{13E35096-AC30-4D5E-8834-8B8D0CD53774}.Debug|Any CPU.Build.0 = Debug|Any CPU
		{13E35096-AC30-4D5E-8834-8B8D0CD53774}.Debug|x64.ActiveCfg = Debug|x64
		{13E35096-AC30-4D5E-8834-8B8D0CD53774}.Debug|x64.Build.0 = Debug|x64
		{13E35096-AC30-4D5E-8834-8B8D0CD53774}.Debug|x86.ActiveCfg = Debug|x86
		{13E35096-AC30-4D5E-8834-8B8D0CD53774}.Debug|x86.Build.0 = Debug|x86
		{13E35096-AC30-4D5E-8834-8B8D0CD53774}.DebugNuget|Any CPU.ActiveCfg = DebugNuget|Any CPU
		{13E35096-AC30-4D5E-8834-8B8D0CD53774}.DebugNuget|Any CPU.Build.0 = DebugNuget|Any CPU
		{13E35096-AC30-4D5E-8834-8B8D0CD53774}.DebugNuget|x64.ActiveCfg = DebugNuget|x64
		{13E35096-AC30-4D5E-8834-8B8D0CD53774}.DebugNuget|x64.Build.0 = DebugNuget|x64
		{13E35096-AC30-4D5E-8834-8B8D0CD53774}.DebugNuget|x86.ActiveCfg = DebugNuget|x86
		{13E35096-AC30-4D5E-8834-8B8D0CD53774}.DebugNuget|x86.Build.0 = DebugNuget|x86
		{13E35096-AC30-4D5E-8834-8B8D0CD53774}.Release|Any CPU.ActiveCfg = Release|Any CPU
		{13E35096-AC30-4D5E-8834-8B8D0CD53774}.Release|Any CPU.Build.0 = Release|Any CPU
		{13E35096-AC30-4D5E-8834-8B8D0CD53774}.Release|x64.ActiveCfg = Release|x64
		{13E35096-AC30-4D5E-8834-8B8D0CD53774}.Release|x64.Build.0 = Release|x64
		{13E35096-AC30-4D5E-8834-8B8D0CD53774}.Release|x86.ActiveCfg = Release|x86
		{13E35096-AC30-4D5E-8834-8B8D0CD53774}.Release|x86.Build.0 = Release|x86
		{805080BC-7E25-4095-ADEF-968BB850752D}.Debug|Any CPU.ActiveCfg = Debug|Any CPU
		{805080BC-7E25-4095-ADEF-968BB850752D}.Debug|Any CPU.Build.0 = Debug|Any CPU
		{805080BC-7E25-4095-ADEF-968BB850752D}.Debug|x64.ActiveCfg = Debug|Any CPU
		{805080BC-7E25-4095-ADEF-968BB850752D}.Debug|x64.Build.0 = Debug|Any CPU
		{805080BC-7E25-4095-ADEF-968BB850752D}.Debug|x86.ActiveCfg = Debug|Any CPU
		{805080BC-7E25-4095-ADEF-968BB850752D}.Debug|x86.Build.0 = Debug|Any CPU
		{805080BC-7E25-4095-ADEF-968BB850752D}.DebugNuget|Any CPU.ActiveCfg = DebugNuget|Any CPU
		{805080BC-7E25-4095-ADEF-968BB850752D}.DebugNuget|Any CPU.Build.0 = DebugNuget|Any CPU
		{805080BC-7E25-4095-ADEF-968BB850752D}.DebugNuget|x64.ActiveCfg = DebugNuget|Any CPU
		{805080BC-7E25-4095-ADEF-968BB850752D}.DebugNuget|x64.Build.0 = DebugNuget|Any CPU
		{805080BC-7E25-4095-ADEF-968BB850752D}.DebugNuget|x86.ActiveCfg = DebugNuget|Any CPU
		{805080BC-7E25-4095-ADEF-968BB850752D}.DebugNuget|x86.Build.0 = DebugNuget|Any CPU
		{805080BC-7E25-4095-ADEF-968BB850752D}.Release|Any CPU.ActiveCfg = Release|Any CPU
		{805080BC-7E25-4095-ADEF-968BB850752D}.Release|Any CPU.Build.0 = Release|Any CPU
		{805080BC-7E25-4095-ADEF-968BB850752D}.Release|x64.ActiveCfg = Release|Any CPU
		{805080BC-7E25-4095-ADEF-968BB850752D}.Release|x64.Build.0 = Release|Any CPU
		{805080BC-7E25-4095-ADEF-968BB850752D}.Release|x86.ActiveCfg = Release|Any CPU
		{805080BC-7E25-4095-ADEF-968BB850752D}.Release|x86.Build.0 = Release|Any CPU
	EndGlobalSection
	GlobalSection(SolutionProperties) = preSolution
		HideSolutionNode = FALSE
	EndGlobalSection
	GlobalSection(ExtensibilityGlobals) = postSolution
		SolutionGuid = {662F8EAB-9326-4A2D-BBFF-FFB8908DA9CA}
	EndGlobalSection
EndGlobal
